{
  "version": "4",
  "specifiers": {
    "jsr:@std/fs@^1.0.9": "1.0.9",
    "jsr:@std/html@1.0.3": "1.0.3",
    "jsr:@std/http@1.0.12": "1.0.12",
    "jsr:@std/path@^1.0.8": "1.0.8",
    "npm:@openauthjs/openauth@~0.3.5": "0.3.5_arctic@2.3.3_hono@4.6.16",
    "npm:octokit@4.1.0": "4.1.0_@octokit+core@6.1.3",
    "npm:resend@4.0.1": "4.0.1",
    "npm:valibot@1.0.0-beta.11": "1.0.0-beta.11"
  },
  "jsr": {
    "@std/fs@1.0.9": {
      "integrity": "3eef7e3ed3d317b29432c7dcb3b20122820dbc574263f721cb0248ad91bad890",
      "dependencies": [
        "jsr:@std/path"
      ]
    },
    "@std/html@1.0.3": {
      "integrity": "7a0ac35e050431fb49d44e61c8b8aac1ebd55937e0dc9ec6409aa4bab39a7988"
    },
    "@std/http@1.0.12": {
      "integrity": "85246d8bfe9c8e2538518725b158bdc31f616e0869255f4a8d9e3de919cab2aa"
    },
    "@std/path@1.0.8": {
      "integrity": "548fa456bb6a04d3c1a1e7477986b6cffbce95102d0bb447c67c4ee70e0364be"
    }
  },
  "npm": {
    "@isaacs/cliui@8.0.2": {
      "integrity": "sha512-O8jcjabXaleOG9DQ0+ARXWZBTfnP4WNAqzuiJK7ll44AmxGKv/J2M4TPjxjY3znBCfvBXFzucm1twdyFybFqEA==",
      "dependencies": [
        "string-width@5.1.2",
        "string-width-cjs@npm:string-width@4.2.3",
        "strip-ansi@7.1.0",
        "strip-ansi-cjs@npm:strip-ansi@6.0.1",
        "wrap-ansi@8.1.0",
        "wrap-ansi-cjs@npm:wrap-ansi@7.0.0"
      ]
    },
    "@octokit/app@15.1.2_@octokit+core@6.1.3": {
      "integrity": "sha512-6aKmKvqnJKoVK+kx0mLlBMKmQYoziPw4Rd/PWr0j65QVQlrDXlu6hGU8fmTXt7tNkf/DsubdIaTT4fkoWzCh5g==",
      "dependencies": [
        "@octokit/auth-app",
        "@octokit/auth-unauthenticated",
        "@octokit/core",
        "@octokit/oauth-app",
        "@octokit/plugin-paginate-rest",
        "@octokit/types",
        "@octokit/webhooks"
      ]
    },
    "@octokit/auth-app@7.1.4": {
      "integrity": "sha512-5F+3l/maq9JfWQ4bV28jT2G/K8eu9OJ317yzXPTGe4Kw+lKDhFaS4dQ3Ltmb6xImKxfCQdqDqMXODhc9YLipLw==",
      "dependencies": [
        "@octokit/auth-oauth-app",
        "@octokit/auth-oauth-user",
        "@octokit/request",
        "@octokit/request-error",
        "@octokit/types",
        "toad-cache",
        "universal-github-app-jwt",
        "universal-user-agent"
      ]
    },
    "@octokit/auth-oauth-app@8.1.2": {
      "integrity": "sha512-3woNZgq5/S6RS+9ZTq+JdymxVr7E0s4EYxF20ugQvgX3pomdPUL5r/XdTY9wALoBM2eHVy4ettr5fKpatyTyHw==",
      "dependencies": [
        "@octokit/auth-oauth-device",
        "@octokit/auth-oauth-user",
        "@octokit/request",
        "@octokit/types",
        "universal-user-agent"
      ]
    },
    "@octokit/auth-oauth-device@7.1.2": {
      "integrity": "sha512-gTOIzDeV36OhVfxCl69FmvJix7tJIiU6dlxuzLVAzle7fYfO8UDyddr9B+o4CFQVaMBLMGZ9ak2CWMYcGeZnPw==",
      "dependencies": [
        "@octokit/oauth-methods",
        "@octokit/request",
        "@octokit/types",
        "universal-user-agent"
      ]
    },
    "@octokit/auth-oauth-user@5.1.2": {
      "integrity": "sha512-PgVDDPJgZYb3qSEXK4moksA23tfn68zwSAsQKZ1uH6IV9IaNEYx35OXXI80STQaLYnmEE86AgU0tC1YkM4WjsA==",
      "dependencies": [
        "@octokit/auth-oauth-device",
        "@octokit/oauth-methods",
        "@octokit/request",
        "@octokit/types",
        "universal-user-agent"
      ]
    },
    "@octokit/auth-token@5.1.1": {
      "integrity": "sha512-rh3G3wDO8J9wSjfI436JUKzHIxq8NaiL0tVeB2aXmG6p/9859aUOAjA9pmSPNGGZxfwmaJ9ozOJImuNVJdpvbA=="
    },
    "@octokit/auth-unauthenticated@6.1.1": {
      "integrity": "sha512-bGXqdN6RhSFHvpPq46SL8sN+F3odQ6oMNLWc875IgoqcC3qus+fOL2th6Tkl94wvdSTy8/OeHzWy/lZebmnhog==",
      "dependencies": [
        "@octokit/request-error",
        "@octokit/types"
      ]
    },
    "@octokit/core@6.1.3": {
      "integrity": "sha512-z+j7DixNnfpdToYsOutStDgeRzJSMnbj8T1C/oQjB6Aa+kRfNjs/Fn7W6c8bmlt6mfy3FkgeKBRnDjxQow5dow==",
      "dependencies": [
        "@octokit/auth-token",
        "@octokit/graphql",
        "@octokit/request",
        "@octokit/request-error",
        "@octokit/types",
        "before-after-hook",
        "universal-user-agent"
      ]
    },
    "@octokit/endpoint@10.1.2": {
      "integrity": "sha512-XybpFv9Ms4hX5OCHMZqyODYqGTZ3H6K6Vva+M9LR7ib/xr1y1ZnlChYv9H680y77Vd/i/k+thXApeRASBQkzhA==",
      "dependencies": [
        "@octokit/types",
        "universal-user-agent"
      ]
    },
    "@octokit/graphql@8.1.2": {
      "integrity": "sha512-bdlj/CJVjpaz06NBpfHhp4kGJaRZfz7AzC+6EwUImRtrwIw8dIgJ63Xg0OzV9pRn3rIzrt5c2sa++BL0JJ8GLw==",
      "dependencies": [
        "@octokit/request",
        "@octokit/types",
        "universal-user-agent"
      ]
    },
    "@octokit/oauth-app@7.1.5": {
      "integrity": "sha512-/Y2MiwWDlGUK4blKKfjJiwjzu/FzwKTTTfTZAAQ0QbdBIDEGJPWhOFH6muSN86zaa4tNheB4YS3oWIR2e4ydzA==",
      "dependencies": [
        "@octokit/auth-oauth-app",
        "@octokit/auth-oauth-user",
        "@octokit/auth-unauthenticated",
        "@octokit/core",
        "@octokit/oauth-authorization-url",
        "@octokit/oauth-methods",
        "@types/aws-lambda",
        "universal-user-agent"
      ]
    },
    "@octokit/oauth-authorization-url@7.1.1": {
      "integrity": "sha512-ooXV8GBSabSWyhLUowlMIVd9l1s2nsOGQdlP2SQ4LnkEsGXzeCvbSbCPdZThXhEFzleGPwbapT0Sb+YhXRyjCA=="
    },
    "@octokit/oauth-methods@5.1.3": {
      "integrity": "sha512-M+bDBi5H8FnH0xhCTg0m9hvcnppdDnxUqbZyOkxlLblKpLAR+eT2nbDPvJDp0eLrvJWA1I8OX0KHf/sBMQARRA==",
      "dependencies": [
        "@octokit/oauth-authorization-url",
        "@octokit/request",
        "@octokit/request-error",
        "@octokit/types"
      ]
    },
    "@octokit/openapi-types@23.0.1": {
      "integrity": "sha512-izFjMJ1sir0jn0ldEKhZ7xegCTj/ObmEDlEfpFrx4k/JyZSMRHbO3/rBwgE7f3m2DHt+RrNGIVw4wSmwnm3t/g=="
    },
    "@octokit/openapi-webhooks-types@8.5.1": {
      "integrity": "sha512-i3h1b5zpGSB39ffBbYdSGuAd0NhBAwPyA3QV3LYi/lx4lsbZiu7u2UHgXVUR6EpvOI8REOuVh1DZTRfHoJDvuQ=="
    },
    "@octokit/plugin-paginate-graphql@5.2.4_@octokit+core@6.1.3": {
      "integrity": "sha512-pLZES1jWaOynXKHOqdnwZ5ULeVR6tVVCMm+AUbp0htdcyXDU95WbkYdU4R2ej1wKj5Tu94Mee2Ne0PjPO9cCyA==",
      "dependencies": [
        "@octokit/core"
      ]
    },
    "@octokit/plugin-paginate-rest@11.4.0_@octokit+core@6.1.3": {
      "integrity": "sha512-ttpGck5AYWkwMkMazNCZMqxKqIq1fJBNxBfsFwwfyYKTf914jKkLF0POMS3YkPBwp5g1c2Y4L79gDz01GhSr1g==",
      "dependencies": [
        "@octokit/core",
        "@octokit/types"
      ]
    },
    "@octokit/plugin-rest-endpoint-methods@13.3.0_@octokit+core@6.1.3": {
      "integrity": "sha512-LUm44shlmkp/6VC+qQgHl3W5vzUP99ZM54zH6BuqkJK4DqfFLhegANd+fM4YRLapTvPm4049iG7F3haANKMYvQ==",
      "dependencies": [
        "@octokit/core",
        "@octokit/types"
      ]
    },
    "@octokit/plugin-retry@7.1.3_@octokit+core@6.1.3": {
      "integrity": "sha512-8nKOXvYWnzv89gSyIvgFHmCBAxfQAOPRlkacUHL9r5oWtp5Whxl8Skb2n3ACZd+X6cYijD6uvmrQuPH/UCL5zQ==",
      "dependencies": [
        "@octokit/core",
        "@octokit/request-error",
        "@octokit/types",
        "bottleneck"
      ]
    },
    "@octokit/plugin-throttling@9.4.0_@octokit+core@6.1.3": {
      "integrity": "sha512-IOlXxXhZA4Z3m0EEYtrrACkuHiArHLZ3CvqWwOez/pURNqRuwfoFlTPbN5Muf28pzFuztxPyiUiNwz8KctdZaQ==",
      "dependencies": [
        "@octokit/core",
        "@octokit/types",
        "bottleneck"
      ]
    },
    "@octokit/request-error@6.1.6": {
      "integrity": "sha512-pqnVKYo/at0NuOjinrgcQYpEbv4snvP3bKMRqHaD9kIsk9u1LCpb2smHZi8/qJfgeNqLo5hNW4Z7FezNdEo0xg==",
      "dependencies": [
        "@octokit/types"
      ]
    },
    "@octokit/request@9.1.4": {
      "integrity": "sha512-tMbOwGm6wDII6vygP3wUVqFTw3Aoo0FnVQyhihh8vVq12uO3P+vQZeo2CKMpWtPSogpACD0yyZAlVlQnjW71DA==",
      "dependencies": [
        "@octokit/endpoint",
        "@octokit/request-error",
        "@octokit/types",
        "fast-content-type-parse",
        "universal-user-agent"
      ]
    },
    "@octokit/types@13.7.0": {
      "integrity": "sha512-BXfRP+3P3IN6fd4uF3SniaHKOO4UXWBfkdR3vA8mIvaoO/wLjGN5qivUtW0QRitBHHMcfC41SLhNVYIZZE+wkA==",
      "dependencies": [
        "@octokit/openapi-types"
      ]
    },
    "@octokit/webhooks-methods@5.1.0": {
      "integrity": "sha512-yFZa3UH11VIxYnnoOYCVoJ3q4ChuSOk2IVBBQ0O3xtKX4x9bmKb/1t+Mxixv2iUhzMdOl1qeWJqEhouXXzB3rQ=="
    },
    "@octokit/webhooks@13.4.2": {
      "integrity": "sha512-fakbgkCScapQXPxyqx2jZs/Y3jGlyezwUp7ATL7oLAGJ0+SqBKWKstoKZpiQ+REeHutKpYjY9UtxdLSurwl2Tg==",
      "dependencies": [
        "@octokit/openapi-webhooks-types",
        "@octokit/request-error",
        "@octokit/webhooks-methods"
      ]
    },
    "@one-ini/wasm@0.1.1": {
      "integrity": "sha512-XuySG1E38YScSJoMlqovLru4KTUNSjgVTIjyh7qMX6aNN5HY5Ct5LhRJdxO79JtTzKfzV/bnWpz+zquYrISsvw=="
    },
    "@openauthjs/openauth@0.3.5_arctic@2.3.3_hono@4.6.16": {
      "integrity": "sha512-j0ugAEb5bvyBur5PS3TY93UPm+xZ4yce4XDINQXtzGiKZ3OsahcIYNNOZ4aZqYQbN5oew5ArZt7ZNr7XbAboew==",
      "dependencies": [
        "@standard-schema/spec",
        "arctic",
        "aws4fetch",
        "hono",
        "jose"
      ]
    },
    "@oslojs/asn1@1.0.0": {
      "integrity": "sha512-zw/wn0sj0j0QKbIXfIlnEcTviaCzYOY3V5rAyjR6YtOByFtJiT574+8p9Wlach0lZH9fddD4yb9laEAIl4vXQA==",
      "dependencies": [
        "@oslojs/binary"
      ]
    },
    "@oslojs/binary@1.0.0": {
      "integrity": "sha512-9RCU6OwXU6p67H4NODbuxv2S3eenuQ4/WFLrsq+K/k682xrznH5EVWA7N4VFk9VYVcbFtKqur5YQQZc0ySGhsQ=="
    },
    "@oslojs/crypto@1.0.1": {
      "integrity": "sha512-7n08G8nWjAr/Yu3vu9zzrd0L9XnrJfpMioQcvCMxBIiF5orECHe5/3J0jmXRVvgfqMm/+4oxlQ+Sq39COYLcNQ==",
      "dependencies": [
        "@oslojs/asn1",
        "@oslojs/binary"
      ]
    },
    "@oslojs/encoding@0.4.1": {
      "integrity": "sha512-hkjo6MuIK/kQR5CrGNdAPZhS01ZCXuWDRJ187zh6qqF2+yMHZpD9fAYpX8q2bOO6Ryhl3XpCT6kUX76N8hhm4Q=="
    },
    "@oslojs/encoding@1.1.0": {
      "integrity": "sha512-70wQhgYmndg4GCPxPPxPGevRKqTIJ2Nh4OkiMWmDAVYsTQ+Ta7Sq+rPevXyXGdzr30/qZBnyOalCszoMxlyldQ=="
    },
    "@oslojs/jwt@0.2.0": {
      "integrity": "sha512-bLE7BtHrURedCn4Mco3ma9L4Y1GR2SMBuIvjWr7rmQ4/W/4Jy70TIAgZ+0nIlk0xHz1vNP8x8DCns45Sb2XRbg==",
      "dependencies": [
        "@oslojs/encoding@0.4.1"
      ]
    },
    "@pkgjs/parseargs@0.11.0": {
      "integrity": "sha512-+1VkjdD0QBLPodGrJUeqarH8VAIvQODIbwh9XpP5Syisf7YoQgsJKPNFoqqLQlu+VQ/tVSshMR6loPMn8U+dPg=="
    },
    "@react-email/render@1.0.1_react@19.0.0_react-dom@19.0.0__react@19.0.0": {
      "integrity": "sha512-W3gTrcmLOVYnG80QuUp22ReIT/xfLsVJ+n7ghSlG2BITB8evNABn1AO2rGQoXuK84zKtDAlxCdm3hRyIpZdGSA==",
      "dependencies": [
        "html-to-text",
        "js-beautify",
        "react",
        "react-dom",
        "react-promise-suspense"
      ]
    },
    "@selderee/plugin-htmlparser2@0.11.0": {
      "integrity": "sha512-P33hHGdldxGabLFjPPpaTxVolMrzrcegejx+0GxjrIb9Zv48D8yAIA/QTDR2dFl7Uz7urX8aX6+5bCZslr+gWQ==",
      "dependencies": [
        "domhandler",
        "selderee"
      ]
    },
    "@standard-schema/spec@1.0.0-beta.3": {
      "integrity": "sha512-0ifF3BjA1E8SY9C+nUew8RefNOIq0cDlYALPty4rhUm8Rrl6tCM8hBT4bhGhx7I7iXD0uAgt50lgo8dD73ACMw=="
    },
    "@types/aws-lambda@8.10.147": {
      "integrity": "sha512-nD0Z9fNIZcxYX5Mai2CTmFD7wX7UldCkW2ezCF8D1T5hdiLsnTWDGRpfRYntU6VjTdLQjOvyszru7I1c1oCQew=="
    },
    "abbrev@2.0.0": {
      "integrity": "sha512-6/mh1E2u2YgEsCHdY0Yx5oW+61gZU+1vXaoiHHrpKeuRNNgFvS+/jrwHiQhB5apAf5oB7UB7E19ol2R2LKH8hQ=="
    },
    "ansi-regex@5.0.1": {
      "integrity": "sha512-quJQXlTSUGL2LH9SUXo8VwsY4soanhgo6LNSm84E1LBcE8s3O0wpdiRzyR9z/ZZJMlMWv37qOOb9pdJlMUEKFQ=="
    },
    "ansi-regex@6.1.0": {
      "integrity": "sha512-7HSX4QQb4CspciLpVFwyRe79O3xsIZDDLER21kERQ71oaPodF8jL725AgJMFAYbooIqolJoRLuM81SpeUkpkvA=="
    },
    "ansi-styles@4.3.0": {
      "integrity": "sha512-zbB9rCJAT1rbjiVDb2hqKFHNYLxgtk8NURxZ3IZwD3F6NtxbXZQCnnSi1Lkx+IDohdPlFp222wVALIheZJQSEg==",
      "dependencies": [
        "color-convert"
      ]
    },
    "ansi-styles@6.2.1": {
      "integrity": "sha512-bN798gFfQX+viw3R7yrGWRqnrN2oRkEkUjjl4JNn4E8GxxbjtG3FbrEIIY3l8/hrwUwIeCZvi4QuOTP4MErVug=="
    },
    "arctic@2.3.3": {
      "integrity": "sha512-f42+wyM0LKNwUY0TV3fSH1Fnsr/klcZi42XfWFvlNP7Ag8aBX92FaKQIU5xBQzxvvy7jg02tF567LsIlmEujKg==",
      "dependencies": [
        "@oslojs/crypto",
        "@oslojs/encoding@1.1.0",
        "@oslojs/jwt"
      ]
    },
    "aws4fetch@1.0.20": {
      "integrity": "sha512-/djoAN709iY65ETD6LKCtyyEI04XIBP5xVvfmNxsEP0uJB5tyaGBztSryRr4HqMStr9R06PisQE7m9zDTXKu6g=="
    },
    "balanced-match@1.0.2": {
      "integrity": "sha512-3oSeUO0TMV67hN1AmbXsK4yaqU7tjiHlbxRDZOpH0KW9+CeX4bRAaX0Anxt0tx2MrpRpWwQaPwIlISEJhYU5Pw=="
    },
    "before-after-hook@3.0.2": {
      "integrity": "sha512-Nik3Sc0ncrMK4UUdXQmAnRtzmNQTAAXmXIopizwZ1W1t8QmfJj+zL4OA2I7XPTPW5z5TDqv4hRo/JzouDJnX3A=="
    },
    "bottleneck@2.19.5": {
      "integrity": "sha512-VHiNCbI1lKdl44tGrhNfU3lup0Tj/ZBMJB5/2ZbNXRCPuRCO7ed2mgcK4r17y+KB2EfuYuRaVlwNbAeaWGSpbw=="
    },
    "brace-expansion@2.0.1": {
      "integrity": "sha512-XnAIvQ8eM+kC6aULx6wuQiwVsnzsi9d3WxzV3FpWTGA19F621kwdbsAcFKXgKUHZWsy+mY6iL1sHTxWEFCytDA==",
      "dependencies": [
        "balanced-match"
      ]
    },
    "color-convert@2.0.1": {
      "integrity": "sha512-RRECPsj7iu/xb5oKYcsFHSppFNnsj/52OVTRKb4zP5onXwVF3zVmmToNcOfGC+CRDpfK/U584fMg38ZHCaElKQ==",
      "dependencies": [
        "color-name"
      ]
    },
    "color-name@1.1.4": {
      "integrity": "sha512-dOy+3AuW3a2wNbZHIuMZpTcgjGuLU/uBL/ubcZF9OXbDo8ff4O8yVp5Bf0efS8uEoYo5q4Fx7dY9OgQGXgAsQA=="
    },
    "commander@10.0.1": {
      "integrity": "sha512-y4Mg2tXshplEbSGzx7amzPwKKOCGuoSRP/CjEdwwk0FOGlUbq6lKuoyDZTNZkmxHdJtp54hdfY/JUrdL7Xfdug=="
    },
    "config-chain@1.1.13": {
      "integrity": "sha512-qj+f8APARXHrM0hraqXYb2/bOVSV4PvJQlNZ/DVj0QrmNM2q2euizkeuVckQ57J+W0mRH6Hvi+k50M4Jul2VRQ==",
      "dependencies": [
        "ini",
        "proto-list"
      ]
    },
    "cross-spawn@7.0.6": {
      "integrity": "sha512-uV2QOWP2nWzsy2aMp8aRibhi9dlzF5Hgh5SHaB9OiTGEyDTiJJyx0uy51QXdyWbtAHNua4XJzUKca3OzKUd3vA==",
      "dependencies": [
        "path-key",
        "shebang-command",
        "which"
      ]
    },
    "deepmerge@4.3.1": {
      "integrity": "sha512-3sUqbMEc77XqpdNO7FRyRog+eW3ph+GYCbj+rK+uYyRMuwsVy0rMiVtPn+QJlKFvWP/1PYpapqYn0Me2knFn+A=="
    },
    "dom-serializer@2.0.0": {
      "integrity": "sha512-wIkAryiqt/nV5EQKqQpo3SToSOV9J0DnbJqwK7Wv/Trc92zIAYZ4FlMu+JPFW1DfGFt81ZTCGgDEabffXeLyJg==",
      "dependencies": [
        "domelementtype",
        "domhandler",
        "entities"
      ]
    },
    "domelementtype@2.3.0": {
      "integrity": "sha512-OLETBj6w0OsagBwdXnPdN0cnMfF9opN69co+7ZrbfPGrdpPVNBUj02spi6B1N7wChLQiPn4CSH/zJvXw56gmHw=="
    },
    "domhandler@5.0.3": {
      "integrity": "sha512-cgwlv/1iFQiFnU96XXgROh8xTeetsnJiDsTc7TYCLFd9+/WNkIqPTxiM/8pSd8VIrhXGTf1Ny1q1hquVqDJB5w==",
      "dependencies": [
        "domelementtype"
      ]
    },
    "domutils@3.2.2": {
      "integrity": "sha512-6kZKyUajlDuqlHKVX1w7gyslj9MPIXzIFiz/rGu35uC1wMi+kMhQwGhl4lt9unC9Vb9INnY9Z3/ZA3+FhASLaw==",
      "dependencies": [
        "dom-serializer",
        "domelementtype",
        "domhandler"
      ]
    },
    "eastasianwidth@0.2.0": {
      "integrity": "sha512-I88TYZWc9XiYHRQ4/3c5rjjfgkjhLyW2luGIheGERbNQ6OY7yTybanSpDXZa8y7VUP9YmDcYa+eyq4ca7iLqWA=="
    },
    "editorconfig@1.0.4": {
      "integrity": "sha512-L9Qe08KWTlqYMVvMcTIvMAdl1cDUubzRNYL+WfA4bLDMHe4nemKkpmYzkznE1FwLKu0EEmy6obgQKzMJrg4x9Q==",
      "dependencies": [
        "@one-ini/wasm",
        "commander",
        "minimatch@9.0.1",
        "semver"
      ]
    },
    "emoji-regex@8.0.0": {
      "integrity": "sha512-MSjYzcWNOA0ewAHpz0MxpYFvwg6yjy1NG3xteoqz644VCo/RPgnr1/GGt+ic3iJTzQ8Eu3TdM14SawnVUmGE6A=="
    },
    "emoji-regex@9.2.2": {
      "integrity": "sha512-L18DaJsXSUk2+42pv8mLs5jJT2hqFkFE4j21wOmgbUqsZ2hL72NsUU785g9RXgo3s0ZNgVl42TiHp3ZtOv/Vyg=="
    },
    "entities@4.5.0": {
      "integrity": "sha512-V0hjH4dGPh9Ao5p0MoRY6BVqtwCjhz6vI5LT8AJ55H+4g9/4vbHx1I54fS0XuclLhDHArPQCiMjDxjaL8fPxhw=="
    },
    "fast-content-type-parse@2.0.1": {
      "integrity": "sha512-nGqtvLrj5w0naR6tDPfB4cUmYCqouzyQiz6C5y/LtcDllJdrcc6WaWW6iXyIIOErTa/XRybj28aasdn4LkVk6Q=="
    },
    "fast-deep-equal@2.0.1": {
      "integrity": "sha512-bCK/2Z4zLidyB4ReuIsvALH6w31YfAQDmXMqMx6FyfHqvBxtjC0eRumeSu4Bs3XtXwpyIywtSTrVT99BxY1f9w=="
    },
    "foreground-child@3.3.0": {
      "integrity": "sha512-Ld2g8rrAyMYFXBhEqMz8ZAHBi4J4uS1i/CxGMDnjyFWddMXLVcDp051DZfu+t7+ab7Wv6SMqpWmyFIj5UbfFvg==",
      "dependencies": [
        "cross-spawn",
        "signal-exit"
      ]
    },
    "glob@10.4.5": {
      "integrity": "sha512-7Bv8RF0k6xjo7d4A/PxYLbUCfb6c+Vpd2/mB2yRDlew7Jb5hEXiCD9ibfO7wpk8i4sevK6DFny9h7EYbM3/sHg==",
      "dependencies": [
        "foreground-child",
        "jackspeak",
        "minimatch@9.0.5",
        "minipass",
        "package-json-from-dist",
        "path-scurry"
      ]
    },
    "hono@4.6.16": {
      "integrity": "sha512-iE6xOPwDYlfnZFwk6BfIMMIH4WZm3pPhz6rc1uJM/OPew0pjG5K6p8WTLaMBY1/szF/T0TaEjprMpwn16BA0NQ=="
    },
    "html-to-text@9.0.5": {
      "integrity": "sha512-qY60FjREgVZL03vJU6IfMV4GDjGBIoOyvuFdpBDIX9yTlDw0TjxVBQp+P8NvpdIXNJvfWBTNul7fsAQJq2FNpg==",
      "dependencies": [
        "@selderee/plugin-htmlparser2",
        "deepmerge",
        "dom-serializer",
        "htmlparser2",
        "selderee"
      ]
    },
    "htmlparser2@8.0.2": {
      "integrity": "sha512-GYdjWKDkbRLkZ5geuHs5NY1puJ+PXwP7+fHPRz06Eirsb9ugf6d8kkXav6ADhcODhFFPMIXyxkxSuMf3D6NCFA==",
      "dependencies": [
        "domelementtype",
        "domhandler",
        "domutils",
        "entities"
      ]
    },
    "ini@1.3.8": {
      "integrity": "sha512-JV/yugV2uzW5iMRSiZAyDtQd+nxtUnjeLt0acNdw98kKLrvuRVyB80tsREOE7yvGVgalhZ6RNXCmEHkUKBKxew=="
    },
    "is-fullwidth-code-point@3.0.0": {
      "integrity": "sha512-zymm5+u+sCsSWyD9qNaejV3DFvhCKclKdizYaJUuHA83RLjb7nSuGnddCHGv0hk+KY7BMAlsWeK4Ueg6EV6XQg=="
    },
    "isexe@2.0.0": {
      "integrity": "sha512-RHxMLp9lnKHGHRng9QFhRCMbYAcVpn69smSGcq3f36xjgVVWThj4qqLbTLlq7Ssj8B+fIQ1EuCEGI2lKsyQeIw=="
    },
    "jackspeak@3.4.3": {
      "integrity": "sha512-OGlZQpz2yfahA/Rd1Y8Cd9SIEsqvXkLVoSw/cgwhnhFMDbsQFeZYoJJ7bIZBS9BcamUW96asq/npPWugM+RQBw==",
      "dependencies": [
        "@isaacs/cliui",
        "@pkgjs/parseargs"
      ]
    },
    "jose@5.9.6": {
      "integrity": "sha512-AMlnetc9+CV9asI19zHmrgS/WYsWUwCn2R7RzlbJWD7F9eWYUTGyBmU9o6PxngtLGOiDGPRu+Uc4fhKzbpteZQ=="
    },
    "js-beautify@1.15.1": {
      "integrity": "sha512-ESjNzSlt/sWE8sciZH8kBF8BPlwXPwhR6pWKAw8bw4Bwj+iZcnKW6ONWUutJ7eObuBZQpiIb8S7OYspWrKt7rA==",
      "dependencies": [
        "config-chain",
        "editorconfig",
        "glob",
        "js-cookie",
        "nopt"
      ]
    },
    "js-cookie@3.0.5": {
      "integrity": "sha512-cEiJEAEoIbWfCZYKWhVwFuvPX1gETRYPw6LlaTKoxD3s2AkXzkCjnp6h0V77ozyqj0jakteJ4YqDJT830+lVGw=="
    },
    "leac@0.6.0": {
      "integrity": "sha512-y+SqErxb8h7nE/fiEX07jsbuhrpO9lL8eca7/Y1nuWV2moNlXhyd59iDGcRf6moVyDMbmTNzL40SUyrFU/yDpg=="
    },
    "lru-cache@10.4.3": {
      "integrity": "sha512-JNAzZcXrCt42VGLuYz0zfAzDfAvJWW6AfYlDBQyDV5DClI2m5sAmK+OIO7s59XfsRsWHp02jAJrRadPRGTt6SQ=="
    },
    "minimatch@9.0.1": {
      "integrity": "sha512-0jWhJpD/MdhPXwPuiRkCbfYfSKp2qnn2eOc279qI7f+osl/l+prKSrvhg157zSYvx/1nmgn2NqdT6k2Z7zSH9w==",
      "dependencies": [
        "brace-expansion"
      ]
    },
    "minimatch@9.0.5": {
      "integrity": "sha512-G6T0ZX48xgozx7587koeX9Ys2NYy6Gmv//P89sEte9V9whIapMNF4idKxnW2QtCcLiTWlb/wfCabAtAFWhhBow==",
      "dependencies": [
        "brace-expansion"
      ]
    },
    "minipass@7.1.2": {
      "integrity": "sha512-qOOzS1cBTWYF4BH8fVePDBOO9iptMnGUEZwNc/cMWnTV2nVLZ7VoNWEPHkYczZA0pdoA7dl6e7FL659nX9S2aw=="
    },
    "nopt@7.2.1": {
      "integrity": "sha512-taM24ViiimT/XntxbPyJQzCG+p4EKOpgD3mxFwW38mGjVUrfERQOeY4EDHjdnptttfHuHQXFx+lTP08Q+mLa/w==",
      "dependencies": [
        "abbrev"
      ]
    },
    "octokit@4.1.0_@octokit+core@6.1.3": {
      "integrity": "sha512-/UrQAOSvkc+lUUWKNzy4ByAgYU9KpFzZQt8DnC962YmQuDiZb1SNJ90YukCCK5aMzKqqCA+z1kkAlmzYvdYKag==",
      "dependencies": [
        "@octokit/app",
        "@octokit/core",
        "@octokit/oauth-app",
        "@octokit/plugin-paginate-graphql",
        "@octokit/plugin-paginate-rest",
        "@octokit/plugin-rest-endpoint-methods",
        "@octokit/plugin-retry",
        "@octokit/plugin-throttling",
        "@octokit/request-error",
        "@octokit/types"
      ]
    },
    "package-json-from-dist@1.0.1": {
      "integrity": "sha512-UEZIS3/by4OC8vL3P2dTXRETpebLI2NiI5vIrjaD/5UtrkFX/tNbwjTSRAGC/+7CAo2pIcBaRgWmcBBHcsaCIw=="
    },
    "parseley@0.12.1": {
      "integrity": "sha512-e6qHKe3a9HWr0oMRVDTRhKce+bRO8VGQR3NyVwcjwrbhMmFCX9KszEV35+rn4AdilFAq9VPxP/Fe1wC9Qjd2lw==",
      "dependencies": [
        "leac",
        "peberminta"
      ]
    },
    "path-key@3.1.1": {
      "integrity": "sha512-ojmeN0qd+y0jszEtoY48r0Peq5dwMEkIlCOu6Q5f41lfkswXuKtYrhgoTpLnyIcHm24Uhqx+5Tqm2InSwLhE6Q=="
    },
    "path-scurry@1.11.1": {
      "integrity": "sha512-Xa4Nw17FS9ApQFJ9umLiJS4orGjm7ZzwUrwamcGQuHSzDyth9boKDaycYdDcZDuqYATXw4HFXgaqWTctW/v1HA==",
      "dependencies": [
        "lru-cache",
        "minipass"
      ]
    },
    "peberminta@0.9.0": {
      "integrity": "sha512-XIxfHpEuSJbITd1H3EeQwpcZbTLHc+VVr8ANI9t5sit565tsI4/xK3KWTUFE2e6QiangUkh3B0jihzmGnNrRsQ=="
    },
    "proto-list@1.2.4": {
      "integrity": "sha512-vtK/94akxsTMhe0/cbfpR+syPuszcuwhqVjJq26CuNDgFGj682oRBXOP5MJpv2r7JtE8MsiepGIqvvOTBwn2vA=="
    },
    "react-dom@19.0.0_react@19.0.0": {
      "integrity": "sha512-4GV5sHFG0e/0AD4X+ySy6UJd3jVl1iNsNHdpad0qhABJ11twS3TTBnseqsKurKcsNqCEFeGL3uLpVChpIO3QfQ==",
      "dependencies": [
        "react",
        "scheduler"
      ]
    },
    "react-promise-suspense@0.3.4": {
      "integrity": "sha512-I42jl7L3Ze6kZaq+7zXWSunBa3b1on5yfvUW6Eo/3fFOj6dZ5Bqmcd264nJbTK/gn1HjjILAjSwnZbV4RpSaNQ==",
      "dependencies": [
        "fast-deep-equal"
      ]
    },
    "react@19.0.0": {
      "integrity": "sha512-V8AVnmPIICiWpGfm6GLzCR/W5FXLchHop40W4nXBmdlEceh16rCN8O8LNWm5bh5XUX91fh7KpA+W0TgMKmgTpQ=="
    },
    "resend@4.0.1": {
      "integrity": "sha512-EkCRfzKw9JX7N75L+0BC8oXohDBLhlhl4w7AgrkEW2TAsOMBsVcbQHPe8cRWP6Ea7KDhD158TsNjbCBcohed5A==",
      "dependencies": [
        "@react-email/render"
      ]
    },
    "scheduler@0.25.0": {
      "integrity": "sha512-xFVuu11jh+xcO7JOAGJNOXld8/TcEHK/4CituBUeUb5hqxJLj9YuemAEuvm9gQ/+pgXYfbQuqAkiYu+u7YEsNA=="
    },
    "selderee@0.11.0": {
      "integrity": "sha512-5TF+l7p4+OsnP8BCCvSyZiSPc4x4//p5uPwK8TCnVPJYRmU2aYKMpOXvw8zM5a5JvuuCGN1jmsMwuU2W02ukfA==",
      "dependencies": [
        "parseley"
      ]
    },
    "semver@7.6.3": {
      "integrity": "sha512-oVekP1cKtI+CTDvHWYFUcMtsK/00wmAEfyqKfNdARm8u1wNVhSgaX7A8d4UuIlUI5e84iEwOhs7ZPYRmzU9U6A=="
    },
    "shebang-command@2.0.0": {
      "integrity": "sha512-kHxr2zZpYtdmrN1qDjrrX/Z1rR1kG8Dx+gkpK1G4eXmvXswmcE1hTWBWYUzlraYw1/yZp6YuDY77YtvbN0dmDA==",
      "dependencies": [
        "shebang-regex"
      ]
    },
    "shebang-regex@3.0.0": {
      "integrity": "sha512-7++dFhtcx3353uBaq8DDR4NuxBetBzC7ZQOhmTQInHEd6bSrXdiEyzCvG07Z44UYdLShWUyXt5M/yhz8ekcb1A=="
    },
    "signal-exit@4.1.0": {
      "integrity": "sha512-bzyZ1e88w9O1iNJbKnOlvYTrWPDl46O1bG0D3XInv+9tkPrxrN8jUUTiFlDkkmKWgn1M6CfIA13SuGqOa9Korw=="
    },
    "string-width@4.2.3": {
      "integrity": "sha512-wKyQRQpjJ0sIp62ErSZdGsjMJWsap5oRNihHhu6G7JVO/9jIB6UyevL+tXuOqrng8j/cxKTWyWUwvSTriiZz/g==",
      "dependencies": [
        "emoji-regex@8.0.0",
        "is-fullwidth-code-point",
        "strip-ansi@6.0.1"
      ]
    },
    "string-width@5.1.2": {
      "integrity": "sha512-HnLOCR3vjcY8beoNLtcjZ5/nxn2afmME6lhrDrebokqMap+XbeW8n9TXpPDOqdGK5qcI3oT0GKTW6wC7EMiVqA==",
      "dependencies": [
        "eastasianwidth",
        "emoji-regex@9.2.2",
        "strip-ansi@7.1.0"
      ]
    },
    "strip-ansi@6.0.1": {
      "integrity": "sha512-Y38VPSHcqkFrCpFnQ9vuSXmquuv5oXOKpGeT6aGrr3o3Gc9AlVa6JBfUSOCnbxGGZF+/0ooI7KrPuUSztUdU5A==",
      "dependencies": [
        "ansi-regex@5.0.1"
      ]
    },
    "strip-ansi@7.1.0": {
      "integrity": "sha512-iq6eVVI64nQQTRYq2KtEg2d2uU7LElhTJwsH4YzIHZshxlgZms/wIc4VoDQTlG/IvVIrBKG06CrZnp0qv7hkcQ==",
      "dependencies": [
        "ansi-regex@6.1.0"
      ]
    },
    "toad-cache@3.7.0": {
      "integrity": "sha512-/m8M+2BJUpoJdgAHoG+baCwBT+tf2VraSfkBgl0Y00qIWt41DJ8R5B8nsEw0I58YwF5IZH6z24/2TobDKnqSWw=="
    },
    "universal-github-app-jwt@2.2.0": {
      "integrity": "sha512-G5o6f95b5BggDGuUfKDApKaCgNYy2x7OdHY0zSMF081O0EJobw+1130VONhrA7ezGSV2FNOGyM+KQpQZAr9bIQ=="
    },
    "universal-user-agent@7.0.2": {
      "integrity": "sha512-0JCqzSKnStlRRQfCdowvqy3cy0Dvtlb8xecj/H8JFZuCze4rwjPZQOgvFvn0Ws/usCHQFGpyr+pB9adaGwXn4Q=="
    },
    "valibot@1.0.0-beta.11": {
      "integrity": "sha512-Ztl5Iks1Ql7Z6CwkS5oyqguN3G8tmUiNlsHpqbDt6DLMpm+eu+n8Q7f921gI3uHvNZ8xDVkd4cEJP5t+lELOfw=="
    },
    "which@2.0.2": {
      "integrity": "sha512-BLI3Tl1TW3Pvl70l3yq3Y64i+awpwXqsGBYWkkqMtnbXgrMD+yj7rhW0kuEDxzJaYXGjEW5ogapKNMEKNMjibA==",
      "dependencies": [
        "isexe"
      ]
    },
    "wrap-ansi@7.0.0": {
      "integrity": "sha512-YVGIj2kamLSTxw6NsZjoBxfSwsn0ycdesmc4p+Q21c5zPuZ1pl+NfxVdxPtdHvmNVOQ6XSYG4AUtyt/Fi7D16Q==",
      "dependencies": [
        "ansi-styles@4.3.0",
        "string-width@4.2.3",
        "strip-ansi@6.0.1"
      ]
    },
    "wrap-ansi@8.1.0": {
      "integrity": "sha512-si7QWI6zUMq56bESFvagtmzMdGOtoxfR+Sez11Mobfc7tm+VkUckk9bW2UeffTGVUbOksxmSw0AA2gs8g71NCQ==",
      "dependencies": [
        "ansi-styles@6.2.1",
        "string-width@5.1.2",
        "strip-ansi@7.1.0"
      ]
    }
  },
  "workspace": {
    "dependencies": [
      "jsr:@std/fs@^1.0.9",
      "npm:@openauthjs/openauth@~0.3.5",
      "npm:octokit@4.1.0",
      "npm:resend@4.0.1",
      "npm:valibot@1.0.0-beta.11"
    ]
  }
}
