{
  "version": "4",
  "specifiers": {
    "jsr:@std/html@1.0.3": "1.0.3",
    "jsr:@std/http@1.0.12": "1.0.12"
  },
  "jsr": {
    "@std/html@1.0.3": {
      "integrity": "7a0ac35e050431fb49d44e61c8b8aac1ebd55937e0dc9ec6409aa4bab39a7988"
    },
    "@std/http@1.0.12": {
      "integrity": "85246d8bfe9c8e2538518725b158bdc31f616e0869255f4a8d9e3de919cab2aa"
    }
  },
  "workspace": {
    "packageJson": {
      "dependencies": [
        "npm:@better-auth/cli@^1.2.1",
        "npm:@jsr/pomdtr__sqlite@^3.9.1",
        "npm:@jsr/soapbox__kysely-deno-sqlite@^2.2.0",
        "npm:@jsr/std__fs@^1.0.13",
        "npm:better-auth@^1.2.1",
        "npm:hono@^4.7.2"
      ]
    }
  }
}
