{
  "version": "4",
  "specifiers": {
    "jsr:@davidbonnet/astring@1.8.6": "1.8.6",
    "jsr:@std/cli@^1.0.17": "1.0.17",
    "jsr:@std/encoding@1.0.8": "1.0.8",
    "jsr:@std/encoding@^1.0.10": "1.0.10",
    "jsr:@std/fmt@^1.0.7": "1.0.7",
    "jsr:@std/fs@^1.0.17": "1.0.17",
    "jsr:@std/html@1.0.3": "1.0.3",
    "jsr:@std/html@^1.0.3": "1.0.3",
    "jsr:@std/http@1.0.12": "1.0.12",
    "jsr:@std/http@^1.0.15": "1.0.15",
    "jsr:@std/media-types@^1.1.0": "1.1.0",
    "jsr:@std/net@^1.0.4": "1.0.4",
    "jsr:@std/path@1.0.8": "1.0.8",
    "jsr:@std/path@^1.0.9": "1.0.9",
    "jsr:@std/streams@^1.0.9": "1.0.9",
    "jsr:@vento/vento@^1.12.16": "1.12.16",
    "npm:estree-walker@3.0.3": "3.0.3",
    "npm:meriyah@6.0.5": "6.0.5",
    "npm:rss-parser@^3.13.0": "3.13.0"
  },
  "jsr": {
    "@davidbonnet/astring@1.8.6": {
      "integrity": "98b4914c8863cdf8c0ff83bb5c528caa67a8dca6020ad6234113499f00583e3a"
    },
    "@std/cli@1.0.17": {
      "integrity": "e15b9abe629e17be90cc6216327f03a29eae613365f1353837fa749aad29ce7b"
    },
    "@std/encoding@1.0.8": {
      "integrity": "a6c8f3f933ab1bed66244f435d1dc0fd23a888e07195532122ddc3d5f8f0e6b4"
    },
    "@std/encoding@1.0.10": {
      "integrity": "8783c6384a2d13abd5e9e87a7ae0520a30e9f56aeeaa3bdf910a3eaaf5c811a1"
    },
    "@std/fmt@1.0.7": {
      "integrity": "2a727c043d8df62cd0b819b3fb709b64dd622e42c3b1bb817ea7e6cc606360fb"
    },
    "@std/fs@1.0.17": {
      "integrity": "1c00c632677c1158988ef7a004cb16137f870aafdb8163b9dce86ec652f3952b",
      "dependencies": [
        "jsr:@std/path@^1.0.9"
      ]
    },
    "@std/html@1.0.3": {
      "integrity": "7a0ac35e050431fb49d44e61c8b8aac1ebd55937e0dc9ec6409aa4bab39a7988"
    },
    "@std/http@1.0.12": {
      "integrity": "85246d8bfe9c8e2538518725b158bdc31f616e0869255f4a8d9e3de919cab2aa"
    },
    "@std/http@1.0.15": {
      "integrity": "435a4934b4e196e82a8233f724da525f7b7112f3566502f28815e94764c19159",
      "dependencies": [
        "jsr:@std/cli",
        "jsr:@std/encoding@^1.0.10",
        "jsr:@std/fmt",
        "jsr:@std/html@^1.0.3",
        "jsr:@std/media-types",
        "jsr:@std/net",
        "jsr:@std/path@^1.0.9",
        "jsr:@std/streams"
      ]
    },
    "@std/media-types@1.1.0": {
      "integrity": "c9d093f0c05c3512932b330e3cc1fe1d627b301db33a4c2c2185c02471d6eaa4"
    },
    "@std/net@1.0.4": {
      "integrity": "2f403b455ebbccf83d8a027d29c5a9e3a2452fea39bb2da7f2c04af09c8bc852"
    },
    "@std/path@1.0.8": {
      "integrity": "548fa456bb6a04d3c1a1e7477986b6cffbce95102d0bb447c67c4ee70e0364be"
    },
    "@std/path@1.0.9": {
      "integrity": "260a49f11edd3db93dd38350bf9cd1b4d1366afa98e81b86167b4e3dd750129e"
    },
    "@std/streams@1.0.9": {
      "integrity": "a9d26b1988cdd7aa7b1f4b51e1c36c1557f3f252880fa6cc5b9f37078b1a5035"
    },
    "@vento/vento@1.12.16": {
      "integrity": "84e1f99f7ef5f5dc4e3b000b90da52eb3f10011af5d5c9ebf901aef710f9c639",
      "dependencies": [
        "jsr:@davidbonnet/astring",
        "jsr:@std/html@1.0.3",
        "jsr:@std/path@1.0.8",
        "npm:estree-walker",
        "npm:meriyah"
      ]
    }
  },
  "npm": {
    "@types/estree@1.0.7": {
      "integrity": "sha512-w28IoSUCJpidD/TGviZwwMJckNESJZXFu7NBZ5YJ4mEUnNraUn9Pm8HSZm/jDF1pDWYKspWE7oVphigUPRakIQ=="
    },
    "entities@2.2.0": {
      "integrity": "sha512-p92if5Nz619I0w+akJrLZH0MX0Pb5DX39XOwQTtXSdQQOaYH03S1uIQp4mhOZtAXrxq4ViO67YTiLBo2638o9A=="
    },
    "estree-walker@3.0.3": {
      "integrity": "sha512-7RUKfXgSMMkzt6ZuXmqapOurLGPPfgj6l9uRZ7lRGolvk0y2yocc35LdcxKC5PQZdn2DMqioAQ2NoWcrTKmm6g==",
      "dependencies": [
        "@types/estree"
      ]
    },
    "meriyah@6.0.5": {
      "integrity": "sha512-SrMqQCox7TTwtftWKHy/ZaVe+ZRpRl20pAgDo+PS9hzcAJrMjYsBJQPPiLXTnjztrqdfGS+Zz99r6Bwvydta1w=="
    },
    "rss-parser@3.13.0": {
      "integrity": "sha512-7jWUBV5yGN3rqMMj7CZufl/291QAhvrrGpDNE4k/02ZchL0npisiYYqULF71jCEKoIiHvK/Q2e6IkDwPziT7+w==",
      "dependencies": [
        "entities",
        "xml2js"
      ]
    },
    "sax@1.4.1": {
      "integrity": "sha512-+aWOz7yVScEGoKNd4PA10LZ8sk0A/z5+nXQG5giUO5rprX9jgYsTdov9qCchZiPIZezbZH+jRut8nPodFAX4Jg=="
    },
    "xml2js@0.5.0": {
      "integrity": "sha512-drPFnkQJik/O+uPKpqSgr22mpuFHqKdbS835iAQrUC73L2F5WkboIRd63ai/2Yg6I1jzifPFKH2NTK+cfglkIA==",
      "dependencies": [
        "sax",
        "xmlbuilder"
      ]
    },
    "xmlbuilder@11.0.1": {
      "integrity": "sha512-fDlsI/kFEx7gLvbecc0/ohLG50fugQp8ryHzMTuW9vSa1GJ0XYWKnhsUx7oie3G98+r56aTQIUB4kht42R3JvA=="
    }
  },
  "workspace": {
    "dependencies": [
      "jsr:@std/fs@^1.0.17",
      "jsr:@std/http@^1.0.15",
      "jsr:@std/path@^1.0.9",
      "jsr:@vento/vento@^1.12.16",
      "npm:rss-parser@^3.13.0"
    ]
  }
}
