{
  "version": "4",
  "specifiers": {
    "jsr:@hono/hono@^4.6.9": "4.6.10",
    "jsr:@pomdtr/lastlogin@*": "0.5.7",
    "jsr:@pomdtr/lastlogin@0.5.10": "0.5.10",
    "jsr:@std/bytes@^1.0.3": "1.0.4",
    "jsr:@std/cli@^1.0.6": "1.0.7",
    "jsr:@std/cli@^1.0.7": "1.0.7",
    "jsr:@std/encoding@^1.0.5": "1.0.5",
    "jsr:@std/fmt@^1.0.3": "1.0.3",
    "jsr:@std/html@^1.0.3": "1.0.3",
    "jsr:@std/http@^1.0.11": "1.0.11",
    "jsr:@std/http@^1.0.9": "1.0.11",
    "jsr:@std/media-types@^1.1.0": "1.1.0",
    "jsr:@std/net@^1.0.4": "1.0.4",
    "jsr:@std/path@^1.0.8": "1.0.8",
    "jsr:@std/streams@^1.0.8": "1.0.8"
  },
  "jsr": {
    "@hono/hono@4.6.10": {
      "integrity": "dae93ac8bb49881f99506aa8e01e5536d5d72cc3c2b556bde2816fdf25ca609c"
    },
    "@pomdtr/lastlogin@0.5.7": {
      "integrity": "ff463e08458d13e2d4323f6a1f7156d6d1ae73c3d30211330b1af6b1196cb7a7",
      "dependencies": [
        "jsr:@hono/hono",
        "jsr:@std/http@^1.0.9"
      ]
    },
    "@pomdtr/lastlogin@0.5.10": {
      "integrity": "2674176ad2a8d666a38cc9c5eb7ec87f9b3e715044c074fa2e82afab2539b99e",
      "dependencies": [
        "jsr:@hono/hono",
        "jsr:@std/http@^1.0.9"
      ]
    },
    "@std/bytes@1.0.4": {
      "integrity": "11a0debe522707c95c7b7ef89b478c13fb1583a7cfb9a85674cd2cc2e3a28abc"
    },
    "@std/cli@1.0.7": {
      "integrity": "98359df9df586a69015ba570305183b0cb9e7d53c05ea2016ef9a3e77e82c7cd"
    },
    "@std/encoding@1.0.5": {
      "integrity": "ecf363d4fc25bd85bd915ff6733a7e79b67e0e7806334af15f4645c569fefc04"
    },
    "@std/fmt@1.0.3": {
      "integrity": "97765c16aa32245ff4e2204ecf7d8562496a3cb8592340a80e7e554e0bb9149f"
    },
    "@std/html@1.0.3": {
      "integrity": "7a0ac35e050431fb49d44e61c8b8aac1ebd55937e0dc9ec6409aa4bab39a7988"
    },
    "@std/http@1.0.10": {
      "integrity": "4e32d11493ab04e3ef09f104f0cb9beb4228b1d4b47c5469573c2c294c0d3692"
    },
    "@std/http@1.0.11": {
      "integrity": "f1928e69e7dcf1664e22d153934cb866bf31e1bbe4bc59f8ac1b4d0e98cb7558",
      "dependencies": [
        "jsr:@std/cli@^1.0.6",
        "jsr:@std/encoding",
        "jsr:@std/fmt",
        "jsr:@std/html",
        "jsr:@std/media-types",
        "jsr:@std/net",
        "jsr:@std/path",
        "jsr:@std/streams"
      ]
    },
    "@std/media-types@1.1.0": {
      "integrity": "c9d093f0c05c3512932b330e3cc1fe1d627b301db33a4c2c2185c02471d6eaa4"
    },
    "@std/net@1.0.4": {
      "integrity": "2f403b455ebbccf83d8a027d29c5a9e3a2452fea39bb2da7f2c04af09c8bc852"
    },
    "@std/path@1.0.8": {
      "integrity": "548fa456bb6a04d3c1a1e7477986b6cffbce95102d0bb447c67c4ee70e0364be"
    },
    "@std/streams@1.0.8": {
      "integrity": "b41332d93d2cf6a82fe4ac2153b930adf1a859392931e2a19d9fabfb6f154fb3",
      "dependencies": [
        "jsr:@std/bytes"
      ]
    }
  },
  "workspace": {
    "dependencies": [
      "jsr:@std/cli@^1.0.7",
      "jsr:@std/http@^1.0.11",
      "jsr:@std/streams@^1.0.8"
    ]
  }
}
