{
  "version": "4",
  "specifiers": {
    "jsr:@bureaudouble/icons@^0.0.8": "0.0.8",
    "jsr:@deno/gfm@0.9": "0.9.0",
    "jsr:@denosaurs/emoji@0.3": "0.3.1",
    "jsr:@hono/hono@4.6.5": "4.6.5",
    "jsr:@libs/xml@6": "6.0.0",
    "jsr:@std/path@^1.0.6": "1.0.6",
    "jsr:@std/yaml@^1.0.5": "1.0.5",
    "jsr:@tayzendev/smallblog@0.4.2": "0.4.2",
    "npm:@types/react@^18.2.0": "18.3.11",
    "npm:github-slugger@2": "2.0.0",
    "npm:he@^1.2.0": "1.2.0",
    "npm:hono@*": "4.6.5",
    "npm:hono@^4.6.3": "4.6.5",
    "npm:katex@0.16": "0.16.11",
    "npm:marked-alert@2": "2.1.0_marked@12.0.2",
    "npm:marked-footnote@^1.2.0": "1.2.4_marked@12.0.2",
    "npm:marked-gfm-heading-id@^3.1.0": "3.2.0_marked@12.0.2",
    "npm:marked@12": "12.0.2",
    "npm:minisearch@^7.1.0": "7.1.0",
    "npm:prismjs@1.29.0": "1.29.0",
    "npm:prismjs@^1.29.0": "1.29.0",
    "npm:react@^18.2.0": "18.3.1",
    "npm:rss@^1.2.2": "1.2.2",
    "npm:sanitize-html@^2.11.0": "2.13.1"
  },
  "jsr": {
    "@bureaudouble/icons@0.0.8": {
      "integrity": "7b3cac77b0a3039065376a26f6256665549a018b641d1a83a16ac47128b0e4f1",
      "dependencies": [
        "npm:hono@*",
        "npm:react"
      ]
    },
    "@deno/gfm@0.9.0": {
      "integrity": "9002dbdb6e382e247509edfeae3afdb9232f5ca98a8210ef186d42084e9ded30",
      "dependencies": [
        "jsr:@denosaurs/emoji",
        "npm:github-slugger",
        "npm:he",
        "npm:katex",
        "npm:marked",
        "npm:marked-alert",
        "npm:marked-footnote",
        "npm:marked-gfm-heading-id",
        "npm:prismjs@^1.29.0",
        "npm:sanitize-html"
      ]
    },
    "@denosaurs/emoji@0.3.1": {
      "integrity": "b0aed5f55dec99e83da7c9637fe0a36d1d6252b7c99deaaa3fc5dea3fcf3da8b"
    },
    "@hono/hono@4.6.5": {
      "integrity": "68efe4a0ab7c4fb082cb71aa894a25e1c6cfad6d124dc943471e6758a7a1bdee"
    },
    "@libs/xml@6.0.0": {
      "integrity": "d629f461bc10598de9ad55470f3b7c9bf1707cc2b90be9603a129259b8e5d0a5"
    },
    "@std/path@1.0.6": {
      "integrity": "ab2c55f902b380cf28e0eec501b4906e4c1960d13f00e11cfbcd21de15f18fed"
    },
    "@std/yaml@1.0.5": {
      "integrity": "71ba3d334305ee2149391931508b2c293a8490f94a337eef3a09cade1a2a2742"
    },
    "@tayzendev/smallblog@0.4.2": {
      "integrity": "7a85ae9b0bd05cf247784f8247514762acc2505012ac79c30ae713df56e97554",
      "dependencies": [
        "jsr:@bureaudouble/icons",
        "jsr:@deno/gfm",
        "jsr:@libs/xml",
        "jsr:@std/path",
        "jsr:@std/yaml",
        "npm:hono@*",
        "npm:hono@^4.6.3",
        "npm:minisearch",
        "npm:prismjs@1.29.0",
        "npm:rss"
      ]
    }
  },
  "npm": {
    "@types/prop-types@15.7.13": {
      "integrity": "sha512-hCZTSvwbzWGvhqxp/RqVqwU999pBf2vp7hzIjiYOsl8wqOmUxkQ6ddw1cV3l8811+kdUFus/q4d1Y3E3SyEifA=="
    },
    "@types/react@18.3.11": {
      "integrity": "sha512-r6QZ069rFTjrEYgFdOck1gK7FLVsgJE7tTz0pQBczlBNUhBNk0MQH4UbnFSwjpQLMkLzgqvBBa+qGpLje16eTQ==",
      "dependencies": [
        "@types/prop-types",
        "csstype"
      ]
    },
    "commander@8.3.0": {
      "integrity": "sha512-OkTL9umf+He2DZkUq8f8J9of7yL6RJKI24dVITBmNfZBmri9zYZQrKkuXiKhyfPSu8tUhnVBB1iKXevvnlR4Ww=="
    },
    "csstype@3.1.3": {
      "integrity": "sha512-M1uQkMl8rQK/szD0LNhtqxIPLpimGm8sOBwU7lLnCpSbTyY3yeU1Vc7l4KT5zT4s/yOxHH5O7tIuuLOCnLADRw=="
    },
    "deepmerge@4.3.1": {
      "integrity": "sha512-3sUqbMEc77XqpdNO7FRyRog+eW3ph+GYCbj+rK+uYyRMuwsVy0rMiVtPn+QJlKFvWP/1PYpapqYn0Me2knFn+A=="
    },
    "dom-serializer@2.0.0": {
      "integrity": "sha512-wIkAryiqt/nV5EQKqQpo3SToSOV9J0DnbJqwK7Wv/Trc92zIAYZ4FlMu+JPFW1DfGFt81ZTCGgDEabffXeLyJg==",
      "dependencies": [
        "domelementtype",
        "domhandler",
        "entities"
      ]
    },
    "domelementtype@2.3.0": {
      "integrity": "sha512-OLETBj6w0OsagBwdXnPdN0cnMfF9opN69co+7ZrbfPGrdpPVNBUj02spi6B1N7wChLQiPn4CSH/zJvXw56gmHw=="
    },
    "domhandler@5.0.3": {
      "integrity": "sha512-cgwlv/1iFQiFnU96XXgROh8xTeetsnJiDsTc7TYCLFd9+/WNkIqPTxiM/8pSd8VIrhXGTf1Ny1q1hquVqDJB5w==",
      "dependencies": [
        "domelementtype"
      ]
    },
    "domutils@3.1.0": {
      "integrity": "sha512-H78uMmQtI2AhgDJjWeQmHwJJ2bLPD3GMmO7Zja/ZZh84wkm+4ut+IUnUdRa8uCGX88DiVx1j6FRe1XfxEgjEZA==",
      "dependencies": [
        "dom-serializer",
        "domelementtype",
        "domhandler"
      ]
    },
    "entities@4.5.0": {
      "integrity": "sha512-V0hjH4dGPh9Ao5p0MoRY6BVqtwCjhz6vI5LT8AJ55H+4g9/4vbHx1I54fS0XuclLhDHArPQCiMjDxjaL8fPxhw=="
    },
    "escape-string-regexp@4.0.0": {
      "integrity": "sha512-TtpcNJ3XAzx3Gq8sWRzJaVajRs0uVxA2YAkdb1jm2YkPz4G6egUFAyA3n5vtEIZefPk5Wa4UXbKuS5fKkJWdgA=="
    },
    "github-slugger@2.0.0": {
      "integrity": "sha512-IaOQ9puYtjrkq7Y0Ygl9KDZnrf/aiUJYUpVf89y8kyaxbRG7Y1SrX/jaumrv81vc61+kiMempujsM3Yw7w5qcw=="
    },
    "he@1.2.0": {
      "integrity": "sha512-F/1DnUGPopORZi0ni+CvrCgHQ5FyEAHRLSApuYWMmrbSwoN2Mn/7k+Gl38gJnR7yyDZk6WLXwiGod1JOWNDKGw=="
    },
    "hono@4.6.5": {
      "integrity": "sha512-qsmN3V5fgtwdKARGLgwwHvcdLKursMd+YOt69eGpl1dUCJb8mCd7hZfyZnBYjxCegBG7qkJRQRUy2oO25yHcyQ=="
    },
    "htmlparser2@8.0.2": {
      "integrity": "sha512-GYdjWKDkbRLkZ5geuHs5NY1puJ+PXwP7+fHPRz06Eirsb9ugf6d8kkXav6ADhcODhFFPMIXyxkxSuMf3D6NCFA==",
      "dependencies": [
        "domelementtype",
        "domhandler",
        "domutils",
        "entities"
      ]
    },
    "is-plain-object@5.0.0": {
      "integrity": "sha512-VRSzKkbMm5jMDoKLbltAkFQ5Qr7VDiTFGXxYFXXowVj387GeGNOCsOH6Msy00SGZ3Fp84b1Naa1psqgcCIEP5Q=="
    },
    "js-tokens@4.0.0": {
      "integrity": "sha512-RdJUflcE3cUzKiMqQgsCu06FPu9UdIJO0beYbPhHN4k6apgJtifcoCtT9bcxOpYBtpD2kCM6Sbzg4CausW/PKQ=="
    },
    "katex@0.16.11": {
      "integrity": "sha512-RQrI8rlHY92OLf3rho/Ts8i/XvjgguEjOkO1BEXcU3N8BqPpSzBNwV/G0Ukr+P/l3ivvJUE/Fa/CwbS6HesGNQ==",
      "dependencies": [
        "commander"
      ]
    },
    "loose-envify@1.4.0": {
      "integrity": "sha512-lyuxPGr/Wfhrlem2CL/UcnUc1zcqKAImBDzukY7Y5F/yQiNdko6+fRLevlw1HgMySw7f611UIY408EtxRSoK3Q==",
      "dependencies": [
        "js-tokens"
      ]
    },
    "marked-alert@2.1.0_marked@12.0.2": {
      "integrity": "sha512-X95Z8PCDgWa0bBfM70GxZG3LD/leUrhXc3cx3w1eFExBhswd1oXn/S4S+9H8ypPdCY7okREb4dItUOc+VJq4jQ==",
      "dependencies": [
        "marked"
      ]
    },
    "marked-footnote@1.2.4_marked@12.0.2": {
      "integrity": "sha512-DB2Kl+wFh6YwZd70qABMY6WUkG1UuyqoNTFoDfGyG79Pz24neYtLBkB+45a7o72V7gkfvbC3CGzIYFobxfMT1Q==",
      "dependencies": [
        "marked"
      ]
    },
    "marked-gfm-heading-id@3.2.0_marked@12.0.2": {
      "integrity": "sha512-Xfxpr5lXLDLY10XqzSCA9l2dDaiabQUgtYM9hw8yunyVsB/xYBRpiic6BOiY/EAJw1ik1eWr1ET1HKOAPZBhXg==",
      "dependencies": [
        "github-slugger",
        "marked"
      ]
    },
    "marked@12.0.2": {
      "integrity": "sha512-qXUm7e/YKFoqFPYPa3Ukg9xlI5cyAtGmyEIzMfW//m6kXwCy2Ps9DYf5ioijFKQ8qyuscrHoY04iJGctu2Kg0Q=="
    },
    "mime-db@1.25.0": {
      "integrity": "sha512-5k547tI4Cy+Lddr/hdjNbBEWBwSl8EBc5aSdKvedav8DReADgWJzcYiktaRIw3GtGC1jjwldXtTzvqJZmtvC7w=="
    },
    "mime-types@2.1.13": {
      "integrity": "sha512-ryBDp1Z/6X90UvjUK3RksH0IBPM137T7cmg4OgD5wQBojlAiUwuok0QeELkim/72EtcYuNlmbkrcGuxj3Kl0YQ==",
      "dependencies": [
        "mime-db"
      ]
    },
    "minisearch@7.1.0": {
      "integrity": "sha512-tv7c/uefWdEhcu6hvrfTihflgeEi2tN6VV7HJnCjK6VxM75QQJh4t9FwJCsA2EsRS8LCnu3W87CuGPWMocOLCA=="
    },
    "nanoid@3.3.7": {
      "integrity": "sha512-eSRppjcPIatRIMC1U6UngP8XFcz8MQWGQdt1MTBQ7NaAmvXDfvNxbvWV3x2y6CdEUciCSsDHDQZbhYaB8QEo2g=="
    },
    "parse-srcset@1.0.2": {
      "integrity": "sha512-/2qh0lav6CmI15FzA3i/2Bzk2zCgQhGMkvhOhKNcBVQ1ldgpbfiNTVslmooUmWJcADi1f1kIeynbDRVzNlfR6Q=="
    },
    "picocolors@1.1.1": {
      "integrity": "sha512-xceH2snhtb5M9liqDsmEw56le376mTZkEX/jEb/RxNFyegNul7eNslCXP9FDj/Lcu0X8KEyMceP2ntpaHrDEVA=="
    },
    "postcss@8.4.47": {
      "integrity": "sha512-56rxCq7G/XfB4EkXq9Egn5GCqugWvDFjafDOThIdMBsI15iqPqR5r15TfSr1YPYeEI19YeaXMCbY6u88Y76GLQ==",
      "dependencies": [
        "nanoid",
        "picocolors",
        "source-map-js"
      ]
    },
    "prismjs@1.29.0": {
      "integrity": "sha512-Kx/1w86q/epKcmte75LNrEoT+lX8pBpavuAbvJWRXar7Hz8jrtF+e3vY751p0R8H9HdArwaCTNDDzHg/ScJK1Q=="
    },
    "react@18.3.1": {
      "integrity": "sha512-wS+hAgJShR0KhEvPJArfuPVN1+Hz1t0Y6n5jLrGQbkb4urgPE/0Rve+1kMB1v/oWgHgm4WIcV+i7F2pTVj+2iQ==",
      "dependencies": [
        "loose-envify"
      ]
    },
    "rss@1.2.2": {
      "integrity": "sha512-xUhRTgslHeCBeHAqaWSbOYTydN2f0tAzNXvzh3stjz7QDhQMzdgHf3pfgNIngeytQflrFPfy6axHilTETr6gDg==",
      "dependencies": [
        "mime-types",
        "xml"
      ]
    },
    "sanitize-html@2.13.1": {
      "integrity": "sha512-ZXtKq89oue4RP7abL9wp/9URJcqQNABB5GGJ2acW1sdO8JTVl92f4ygD7Yc9Ze09VAZhnt2zegeU0tbNsdcLYg==",
      "dependencies": [
        "deepmerge",
        "escape-string-regexp",
        "htmlparser2",
        "is-plain-object",
        "parse-srcset",
        "postcss"
      ]
    },
    "source-map-js@1.2.1": {
      "integrity": "sha512-UXWMKhLOwVKb728IUtQPXxfYU+usdybtUrK/8uGE8CQMvrhOpwvzDBwj0QhSL7MQc7vIsISBG8VQ8+IDQxpfQA=="
    },
    "xml@1.0.1": {
      "integrity": "sha512-huCv9IH9Tcf95zuYCsQraZtWnJvBtLVE0QHMOs8bWyZAFZNDcYjsPq1nEx8jKA9y+Beo9v+7OBPRisQTjinQMw=="
    }
  }
}
