{
  "version": "4",
  "specifiers": {
    "jsr:@deno/gfm@*": "0.9.0",
    "jsr:@deno/gfm@0.9": "0.9.0",
    "jsr:@denosaurs/emoji@0.3": "0.3.1",
    "jsr:@libs/typing@3": "3.1.0",
    "jsr:@libs/xml@*": "6.0.0",
    "jsr:@libs/xml@6": "6.0.0",
    "jsr:@smallweb/types@0.1": "0.1.0",
    "jsr:@std/collections@^1.0.5": "1.0.9",
    "jsr:@std/front-matter@^1.0.5": "1.0.5",
    "jsr:@std/fs@^1.0.5": "1.0.5",
    "jsr:@std/media-types@^1.0.3": "1.0.3",
    "jsr:@std/path@^1.0.6": "1.0.7",
    "jsr:@std/path@^1.0.7": "1.0.7",
    "jsr:@std/toml@^1.0.1": "1.0.1",
    "jsr:@std/yaml@*": "1.0.5",
    "jsr:@std/yaml@^1.0.5": "1.0.5",
    "npm:@types/node@*": "22.5.4",
    "npm:commander@^12.1.0": "12.1.0",
    "npm:github-slugger@2": "2.0.0",
    "npm:he@^1.2.0": "1.2.0",
    "npm:hono@^4.6.3": "4.6.6",
    "npm:katex@0.16": "0.16.11",
    "npm:marked-alert@2": "2.1.0_marked@12.0.2",
    "npm:marked-footnote@^1.2.0": "1.2.4_marked@12.0.2",
    "npm:marked-gfm-heading-id@^3.1.0": "3.2.0_marked@12.0.2",
    "npm:marked@12": "12.0.2",
    "npm:minisearch@*": "7.1.0",
    "npm:minisearch@^7.1.0": "7.1.0",
    "npm:prismjs@1.29.0": "1.29.0",
    "npm:prismjs@^1.29.0": "1.29.0",
    "npm:rss@*": "1.2.2",
    "npm:rss@^1.2.2": "1.2.2",
    "npm:sanitize-html@^2.11.0": "2.13.1",
    "npm:sitemap@*": "8.0.0"
  },
  "jsr": {
    "@deno/gfm@0.9.0": {
      "integrity": "9002dbdb6e382e247509edfeae3afdb9232f5ca98a8210ef186d42084e9ded30",
      "dependencies": [
        "jsr:@denosaurs/emoji",
        "npm:github-slugger",
        "npm:he",
        "npm:katex",
        "npm:marked",
        "npm:marked-alert",
        "npm:marked-footnote",
        "npm:marked-gfm-heading-id",
        "npm:prismjs@^1.29.0",
        "npm:sanitize-html"
      ]
    },
    "@denosaurs/emoji@0.3.1": {
      "integrity": "b0aed5f55dec99e83da7c9637fe0a36d1d6252b7c99deaaa3fc5dea3fcf3da8b"
    },
    "@libs/typing@3.1.0": {
      "integrity": "091b59f57a99f84c9fccf8f59534f77f177705ac25183b575c83fd7aa6dcfafe"
    },
    "@libs/xml@6.0.0": {
      "integrity": "d629f461bc10598de9ad55470f3b7c9bf1707cc2b90be9603a129259b8e5d0a5",
      "dependencies": [
        "jsr:@libs/typing"
      ]
    },
    "@smallweb/types@0.1.0": {
      "integrity": "eae1f09cc954c18129dea767a2165e70ae1cf50f8f52bb4112ed81299eb6eb9d"
    },
    "@std/collections@1.0.9": {
      "integrity": "4f58104ead08a04a2199374247f07befe50ba01d9cca8cbb23ab9a0419921e71"
    },
    "@std/front-matter@1.0.5": {
      "integrity": "abddc64030a33eb5bc524b8c73e7c417cea09177aaeb4abf75a56b540c4b6e60",
      "dependencies": [
        "jsr:@std/toml",
        "jsr:@std/yaml@^1.0.5"
      ]
    },
    "@std/fs@1.0.5": {
      "integrity": "41806ad6823d0b5f275f9849a2640d87e4ef67c51ee1b8fb02426f55e02fd44e",
      "dependencies": [
        "jsr:@std/path@^1.0.7"
      ]
    },
    "@std/media-types@1.0.3": {
      "integrity": "b12d30a7852f7578f4d210622df713bbfd1cbdd9b4ec2eaf5c1845ab70bab159"
    },
    "@std/path@1.0.6": {
      "integrity": "ab2c55f902b380cf28e0eec501b4906e4c1960d13f00e11cfbcd21de15f18fed"
    },
    "@std/path@1.0.7": {
      "integrity": "76a689e07f0e15dcc6002ec39d0866797e7156629212b28f27179b8a5c3b33a1"
    },
    "@std/toml@1.0.1": {
      "integrity": "b55b407159930f338d384b1f8fd317c8e8a35e27ebb8946155f49e3a158d16c4",
      "dependencies": [
        "jsr:@std/collections"
      ]
    },
    "@std/yaml@1.0.5": {
      "integrity": "71ba3d334305ee2149391931508b2c293a8490f94a337eef3a09cade1a2a2742"
    }
  },
  "npm": {
    "@types/node@17.0.45": {
      "integrity": "sha512-w+tIMs3rq2afQdsPJlODhoUEKzFP1ayaoyl1CcnwtIlsVe7K7bA1NGm4s3PraqTLlXnbIN84zuBlxBWo1u9BLw=="
    },
    "@types/node@22.5.4": {
      "integrity": "sha512-FDuKUJQm/ju9fT/SeX/6+gBzoPzlVCzfzmGkwKvRHQVxi4BntVbyIwf6a4Xn62mrvndLiml6z/UBXIdEVjQLXg==",
      "dependencies": [
        "undici-types"
      ]
    },
    "@types/sax@1.2.7": {
      "integrity": "sha512-rO73L89PJxeYM3s3pPPjiPgVVcymqU490g0YO5n5By0k2Erzj6tay/4lr1CHAAU4JyOWd1rpQ8bCf6cZfHU96A==",
      "dependencies": [
        "@types/node@22.5.4"
      ]
    },
    "arg@5.0.2": {
      "integrity": "sha512-PYjyFOLKQ9y57JvQ6QLo8dAgNqswh8M1RMJYdQduT6xbWSgK36P/Z/v+p888pM69jMMfS8Xd8F6I1kQ/I9HUGg=="
    },
    "commander@12.1.0": {
      "integrity": "sha512-Vw8qHK3bZM9y/P10u3Vib8o/DdkvA2OtPtZvD871QKjy74Wj1WSKFILMPRPSdUSx5RFK1arlJzEtA4PkFgnbuA=="
    },
    "commander@8.3.0": {
      "integrity": "sha512-OkTL9umf+He2DZkUq8f8J9of7yL6RJKI24dVITBmNfZBmri9zYZQrKkuXiKhyfPSu8tUhnVBB1iKXevvnlR4Ww=="
    },
    "deepmerge@4.3.1": {
      "integrity": "sha512-3sUqbMEc77XqpdNO7FRyRog+eW3ph+GYCbj+rK+uYyRMuwsVy0rMiVtPn+QJlKFvWP/1PYpapqYn0Me2knFn+A=="
    },
    "dom-serializer@2.0.0": {
      "integrity": "sha512-wIkAryiqt/nV5EQKqQpo3SToSOV9J0DnbJqwK7Wv/Trc92zIAYZ4FlMu+JPFW1DfGFt81ZTCGgDEabffXeLyJg==",
      "dependencies": [
        "domelementtype",
        "domhandler",
        "entities"
      ]
    },
    "domelementtype@2.3.0": {
      "integrity": "sha512-OLETBj6w0OsagBwdXnPdN0cnMfF9opN69co+7ZrbfPGrdpPVNBUj02spi6B1N7wChLQiPn4CSH/zJvXw56gmHw=="
    },
    "domhandler@5.0.3": {
      "integrity": "sha512-cgwlv/1iFQiFnU96XXgROh8xTeetsnJiDsTc7TYCLFd9+/WNkIqPTxiM/8pSd8VIrhXGTf1Ny1q1hquVqDJB5w==",
      "dependencies": [
        "domelementtype"
      ]
    },
    "domutils@3.1.0": {
      "integrity": "sha512-H78uMmQtI2AhgDJjWeQmHwJJ2bLPD3GMmO7Zja/ZZh84wkm+4ut+IUnUdRa8uCGX88DiVx1j6FRe1XfxEgjEZA==",
      "dependencies": [
        "dom-serializer",
        "domelementtype",
        "domhandler"
      ]
    },
    "entities@4.5.0": {
      "integrity": "sha512-V0hjH4dGPh9Ao5p0MoRY6BVqtwCjhz6vI5LT8AJ55H+4g9/4vbHx1I54fS0XuclLhDHArPQCiMjDxjaL8fPxhw=="
    },
    "escape-string-regexp@4.0.0": {
      "integrity": "sha512-TtpcNJ3XAzx3Gq8sWRzJaVajRs0uVxA2YAkdb1jm2YkPz4G6egUFAyA3n5vtEIZefPk5Wa4UXbKuS5fKkJWdgA=="
    },
    "github-slugger@2.0.0": {
      "integrity": "sha512-IaOQ9puYtjrkq7Y0Ygl9KDZnrf/aiUJYUpVf89y8kyaxbRG7Y1SrX/jaumrv81vc61+kiMempujsM3Yw7w5qcw=="
    },
    "he@1.2.0": {
      "integrity": "sha512-F/1DnUGPopORZi0ni+CvrCgHQ5FyEAHRLSApuYWMmrbSwoN2Mn/7k+Gl38gJnR7yyDZk6WLXwiGod1JOWNDKGw=="
    },
    "hono@4.6.6": {
      "integrity": "sha512-euUj5qwvtkG+p38GFs0LYacwaoS2hYRAGn9ysAggiwT2QBcPnT1XYUCW3hatW4C1KzAXTYuQ08BlVDJtAGuhlg=="
    },
    "htmlparser2@8.0.2": {
      "integrity": "sha512-GYdjWKDkbRLkZ5geuHs5NY1puJ+PXwP7+fHPRz06Eirsb9ugf6d8kkXav6ADhcODhFFPMIXyxkxSuMf3D6NCFA==",
      "dependencies": [
        "domelementtype",
        "domhandler",
        "domutils",
        "entities"
      ]
    },
    "is-plain-object@5.0.0": {
      "integrity": "sha512-VRSzKkbMm5jMDoKLbltAkFQ5Qr7VDiTFGXxYFXXowVj387GeGNOCsOH6Msy00SGZ3Fp84b1Naa1psqgcCIEP5Q=="
    },
    "katex@0.16.11": {
      "integrity": "sha512-RQrI8rlHY92OLf3rho/Ts8i/XvjgguEjOkO1BEXcU3N8BqPpSzBNwV/G0Ukr+P/l3ivvJUE/Fa/CwbS6HesGNQ==",
      "dependencies": [
        "commander@8.3.0"
      ]
    },
    "marked-alert@2.1.0_marked@12.0.2": {
      "integrity": "sha512-X95Z8PCDgWa0bBfM70GxZG3LD/leUrhXc3cx3w1eFExBhswd1oXn/S4S+9H8ypPdCY7okREb4dItUOc+VJq4jQ==",
      "dependencies": [
        "marked"
      ]
    },
    "marked-footnote@1.2.4_marked@12.0.2": {
      "integrity": "sha512-DB2Kl+wFh6YwZd70qABMY6WUkG1UuyqoNTFoDfGyG79Pz24neYtLBkB+45a7o72V7gkfvbC3CGzIYFobxfMT1Q==",
      "dependencies": [
        "marked"
      ]
    },
    "marked-gfm-heading-id@3.2.0_marked@12.0.2": {
      "integrity": "sha512-Xfxpr5lXLDLY10XqzSCA9l2dDaiabQUgtYM9hw8yunyVsB/xYBRpiic6BOiY/EAJw1ik1eWr1ET1HKOAPZBhXg==",
      "dependencies": [
        "github-slugger",
        "marked"
      ]
    },
    "marked@12.0.2": {
      "integrity": "sha512-qXUm7e/YKFoqFPYPa3Ukg9xlI5cyAtGmyEIzMfW//m6kXwCy2Ps9DYf5ioijFKQ8qyuscrHoY04iJGctu2Kg0Q=="
    },
    "mime-db@1.25.0": {
      "integrity": "sha512-5k547tI4Cy+Lddr/hdjNbBEWBwSl8EBc5aSdKvedav8DReADgWJzcYiktaRIw3GtGC1jjwldXtTzvqJZmtvC7w=="
    },
    "mime-types@2.1.13": {
      "integrity": "sha512-ryBDp1Z/6X90UvjUK3RksH0IBPM137T7cmg4OgD5wQBojlAiUwuok0QeELkim/72EtcYuNlmbkrcGuxj3Kl0YQ==",
      "dependencies": [
        "mime-db"
      ]
    },
    "minisearch@7.1.0": {
      "integrity": "sha512-tv7c/uefWdEhcu6hvrfTihflgeEi2tN6VV7HJnCjK6VxM75QQJh4t9FwJCsA2EsRS8LCnu3W87CuGPWMocOLCA=="
    },
    "nanoid@3.3.7": {
      "integrity": "sha512-eSRppjcPIatRIMC1U6UngP8XFcz8MQWGQdt1MTBQ7NaAmvXDfvNxbvWV3x2y6CdEUciCSsDHDQZbhYaB8QEo2g=="
    },
    "parse-srcset@1.0.2": {
      "integrity": "sha512-/2qh0lav6CmI15FzA3i/2Bzk2zCgQhGMkvhOhKNcBVQ1ldgpbfiNTVslmooUmWJcADi1f1kIeynbDRVzNlfR6Q=="
    },
    "picocolors@1.1.0": {
      "integrity": "sha512-TQ92mBOW0l3LeMeyLV6mzy/kWr8lkd/hp3mTg7wYK7zJhuBStmGMBG0BdeDZS/dZx1IukaX6Bk11zcln25o1Aw=="
    },
    "postcss@8.4.47": {
      "integrity": "sha512-56rxCq7G/XfB4EkXq9Egn5GCqugWvDFjafDOThIdMBsI15iqPqR5r15TfSr1YPYeEI19YeaXMCbY6u88Y76GLQ==",
      "dependencies": [
        "nanoid",
        "picocolors",
        "source-map-js"
      ]
    },
    "prismjs@1.29.0": {
      "integrity": "sha512-Kx/1w86q/epKcmte75LNrEoT+lX8pBpavuAbvJWRXar7Hz8jrtF+e3vY751p0R8H9HdArwaCTNDDzHg/ScJK1Q=="
    },
    "rss@1.2.2": {
      "integrity": "sha512-xUhRTgslHeCBeHAqaWSbOYTydN2f0tAzNXvzh3stjz7QDhQMzdgHf3pfgNIngeytQflrFPfy6axHilTETr6gDg==",
      "dependencies": [
        "mime-types",
        "xml"
      ]
    },
    "sanitize-html@2.13.1": {
      "integrity": "sha512-ZXtKq89oue4RP7abL9wp/9URJcqQNABB5GGJ2acW1sdO8JTVl92f4ygD7Yc9Ze09VAZhnt2zegeU0tbNsdcLYg==",
      "dependencies": [
        "deepmerge",
        "escape-string-regexp",
        "htmlparser2",
        "is-plain-object",
        "parse-srcset",
        "postcss"
      ]
    },
    "sax@1.4.1": {
      "integrity": "sha512-+aWOz7yVScEGoKNd4PA10LZ8sk0A/z5+nXQG5giUO5rprX9jgYsTdov9qCchZiPIZezbZH+jRut8nPodFAX4Jg=="
    },
    "sitemap@8.0.0": {
      "integrity": "sha512-+AbdxhM9kJsHtruUF39bwS/B0Fytw6Fr1o4ZAIAEqA6cke2xcoO2GleBw9Zw7nRzILVEgz7zBM5GiTJjie1G9A==",
      "dependencies": [
        "@types/node@17.0.45",
        "@types/sax",
        "arg",
        "sax"
      ]
    },
    "source-map-js@1.2.1": {
      "integrity": "sha512-UXWMKhLOwVKb728IUtQPXxfYU+usdybtUrK/8uGE8CQMvrhOpwvzDBwj0QhSL7MQc7vIsISBG8VQ8+IDQxpfQA=="
    },
    "undici-types@6.19.8": {
      "integrity": "sha512-ve2KP6f/JnbPBFyobGHuerC9g1FYGn/F8n1LWTwNxCEzd6IfqTwUQcNXgEtmmQ6DlRrC1hrSrBnCZPokRrDHjw=="
    },
    "xml@1.0.1": {
      "integrity": "sha512-huCv9IH9Tcf95zuYCsQraZtWnJvBtLVE0QHMOs8bWyZAFZNDcYjsPq1nEx8jKA9y+Beo9v+7OBPRisQTjinQMw=="
    }
  },
  "redirects": {
    "https://deno.land/x/deno_sitemap/mod.ts": "https://deno.land/x/deno_sitemap@0.1.3/mod.ts"
  },
  "remote": {
    "https://deno.land/std@0.182.0/fmt/colors.ts": "d67e3cd9f472535241a8e410d33423980bec45047e343577554d3356e1f0ef4e",
    "https://deno.land/std@0.182.0/testing/_diff.ts": "1a3c044aedf77647d6cac86b798c6417603361b66b54c53331b312caeb447aea",
    "https://deno.land/std@0.182.0/testing/_format.ts": "a69126e8a469009adf4cf2a50af889aca364c349797e63174884a52ff75cf4c7",
    "https://deno.land/std@0.182.0/testing/asserts.ts": "e16d98b4d73ffc4ed498d717307a12500ae4f2cbe668f1a215632d19fcffc22f",
    "https://deno.land/x/deno_sitemap@0.1.3/deps.ts": "b4bb496e0fe71d730a13f12963d36ce6577161d997663ca2977588f8073ae077",
    "https://deno.land/x/deno_sitemap@0.1.3/mod.ts": "20ce9cb3a83943d1973a13db4601144952629e888e6f5b3c82902f49c48bcfde",
    "https://deno.land/x/xml@2.1.0/mod.ts": "4a314a7a28d1ec92f899ce4c6991f0356c77550a75955ec3f4a36733f08548e8",
    "https://deno.land/x/xml@2.1.0/parse.ts": "614b8648345ae93c641368836947484d321c7ac9312ae12ec750434353cd7385",
    "https://deno.land/x/xml@2.1.0/stringify.ts": "930d35431f153b29d36549cff08fcfbe978e52ccb56af1e3baa2e0760f418b04",
    "https://deno.land/x/xml@2.1.0/utils/parser.ts": "d90380a807e083fcad68ee18e63e62b49c2239009c46592ece82dc8df65f4530",
    "https://deno.land/x/xml@2.1.0/utils/stream.ts": "056e2f368d47932d77e431bbc4a8292359171cc9ce881ea31ce0aae30d763e68",
    "https://deno.land/x/xml@2.1.0/utils/streamable.ts": "1603a5f10c859b95d4e9502365a0fba0b19d5d068356e20d5a6813cd37fee780",
    "https://deno.land/x/xml@2.1.0/utils/stringifier.ts": "6c828e8391808c9e5381ff62299984950c903f976f5afc98250f9ee276d08f93",
    "https://deno.land/x/xml@2.1.0/utils/types.ts": "5fc5c558337b8a82016629117e7fa348faec50951c878d14d293843aa5e92e1d"
  },
  "workspace": {
    "dependencies": [
      "jsr:@deno/gfm@0.9",
      "jsr:@libs/xml@6",
      "jsr:@smallweb/types@0.1",
      "jsr:@std/front-matter@^1.0.5",
      "jsr:@std/fs@^1.0.5",
      "jsr:@std/media-types@^1.0.3",
      "jsr:@std/path@^1.0.6",
      "jsr:@std/yaml@^1.0.5",
      "npm:commander@^12.1.0",
      "npm:hono@^4.6.3",
      "npm:minisearch@^7.1.0",
      "npm:rss@^1.2.2"
    ]
  }
}
