{
  "version": "4",
  "specifiers": {
    "jsr:@cliffy/command@1.0.0-rc.4": "1.0.0-rc.4",
    "jsr:@cliffy/flags@1.0.0-rc.4": "1.0.0-rc.4",
    "jsr:@cliffy/table@1.0.0-rc.4": "1.0.0-rc.4",
    "jsr:@deno/cache-dir@~0.10.1": "0.10.1",
    "jsr:@deno/graph@~0.73.1": "0.73.1",
    "jsr:@hono/hono@4.4.8": "4.4.8",
    "jsr:@jollytoad/import-content@*": "1.1.0",
    "jsr:@jollytoad/import-content@1.1.0": "1.1.0",
    "jsr:@nfnitloop/deno-embedder@1.4.1": "1.4.1",
    "jsr:@nfnitloop/deno-embedder@1.4.7": "1.4.7",
    "jsr:@nfnitloop/deno-embedder@1.4.8": "1.4.8",
    "jsr:@nfnitloop/deno-embedder@^1.4.1": "1.4.1",
    "jsr:@smallweb/embed@0.0.1": "0.0.1",
    "jsr:@std/assert@0.196": "0.196.0",
    "jsr:@std/assert@0.221": "0.221.0",
    "jsr:@std/assert@0.223": "0.223.0",
    "jsr:@std/assert@0.225": "0.225.3",
    "jsr:@std/assert@0.226": "0.226.0",
    "jsr:@std/async@0.196.0": "0.196.0",
    "jsr:@std/bytes@0.223": "0.223.0",
    "jsr:@std/cli@^1.0.0-rc.4": "1.0.0-rc.4",
    "jsr:@std/cli@^1.0.6": "1.0.6",
    "jsr:@std/console@0.221": "0.221.0",
    "jsr:@std/encoding@0.224.0": "0.224.0",
    "jsr:@std/encoding@1.0.1": "1.0.1",
    "jsr:@std/encoding@^1.0.1": "1.0.1",
    "jsr:@std/encoding@^1.0.5": "1.0.5",
    "jsr:@std/fmt@0.221": "0.221.0",
    "jsr:@std/fmt@0.223": "0.223.0",
    "jsr:@std/fmt@^1.0.2": "1.0.2",
    "jsr:@std/fmt@~0.225.6": "0.225.6",
    "jsr:@std/fs@*": "0.229.0",
    "jsr:@std/fs@0.223": "0.223.0",
    "jsr:@std/fs@0.229.0": "0.229.0",
    "jsr:@std/fs@^1.0.4": "1.0.4",
    "jsr:@std/http@*": "1.0.7",
    "jsr:@std/http@1.0.0-rc.3": "1.0.0-rc.3",
    "jsr:@std/http@^1.0.7": "1.0.7",
    "jsr:@std/io@0.223": "0.223.0",
    "jsr:@std/media-types@0.224.0": "0.224.0",
    "jsr:@std/media-types@1.0.0": "1.0.0",
    "jsr:@std/media-types@^1.0.1": "1.0.1",
    "jsr:@std/media-types@^1.0.3": "1.0.3",
    "jsr:@std/media-types@~0.224.1": "0.224.1",
    "jsr:@std/net@^1.0.4": "1.0.4",
    "jsr:@std/net@~0.224.5": "0.224.5",
    "jsr:@std/path@*": "0.225.2",
    "jsr:@std/path@0.223": "0.223.0",
    "jsr:@std/path@0.225": "0.225.2",
    "jsr:@std/path@0.225.0": "0.225.0",
    "jsr:@std/path@1.0.0": "1.0.0",
    "jsr:@std/path@1.0.0-rc.4": "1.0.0-rc.4",
    "jsr:@std/path@^1.0.4": "1.0.6",
    "jsr:@std/path@^1.0.6": "1.0.6",
    "jsr:@std/streams@^1.0.0-rc.2": "1.0.0-rc.2",
    "jsr:@std/streams@^1.0.6": "1.0.6",
    "jsr:@std/text@0.221": "0.221.0",
    "npm:hono@^4.6.3": "4.6.3",
    "npm:unstorage@^1.12.0": "1.12.0"
  },
  "jsr": {
    "@cliffy/command@1.0.0-rc.4": {
      "integrity": "709884ffe0f53ce3edafa92b58223634397878fbf6dcabe0c74ea0108273b9f7",
      "dependencies": [
        "jsr:@cliffy/flags",
        "jsr:@cliffy/table",
        "jsr:@std/fmt@0.221",
        "jsr:@std/text"
      ]
    },
    "@cliffy/flags@1.0.0-rc.4": {
      "integrity": "29f370ade4ddf6e150a4d25fc44661234c19870ffcf7fb07cd100f1843fcd6e1"
    },
    "@cliffy/table@1.0.0-rc.4": {
      "integrity": "990e4e0b3910e6c9cf7a5b4318b8f5e121cf681494c94fd113febb9b4d4c0741",
      "dependencies": [
        "jsr:@std/console"
      ]
    },
    "@deno/cache-dir@0.10.1": {
      "integrity": "30f0a3b975df62adebd859a56f285873c56c6e68190e4370c7a539c6664559ad",
      "dependencies": [
        "jsr:@deno/graph",
        "jsr:@std/fmt@0.223",
        "jsr:@std/fs@0.223",
        "jsr:@std/io",
        "jsr:@std/path@0.223"
      ]
    },
    "@deno/graph@0.73.1": {
      "integrity": "cd69639d2709d479037d5ce191a422eabe8d71bb68b0098344f6b07411c84d41"
    },
    "@hono/hono@4.4.8": {
      "integrity": "6b387c666d4a1d2f50fbf7968ecaa73eb37690d08be0f5f3efe2d15dd6a679ce"
    },
    "@jollytoad/import-content@1.1.0": {
      "integrity": "804d99837497fa7948004e2f9f8b20ba45fba0183560337f495efddd0160442a",
      "dependencies": [
        "jsr:@deno/cache-dir"
      ]
    },
    "@nfnitloop/deno-embedder@1.4.1": {
      "integrity": "05f1557820fad642103f5e0d79cb51385ce19d8246dc1be331fd6ee92e3185f9",
      "dependencies": [
        "jsr:@cliffy/command",
        "jsr:@std/async",
        "jsr:@std/encoding@0.224.0",
        "jsr:@std/fs@0.229.0",
        "jsr:@std/path@0.225.0"
      ]
    },
    "@nfnitloop/deno-embedder@1.4.7": {
      "integrity": "50a2bb6d271f2e52aa28362bbfa14773406a343de8be49ef5e5b6a5722d31391",
      "dependencies": [
        "jsr:@cliffy/command",
        "jsr:@std/async",
        "jsr:@std/encoding@0.224.0",
        "jsr:@std/fs@0.229.0",
        "jsr:@std/path@0.225.0"
      ]
    },
    "@nfnitloop/deno-embedder@1.4.8": {
      "integrity": "71937308311e52a09b37b76ce781cbc1c0f23ae9b0fc461554056b2b766ba9e3",
      "dependencies": [
        "jsr:@cliffy/command",
        "jsr:@std/async",
        "jsr:@std/encoding@0.224.0",
        "jsr:@std/fs@0.229.0",
        "jsr:@std/path@0.225.0"
      ]
    },
    "@smallweb/embed@0.0.1": {
      "integrity": "f216bf60ac477ae37c459f3cc145a7b0708d684b5f4ecddb493855d00b19edd2",
      "dependencies": [
        "jsr:@std/encoding@1.0.1"
      ]
    },
    "@std/assert@0.196.0": {
      "integrity": "ede8c09c2bb176dc9356c04d2548412e492a58dcf73aad0965695a4d8336f66b"
    },
    "@std/assert@0.221.0": {
      "integrity": "a5f1aa6e7909dbea271754fd4ab3f4e687aeff4873b4cef9a320af813adb489a"
    },
    "@std/assert@0.223.0": {
      "integrity": "eb8d6d879d76e1cc431205bd346ed4d88dc051c6366365b1af47034b0670be24"
    },
    "@std/assert@0.225.3": {
      "integrity": "b3c2847aecf6955b50644cdb9cf072004ea3d1998dd7579fc0acb99dbb23bd4f"
    },
    "@std/assert@0.226.0": {
      "integrity": "0dfb5f7c7723c18cec118e080fec76ce15b4c31154b15ad2bd74822603ef75b3"
    },
    "@std/async@0.196.0": {
      "integrity": "bd572776dfdf94bcbe00ceea1263e06f0c0060ff258f8a5cf644c5b43992755a",
      "dependencies": [
        "jsr:@std/assert@0.196"
      ]
    },
    "@std/bytes@0.223.0": {
      "integrity": "84b75052cd8680942c397c2631318772b295019098f40aac5c36cead4cba51a8"
    },
    "@std/cli@1.0.0-rc.4": {
      "integrity": "9d31e98166f3bd1c534a935d0408367b6ca01f8116b2414639ea65762fbc6973"
    },
    "@std/cli@1.0.6": {
      "integrity": "d22d8b38c66c666d7ad1f2a66c5b122da1704f985d3c47f01129f05abb6c5d3d"
    },
    "@std/console@0.221.0": {
      "integrity": "8f2afc1f3f14f5d6039c0c767f057e4aa1897d2210e167c4667cb155cafb9d11"
    },
    "@std/encoding@0.224.0": {
      "integrity": "efb6dca97d3e9c31392bd5c8cfd9f9fc9decf5a1f4d1f78af7900a493bcf89b5"
    },
    "@std/encoding@1.0.1": {
      "integrity": "5955c6c542ebb4ce6587c3b548dc71e07a6c27614f1976d1d3887b1196cf4e65"
    },
    "@std/encoding@1.0.5": {
      "integrity": "ecf363d4fc25bd85bd915ff6733a7e79b67e0e7806334af15f4645c569fefc04"
    },
    "@std/fmt@0.221.0": {
      "integrity": "379fed69bdd9731110f26b9085aeb740606b20428ce6af31ef6bd45ef8efa62a"
    },
    "@std/fmt@0.223.0": {
      "integrity": "6deb37794127dfc7d7bded2586b9fc6f5d50e62a8134846608baf71ffc1a5208"
    },
    "@std/fmt@0.225.6": {
      "integrity": "aba6aea27f66813cecfd9484e074a9e9845782ab0685c030e453a8a70b37afc8"
    },
    "@std/fmt@1.0.2": {
      "integrity": "87e9dfcdd3ca7c066e0c3c657c1f987c82888eb8103a3a3baa62684ffeb0f7a7"
    },
    "@std/fs@0.223.0": {
      "integrity": "3b4b0550b2c524cbaaa5a9170c90e96cbb7354e837ad1bdaf15fc9df1ae9c31c"
    },
    "@std/fs@0.229.0": {
      "integrity": "c353340334dd25b879c4e6e72371b2664da2bd41b633b5837c7249c04d90903d",
      "dependencies": [
        "jsr:@std/assert@0.225",
        "jsr:@std/path@0.225"
      ]
    },
    "@std/fs@1.0.4": {
      "integrity": "2907d32d8d1d9e540588fd5fe0ec21ee638134bd51df327ad4e443aaef07123c",
      "dependencies": [
        "jsr:@std/path@^1.0.6"
      ]
    },
    "@std/http@1.0.0-rc.3": {
      "integrity": "a4d0824b9f2f3e63d8a20d02233181b5e090825e760779df9ed23a98ad45a5eb",
      "dependencies": [
        "jsr:@std/cli@^1.0.0-rc.4",
        "jsr:@std/encoding@^1.0.1",
        "jsr:@std/fmt@~0.225.6",
        "jsr:@std/media-types@^1.0.1",
        "jsr:@std/net@~0.224.5",
        "jsr:@std/path@1.0.0-rc.4",
        "jsr:@std/streams@^1.0.0-rc.2"
      ]
    },
    "@std/http@1.0.7": {
      "integrity": "9b904fc256678a5c9759f1a53a24a3fdcc59d83dc62099bb472683b6f819194c",
      "dependencies": [
        "jsr:@std/cli@^1.0.6",
        "jsr:@std/encoding@^1.0.5",
        "jsr:@std/fmt@^1.0.2",
        "jsr:@std/media-types@^1.0.3",
        "jsr:@std/net@^1.0.4",
        "jsr:@std/path@^1.0.6",
        "jsr:@std/streams@^1.0.6"
      ]
    },
    "@std/io@0.223.0": {
      "integrity": "2d8c3c2ab3a515619b90da2c6ff5ea7b75a94383259ef4d02116b228393f84f1",
      "dependencies": [
        "jsr:@std/assert@0.223",
        "jsr:@std/bytes"
      ]
    },
    "@std/media-types@0.224.0": {
      "integrity": "5ac87989393f8cb1c81bee02aef6f5d4c8289b416deabc04f9ad25dff292d0b0"
    },
    "@std/media-types@0.224.1": {
      "integrity": "9e69a5daed37c5b5c6d3ce4731dc191f80e67f79bed392b0957d1d03b87f11e1"
    },
    "@std/media-types@1.0.0": {
      "integrity": "58ff81ce1f7af8c46304a52482db804c42936492daad19c0bd5d887832737d2b"
    },
    "@std/media-types@1.0.1": {
      "integrity": "f2ddc3497be0bd87ac0c9b9b26bb454f76bdc45e1b9a12146af47fab3ba2828c"
    },
    "@std/media-types@1.0.3": {
      "integrity": "b12d30a7852f7578f4d210622df713bbfd1cbdd9b4ec2eaf5c1845ab70bab159"
    },
    "@std/net@0.224.5": {
      "integrity": "9c2ae90a5c3dc7771da5ae5e13b6f7d5d0b316c1954c5d53f2bfc1129fb757ff"
    },
    "@std/net@1.0.4": {
      "integrity": "2f403b455ebbccf83d8a027d29c5a9e3a2452fea39bb2da7f2c04af09c8bc852"
    },
    "@std/path@0.223.0": {
      "integrity": "593963402d7e6597f5a6e620931661053572c982fc014000459edc1f93cc3989",
      "dependencies": [
        "jsr:@std/assert@0.223"
      ]
    },
    "@std/path@0.225.0": {
      "integrity": "044ed8d9ca76fa997ff1d30d48fc7756b4389bf6ce1ff9710633a2d174343bb3",
      "dependencies": [
        "jsr:@std/assert@0.225"
      ]
    },
    "@std/path@0.225.2": {
      "integrity": "0f2db41d36b50ef048dcb0399aac720a5348638dd3cb5bf80685bf2a745aa506",
      "dependencies": [
        "jsr:@std/assert@0.226"
      ]
    },
    "@std/path@1.0.0-rc.4": {
      "integrity": "2be56452bb0b42ebe4798c5db0ee74efec71b3a7d14b3e406041b538cf9316c9"
    },
    "@std/path@1.0.0": {
      "integrity": "77fcb858b6e38777d1154df0f02245ba0b07e2c40ca3c0eec57c9233188c2d21"
    },
    "@std/path@1.0.6": {
      "integrity": "ab2c55f902b380cf28e0eec501b4906e4c1960d13f00e11cfbcd21de15f18fed"
    },
    "@std/streams@1.0.0-rc.2": {
      "integrity": "dbd7509155f8564b0b8932f2fbb7de25d75028aa9ebd8c19d92cc074ccb4a835"
    },
    "@std/streams@1.0.6": {
      "integrity": "022ed94e380d06b4d91c49eb70241b7289ab78b8c2b4c4bbb7eb265e4997c25c"
    },
    "@std/text@0.221.0": {
      "integrity": "a2f89ceb0d8851cd33e6774064621a1da9fbc36578cf4f02c5b5bcd7e8c84b67",
      "dependencies": [
        "jsr:@std/assert@0.221"
      ]
    }
  },
  "npm": {
    "@parcel/watcher-android-arm64@2.4.1": {
      "integrity": "sha512-LOi/WTbbh3aTn2RYddrO8pnapixAziFl6SMxHM69r3tvdSm94JtCenaKgk1GRg5FJ5wpMCpHeW+7yqPlvZv7kg=="
    },
    "@parcel/watcher-darwin-arm64@2.4.1": {
      "integrity": "sha512-ln41eihm5YXIY043vBrrHfn94SIBlqOWmoROhsMVTSXGh0QahKGy77tfEywQ7v3NywyxBBkGIfrWRHm0hsKtzA=="
    },
    "@parcel/watcher-darwin-x64@2.4.1": {
      "integrity": "sha512-yrw81BRLjjtHyDu7J61oPuSoeYWR3lDElcPGJyOvIXmor6DEo7/G2u1o7I38cwlcoBHQFULqF6nesIX3tsEXMg=="
    },
    "@parcel/watcher-freebsd-x64@2.4.1": {
      "integrity": "sha512-TJa3Pex/gX3CWIx/Co8k+ykNdDCLx+TuZj3f3h7eOjgpdKM+Mnix37RYsYU4LHhiYJz3DK5nFCCra81p6g050w=="
    },
    "@parcel/watcher-linux-arm-glibc@2.4.1": {
      "integrity": "sha512-4rVYDlsMEYfa537BRXxJ5UF4ddNwnr2/1O4MHM5PjI9cvV2qymvhwZSFgXqbS8YoTk5i/JR0L0JDs69BUn45YA=="
    },
    "@parcel/watcher-linux-arm64-glibc@2.4.1": {
      "integrity": "sha512-BJ7mH985OADVLpbrzCLgrJ3TOpiZggE9FMblfO65PlOCdG++xJpKUJ0Aol74ZUIYfb8WsRlUdgrZxKkz3zXWYA=="
    },
    "@parcel/watcher-linux-arm64-musl@2.4.1": {
      "integrity": "sha512-p4Xb7JGq3MLgAfYhslU2SjoV9G0kI0Xry0kuxeG/41UfpjHGOhv7UoUDAz/jb1u2elbhazy4rRBL8PegPJFBhA=="
    },
    "@parcel/watcher-linux-x64-glibc@2.4.1": {
      "integrity": "sha512-s9O3fByZ/2pyYDPoLM6zt92yu6P4E39a03zvO0qCHOTjxmt3GHRMLuRZEWhWLASTMSrrnVNWdVI/+pUElJBBBg=="
    },
    "@parcel/watcher-linux-x64-musl@2.4.1": {
      "integrity": "sha512-L2nZTYR1myLNST0O632g0Dx9LyMNHrn6TOt76sYxWLdff3cB22/GZX2UPtJnaqQPdCRoszoY5rcOj4oMTtp5fQ=="
    },
    "@parcel/watcher-wasm@2.4.1": {
      "integrity": "sha512-/ZR0RxqxU/xxDGzbzosMjh4W6NdYFMqq2nvo2b8SLi7rsl/4jkL8S5stIikorNkdR50oVDvqb/3JT05WM+CRRA==",
      "dependencies": [
        "is-glob",
        "micromatch",
        "napi-wasm"
      ]
    },
    "@parcel/watcher-win32-arm64@2.4.1": {
      "integrity": "sha512-Uq2BPp5GWhrq/lcuItCHoqxjULU1QYEcyjSO5jqqOK8RNFDBQnenMMx4gAl3v8GiWa59E9+uDM7yZ6LxwUIfRg=="
    },
    "@parcel/watcher-win32-ia32@2.4.1": {
      "integrity": "sha512-maNRit5QQV2kgHFSYwftmPBxiuK5u4DXjbXx7q6eKjq5dsLXZ4FJiVvlcw35QXzk0KrUecJmuVFbj4uV9oYrcw=="
    },
    "@parcel/watcher-win32-x64@2.4.1": {
      "integrity": "sha512-+DvS92F9ezicfswqrvIRM2njcYJbd5mb9CUgtrHCHmvn7pPPa+nMDRu1o1bYYz/l5IB2NVGNJWiH7h1E58IF2A=="
    },
    "@parcel/watcher@2.4.1": {
      "integrity": "sha512-HNjmfLQEVRZmHRET336f20H/8kOozUGwk7yajvsonjNxbj2wBTK1WsQuHkD5yYh9RxFGL2EyDHryOihOwUoKDA==",
      "dependencies": [
        "@parcel/watcher-android-arm64",
        "@parcel/watcher-darwin-arm64",
        "@parcel/watcher-darwin-x64",
        "@parcel/watcher-freebsd-x64",
        "@parcel/watcher-linux-arm-glibc",
        "@parcel/watcher-linux-arm64-glibc",
        "@parcel/watcher-linux-arm64-musl",
        "@parcel/watcher-linux-x64-glibc",
        "@parcel/watcher-linux-x64-musl",
        "@parcel/watcher-win32-arm64",
        "@parcel/watcher-win32-ia32",
        "@parcel/watcher-win32-x64",
        "detect-libc",
        "is-glob",
        "micromatch",
        "node-addon-api"
      ]
    },
    "acorn@8.12.1": {
      "integrity": "sha512-tcpGyI9zbizT9JbV6oYE477V6mTlXvvi0T0G3SNIYE2apm/G5huBa1+K89VGeovbg+jycCrfhl3ADxErOuO6Jg=="
    },
    "anymatch@3.1.3": {
      "integrity": "sha512-KMReFUr0B4t+D+OBkjR3KYqvocp2XaSzO55UcB6mgQMd3KbcE+mWTyvVV7D/zsdEbNnV6acZUutkiHQXvTr1Rw==",
      "dependencies": [
        "normalize-path",
        "picomatch"
      ]
    },
    "binary-extensions@2.3.0": {
      "integrity": "sha512-Ceh+7ox5qe7LJuLHoY0feh3pHuUDHAcRUeyL2VYghZwfpkNIy/+8Ocg0a3UuSoYzavmylwuLWQOf3hl0jjMMIw=="
    },
    "braces@3.0.3": {
      "integrity": "sha512-yQbXgO/OSZVD2IsiLlro+7Hf6Q18EJrKSEsdoMzKePKXct3gvD8oLcOQdIzGupr5Fj+EDe8gO/lxc1BzfMpxvA==",
      "dependencies": [
        "fill-range"
      ]
    },
    "chokidar@3.6.0": {
      "integrity": "sha512-7VT13fmjotKpGipCW9JEQAusEPE+Ei8nl6/g4FBAmIm0GOOLMua9NDDo/DWp0ZAxCr3cPq5ZpBqmPAQgDda2Pw==",
      "dependencies": [
        "anymatch",
        "braces",
        "fsevents",
        "glob-parent",
        "is-binary-path",
        "is-glob",
        "normalize-path",
        "readdirp"
      ]
    },
    "citty@0.1.6": {
      "integrity": "sha512-tskPPKEs8D2KPafUypv2gxwJP8h/OaJmC82QQGGDQcHvXX43xF2VDACcJVmZ0EuSxkpO9Kc4MlrA3q0+FG58AQ==",
      "dependencies": [
        "consola"
      ]
    },
    "clipboardy@4.0.0": {
      "integrity": "sha512-5mOlNS0mhX0707P2I0aZ2V/cmHUEO/fL7VFLqszkhUsxt7RwnmrInf/eEQKlf5GzvYeHIjT+Ov1HRfNmymlG0w==",
      "dependencies": [
        "execa",
        "is-wsl",
        "is64bit"
      ]
    },
    "confbox@0.1.7": {
      "integrity": "sha512-uJcB/FKZtBMCJpK8MQji6bJHgu1tixKPxRLeGkNzBoOZzpnZUJm0jm2/sBDWcuBx1dYgxV4JU+g5hmNxCyAmdA=="
    },
    "consola@3.2.3": {
      "integrity": "sha512-I5qxpzLv+sJhTVEoLYNcTW+bThDCPsit0vLNKShZx6rLtpilNpmmeTPaeqJb9ZE9dV3DGaeby6Vuhrw38WjeyQ=="
    },
    "cookie-es@1.2.2": {
      "integrity": "sha512-+W7VmiVINB+ywl1HGXJXmrqkOhpKrIiVZV6tQuV54ZyQC7MMuBt81Vc336GMLoHBq5hV/F9eXgt5Mnx0Rha5Fg=="
    },
    "cross-spawn@7.0.3": {
      "integrity": "sha512-iRDPJKUPVEND7dHPO8rkbOnPpyDygcDFtWjpeWNCgy8WP2rXcxXL8TskReQl6OrB2G7+UJrags1q15Fudc7G6w==",
      "dependencies": [
        "path-key@3.1.1",
        "shebang-command",
        "which"
      ]
    },
    "crossws@0.2.4": {
      "integrity": "sha512-DAxroI2uSOgUKLz00NX6A8U/8EE3SZHmIND+10jkVSaypvyt57J5JEOxAQOL6lQxyzi/wZbTIwssU1uy69h5Vg=="
    },
    "defu@6.1.4": {
      "integrity": "sha512-mEQCMmwJu317oSz8CwdIOdwf3xMif1ttiM8LTufzc3g6kR+9Pe236twL8j3IYT1F7GfRgGcW6MWxzZjLIkuHIg=="
    },
    "destr@2.0.3": {
      "integrity": "sha512-2N3BOUU4gYMpTP24s5rF5iP7BDr7uNTCs4ozw3kf/eKfvWSIu93GEBi5m427YoyJoeOzQ5smuu4nNAPGb8idSQ=="
    },
    "detect-libc@1.0.3": {
      "integrity": "sha512-pGjwhsmsp4kL2RTz08wcOlGN83otlqHeD/Z5T8GXZB+/YcpQ/dgo+lbU8ZsGxV0HIvqqxo9l7mqYwyYMD9bKDg=="
    },
    "execa@8.0.1": {
      "integrity": "sha512-VyhnebXciFV2DESc+p6B+y0LjSm0krU4OgJN44qFAhBY0TJ+1V61tYD2+wHusZ6F9n5K+vl8k0sTy7PEfV4qpg==",
      "dependencies": [
        "cross-spawn",
        "get-stream",
        "human-signals",
        "is-stream",
        "merge-stream",
        "npm-run-path",
        "onetime",
        "signal-exit",
        "strip-final-newline"
      ]
    },
    "fill-range@7.1.1": {
      "integrity": "sha512-YsGpe3WHLK8ZYi4tWDg2Jy3ebRz2rXowDxnld4bkQB00cc/1Zw9AWnC0i9ztDJitivtQvaI9KaLyKrc+hBW0yg==",
      "dependencies": [
        "to-regex-range"
      ]
    },
    "fsevents@2.3.3": {
      "integrity": "sha512-5xoDfX+fL7faATnagmWPpbFtwh/R77WmMMqqHGS65C3vvB0YHrgF+B1YmZ3441tMj5n63k0212XNoJwzlhffQw=="
    },
    "get-port-please@3.1.2": {
      "integrity": "sha512-Gxc29eLs1fbn6LQ4jSU4vXjlwyZhF5HsGuMAa7gqBP4Rw4yxxltyDUuF5MBclFzDTXO+ACchGQoeela4DSfzdQ=="
    },
    "get-stream@8.0.1": {
      "integrity": "sha512-VaUJspBffn/LMCJVoMvSAdmscJyS1auj5Zulnn5UoYcY531UWmdwhRWkcGKnGU93m5HSXP9LP2usOryrBtQowA=="
    },
    "glob-parent@5.1.2": {
      "integrity": "sha512-AOIgSQCepiJYwP3ARnGx+5VnTu2HBYdzbGP45eLw1vr3zB3vZLeyed1sC9hnbcOc9/SrMyM5RPQrkGz4aS9Zow==",
      "dependencies": [
        "is-glob"
      ]
    },
    "h3@1.12.0": {
      "integrity": "sha512-Zi/CcNeWBXDrFNlV0hUBJQR9F7a96RjMeAZweW/ZWkR9fuXrMcvKnSA63f/zZ9l0GgQOZDVHGvXivNN9PWOwhA==",
      "dependencies": [
        "cookie-es",
        "crossws",
        "defu",
        "destr",
        "iron-webcrypto",
        "ohash",
        "radix3",
        "ufo",
        "uncrypto",
        "unenv"
      ]
    },
    "hono@4.6.3": {
      "integrity": "sha512-0LeEuBNFeSHGqZ9sNVVgZjB1V5fmhkBSB0hZrpqStSMLOWgfLy0dHOvrjbJh0H2khsjet6rbHfWTHY0kpYThKQ=="
    },
    "http-shutdown@1.2.2": {
      "integrity": "sha512-S9wWkJ/VSY9/k4qcjG318bqJNruzE4HySUhFYknwmu6LBP97KLLfwNf+n4V1BHurvFNkSKLFnK/RsuUnRTf9Vw=="
    },
    "human-signals@5.0.0": {
      "integrity": "sha512-AXcZb6vzzrFAUE61HnN4mpLqd/cSIwNQjtNWR0euPm6y0iqx3G4gOXaIDdtdDwZmhwe82LA6+zinmW4UBWVePQ=="
    },
    "iron-webcrypto@1.2.1": {
      "integrity": "sha512-feOM6FaSr6rEABp/eDfVseKyTMDt+KGpeB35SkVn9Tyn0CqvVsY3EwI0v5i8nMHyJnzCIQf7nsy3p41TPkJZhg=="
    },
    "is-binary-path@2.1.0": {
      "integrity": "sha512-ZMERYes6pDydyuGidse7OsHxtbI7WVeUEozgR/g7rd0xUimYNlvZRE/K2MgZTjWy725IfelLeVcEM97mmtRGXw==",
      "dependencies": [
        "binary-extensions"
      ]
    },
    "is-docker@3.0.0": {
      "integrity": "sha512-eljcgEDlEns/7AXFosB5K/2nCM4P7FQPkGc/DWLy5rmFEWvZayGrik1d9/QIY5nJ4f9YsVvBkA6kJpHn9rISdQ=="
    },
    "is-extglob@2.1.1": {
      "integrity": "sha512-SbKbANkN603Vi4jEZv49LeVJMn4yGwsbzZworEoyEiutsN3nJYdbO36zfhGJ6QEDpOZIFkDtnq5JRxmvl3jsoQ=="
    },
    "is-glob@4.0.3": {
      "integrity": "sha512-xelSayHH36ZgE7ZWhli7pW34hNbNl8Ojv5KVmkJD4hBdD3th8Tfk9vYasLM+mXWOZhFkgZfxhLSnrwRr4elSSg==",
      "dependencies": [
        "is-extglob"
      ]
    },
    "is-inside-container@1.0.0": {
      "integrity": "sha512-KIYLCCJghfHZxqjYBE7rEy0OBuTd5xCHS7tHVgvCLkx7StIoaxwNW3hCALgEUjFfeRk+MG/Qxmp/vtETEF3tRA==",
      "dependencies": [
        "is-docker"
      ]
    },
    "is-number@7.0.0": {
      "integrity": "sha512-41Cifkg6e8TylSpdtTpeLVMqvSBEVzTttHvERD741+pnZ8ANv0004MRL43QKPDlK9cGvNp6NZWZUBlbGXYxxng=="
    },
    "is-stream@3.0.0": {
      "integrity": "sha512-LnQR4bZ9IADDRSkvpqMGvt/tEJWclzklNgSw48V5EAaAeDd6qGvN8ei6k5p0tvxSR171VmGyHuTiAOfxAbr8kA=="
    },
    "is-wsl@3.1.0": {
      "integrity": "sha512-UcVfVfaK4Sc4m7X3dUSoHoozQGBEFeDC+zVo06t98xe8CzHSZZBekNXH+tu0NalHolcJ/QAGqS46Hef7QXBIMw==",
      "dependencies": [
        "is-inside-container"
      ]
    },
    "is64bit@2.0.0": {
      "integrity": "sha512-jv+8jaWCl0g2lSBkNSVXdzfBA0npK1HGC2KtWM9FumFRoGS94g3NbCCLVnCYHLjp4GrW2KZeeSTMo5ddtznmGw==",
      "dependencies": [
        "system-architecture"
      ]
    },
    "isexe@2.0.0": {
      "integrity": "sha512-RHxMLp9lnKHGHRng9QFhRCMbYAcVpn69smSGcq3f36xjgVVWThj4qqLbTLlq7Ssj8B+fIQ1EuCEGI2lKsyQeIw=="
    },
    "jiti@2.0.0": {
      "integrity": "sha512-CJ7e7Abb779OTRv3lomfp7Mns/Sy1+U4pcAx5VbjxCZD5ZM/VJaXPpPjNKjtSvWQy/H86E49REXR34dl1JEz9w=="
    },
    "listhen@1.8.0": {
      "integrity": "sha512-Wj5hk++HPDqnG/0nc9++oXf8M3GlzObC6AJJJ9VYAVhVTdeW+t3HyeiKhK6Ro0GPhVd8lOYM75zsckrtzLB2Gw==",
      "dependencies": [
        "@parcel/watcher",
        "@parcel/watcher-wasm",
        "citty",
        "clipboardy",
        "consola",
        "crossws",
        "defu",
        "get-port-please",
        "h3",
        "http-shutdown",
        "jiti",
        "mlly",
        "node-forge",
        "pathe",
        "std-env",
        "ufo",
        "untun",
        "uqr"
      ]
    },
    "lru-cache@10.4.3": {
      "integrity": "sha512-JNAzZcXrCt42VGLuYz0zfAzDfAvJWW6AfYlDBQyDV5DClI2m5sAmK+OIO7s59XfsRsWHp02jAJrRadPRGTt6SQ=="
    },
    "merge-stream@2.0.0": {
      "integrity": "sha512-abv/qOcuPfk3URPfDzmZU1LKmuw8kT+0nIHvKrKgFrwifol/doWcdA4ZqsWQ8ENrFKkd67Mfpo/LovbIUsbt3w=="
    },
    "micromatch@4.0.8": {
      "integrity": "sha512-PXwfBhYu0hBCPw8Dn0E+WDYb7af3dSLVWKi3HGv84IdF4TyFoC0ysxFd0Goxw7nSv4T/PzEJQxsYsEiFCKo2BA==",
      "dependencies": [
        "braces",
        "picomatch"
      ]
    },
    "mime@3.0.0": {
      "integrity": "sha512-jSCU7/VB1loIWBZe14aEYHU/+1UMEHoaO7qxCOVJOw9GgH72VAWppxNcjU+x9a2k3GSIBXNKxXQFqRvvZ7vr3A=="
    },
    "mimic-fn@4.0.0": {
      "integrity": "sha512-vqiC06CuhBTUdZH+RYl8sFrL096vA45Ok5ISO6sE/Mr1jRbGH4Csnhi8f3wKVl7x8mO4Au7Ir9D3Oyv1VYMFJw=="
    },
    "mlly@1.7.1": {
      "integrity": "sha512-rrVRZRELyQzrIUAVMHxP97kv+G786pHmOKzuFII8zDYahFBS7qnHh2AlYSl1GAHhaMPCz6/oHjVMcfFYgFYHgA==",
      "dependencies": [
        "acorn",
        "pathe",
        "pkg-types",
        "ufo"
      ]
    },
    "mri@1.2.0": {
      "integrity": "sha512-tzzskb3bG8LvYGFF/mDTpq3jpI6Q9wc3LEmBaghu+DdCssd1FakN7Bc0hVNmEyGq1bq3RgfkCb3cmQLpNPOroA=="
    },
    "napi-wasm@1.1.3": {
      "integrity": "sha512-h/4nMGsHjZDCYmQVNODIrYACVJ+I9KItbG+0si6W/jSjdA9JbWDoU4LLeMXVcEQGHjttI2tuXqDrbGF7qkUHHg=="
    },
    "node-addon-api@7.1.1": {
      "integrity": "sha512-5m3bsyrjFWE1xf7nz7YXdN4udnVtXK6/Yfgn5qnahL6bCkf2yKt4k3nuTKAtT4r3IG8JNR2ncsIMdZuAzJjHQQ=="
    },
    "node-fetch-native@1.6.4": {
      "integrity": "sha512-IhOigYzAKHd244OC0JIMIUrjzctirCmPkaIfhDeGcEETWof5zKYUW7e7MYvChGWh/4CJeXEgsRyGzuF334rOOQ=="
    },
    "node-forge@1.3.1": {
      "integrity": "sha512-dPEtOeMvF9VMcYV/1Wb8CPoVAXtp6MKMlcbAt4ddqmGqUJ6fQZFXkNZNkNlfevtNkGtaSoXf/vNNNSvgrdXwtA=="
    },
    "normalize-path@3.0.0": {
      "integrity": "sha512-6eZs5Ls3WtCisHWp9S2GUy8dqkpGi4BVSz3GaqiE6ezub0512ESztXUwUB6C6IKbQkY2Pnb/mD4WYojCRwcwLA=="
    },
    "npm-run-path@5.3.0": {
      "integrity": "sha512-ppwTtiJZq0O/ai0z7yfudtBpWIoxM8yE6nHi1X47eFR2EWORqfbu6CnPlNsjeN683eT0qG6H/Pyf9fCcvjnnnQ==",
      "dependencies": [
        "path-key@4.0.0"
      ]
    },
    "ofetch@1.4.0": {
      "integrity": "sha512-MuHgsEhU6zGeX+EMh+8mSMrYTnsqJQQrpM00Q6QHMKNqQ0bKy0B43tk8tL1wg+CnsSTy1kg4Ir2T5Ig6rD+dfQ==",
      "dependencies": [
        "destr",
        "node-fetch-native",
        "ufo"
      ]
    },
    "ohash@1.1.4": {
      "integrity": "sha512-FlDryZAahJmEF3VR3w1KogSEdWX3WhA5GPakFx4J81kEAiHyLMpdLLElS8n8dfNadMgAne/MywcvmogzscVt4g=="
    },
    "onetime@6.0.0": {
      "integrity": "sha512-1FlR+gjXK7X+AsAHso35MnyN5KqGwJRi/31ft6x0M194ht7S+rWAvd7PHss9xSKMzE0asv1pyIHaJYq+BbacAQ==",
      "dependencies": [
        "mimic-fn"
      ]
    },
    "path-key@3.1.1": {
      "integrity": "sha512-ojmeN0qd+y0jszEtoY48r0Peq5dwMEkIlCOu6Q5f41lfkswXuKtYrhgoTpLnyIcHm24Uhqx+5Tqm2InSwLhE6Q=="
    },
    "path-key@4.0.0": {
      "integrity": "sha512-haREypq7xkM7ErfgIyA0z+Bj4AGKlMSdlQE2jvJo6huWD1EdkKYV+G/T4nq0YEF2vgTT8kqMFKo1uHn950r4SQ=="
    },
    "pathe@1.1.2": {
      "integrity": "sha512-whLdWMYL2TwI08hn8/ZqAbrVemu0LNaNNJZX73O6qaIdCTfXutsLhMkjdENX0qhsQ9uIimo4/aQOmXkoon2nDQ=="
    },
    "picomatch@2.3.1": {
      "integrity": "sha512-JU3teHTNjmE2VCGFzuY8EXzCDVwEqB2a8fsIvwaStHhAWJEeVd1o1QD80CU6+ZdEXXSLbSsuLwJjkCBWqRQUVA=="
    },
    "pkg-types@1.2.0": {
      "integrity": "sha512-+ifYuSSqOQ8CqP4MbZA5hDpb97n3E8SVWdJe+Wms9kj745lmd3b7EZJiqvmLwAlmRfjrI7Hi5z3kdBJ93lFNPA==",
      "dependencies": [
        "confbox",
        "mlly",
        "pathe"
      ]
    },
    "radix3@1.1.2": {
      "integrity": "sha512-b484I/7b8rDEdSDKckSSBA8knMpcdsXudlE/LNL639wFoHKwLbEkQFZHWEYwDC0wa0FKUcCY+GAF73Z7wxNVFA=="
    },
    "readdirp@3.6.0": {
      "integrity": "sha512-hOS089on8RduqdbhvQ5Z37A0ESjsqz6qnRcffsMU3495FuTdqSm+7bhJ29JvIOsBDEEnan5DPu9t3To9VRlMzA==",
      "dependencies": [
        "picomatch"
      ]
    },
    "shebang-command@2.0.0": {
      "integrity": "sha512-kHxr2zZpYtdmrN1qDjrrX/Z1rR1kG8Dx+gkpK1G4eXmvXswmcE1hTWBWYUzlraYw1/yZp6YuDY77YtvbN0dmDA==",
      "dependencies": [
        "shebang-regex"
      ]
    },
    "shebang-regex@3.0.0": {
      "integrity": "sha512-7++dFhtcx3353uBaq8DDR4NuxBetBzC7ZQOhmTQInHEd6bSrXdiEyzCvG07Z44UYdLShWUyXt5M/yhz8ekcb1A=="
    },
    "signal-exit@4.1.0": {
      "integrity": "sha512-bzyZ1e88w9O1iNJbKnOlvYTrWPDl46O1bG0D3XInv+9tkPrxrN8jUUTiFlDkkmKWgn1M6CfIA13SuGqOa9Korw=="
    },
    "std-env@3.7.0": {
      "integrity": "sha512-JPbdCEQLj1w5GilpiHAx3qJvFndqybBysA3qUOnznweH4QbNYUsW/ea8QzSrnh0vNsezMMw5bcVool8lM0gwzg=="
    },
    "strip-final-newline@3.0.0": {
      "integrity": "sha512-dOESqjYr96iWYylGObzd39EuNTa5VJxyvVAEm5Jnh7KGo75V43Hk1odPQkNDyXNmUR6k+gEiDVXnjB8HJ3crXw=="
    },
    "system-architecture@0.1.0": {
      "integrity": "sha512-ulAk51I9UVUyJgxlv9M6lFot2WP3e7t8Kz9+IS6D4rVba1tR9kON+Ey69f+1R4Q8cd45Lod6a4IcJIxnzGc/zA=="
    },
    "to-regex-range@5.0.1": {
      "integrity": "sha512-65P7iz6X5yEr1cwcgvQxbbIw7Uk3gOy5dIdtZ4rDveLqhrdJP+Li/Hx6tyK0NEb+2GCyneCMJiGqrADCSNk8sQ==",
      "dependencies": [
        "is-number"
      ]
    },
    "ufo@1.5.4": {
      "integrity": "sha512-UsUk3byDzKd04EyoZ7U4DOlxQaD14JUKQl6/P7wiX4FNvUfm3XL246n9W5AmqwW5RSFJ27NAuM0iLscAOYUiGQ=="
    },
    "uncrypto@0.1.3": {
      "integrity": "sha512-Ql87qFHB3s/De2ClA9e0gsnS6zXG27SkTiSJwjCc9MebbfapQfuPzumMIUMi38ezPZVNFcHI9sUIepeQfw8J8Q=="
    },
    "unenv@1.10.0": {
      "integrity": "sha512-wY5bskBQFL9n3Eca5XnhH6KbUo/tfvkwm9OpcdCvLaeA7piBNbavbOKJySEwQ1V0RH6HvNlSAFRTpvTqgKRQXQ==",
      "dependencies": [
        "consola",
        "defu",
        "mime",
        "node-fetch-native",
        "pathe"
      ]
    },
    "unstorage@1.12.0": {
      "integrity": "sha512-ARZYTXiC+e8z3lRM7/qY9oyaOkaozCeNd2xoz7sYK9fv7OLGhVsf+BZbmASqiK/HTZ7T6eAlnVq9JynZppyk3w==",
      "dependencies": [
        "anymatch",
        "chokidar",
        "destr",
        "h3",
        "listhen",
        "lru-cache",
        "mri",
        "node-fetch-native",
        "ofetch",
        "ufo"
      ]
    },
    "untun@0.1.3": {
      "integrity": "sha512-4luGP9LMYszMRZwsvyUd9MrxgEGZdZuZgpVQHEEX0lCYFESasVRvZd0EYpCkOIbJKHMuv0LskpXc/8Un+MJzEQ==",
      "dependencies": [
        "citty",
        "consola",
        "pathe"
      ]
    },
    "uqr@0.1.2": {
      "integrity": "sha512-MJu7ypHq6QasgF5YRTjqscSzQp/W11zoUk6kvmlH+fmWEs63Y0Eib13hYFwAzagRJcVY8WVnlV+eBDUGMJ5IbA=="
    },
    "which@2.0.2": {
      "integrity": "sha512-BLI3Tl1TW3Pvl70l3yq3Y64i+awpwXqsGBYWkkqMtnbXgrMD+yj7rhW0kuEDxzJaYXGjEW5ogapKNMEKNMjibA==",
      "dependencies": [
        "isexe"
      ]
    }
  },
  "workspace": {
    "dependencies": [
      "jsr:@std/encoding@^1.0.5",
      "jsr:@std/fs@^1.0.4",
      "jsr:@std/http@^1.0.7",
      "jsr:@std/path@^1.0.6",
      "npm:hono@^4.6.3",
      "npm:unstorage@^1.12.0"
    ]
  }
}
