{
  "version": "4",
  "specifiers": {
    "jsr:@pomdtr/lastlogin@0.3": "0.3.0",
    "jsr:@pomdtr/smallweb-codejar@~0.3.5": "0.3.5",
    "jsr:@smallweb/ctx@~0.1.1": "0.1.1",
    "jsr:@std/cli@^1.0.6": "1.0.6",
    "jsr:@std/encoding@^1.0.5": "1.0.5",
    "jsr:@std/fmt@^1.0.3": "1.0.3",
    "jsr:@std/fs@^1.0.5": "1.0.5",
    "jsr:@std/http@^1.0.9": "1.0.9",
    "jsr:@std/media-types@^1.0.3": "1.0.3",
    "jsr:@std/net@^1.0.4": "1.0.4",
    "jsr:@std/path@^1.0.6": "1.0.8",
    "jsr:@std/path@^1.0.7": "1.0.8",
    "jsr:@std/path@^1.0.8": "1.0.8",
    "jsr:@std/streams@^1.0.7": "1.0.8"
  },
  "jsr": {
    "@pomdtr/lastlogin@0.3.0": {
      "integrity": "0a2c634e990c627bb53a2f66132ee2a847a90a8a190f01c96f9d71d237a6ec53",
      "dependencies": [
        "jsr:@std/fs",
        "jsr:@std/http",
        "jsr:@std/path@^1.0.8"
      ]
    },
    "@pomdtr/smallweb-codejar@0.3.5": {
      "integrity": "8c1334302d67215341ea5316eaf0c029035d107441830779a4e02a9dcc0f83a4",
      "dependencies": [
        "jsr:@std/http",
        "jsr:@std/path@^1.0.6"
      ]
    },
    "@smallweb/ctx@0.1.1": {
      "integrity": "3776a680756a4f18fc5c0afa43c2b2461b0ac512b9dbdf5f6b62d33747c34b04"
    },
    "@std/cli@1.0.6": {
      "integrity": "d22d8b38c66c666d7ad1f2a66c5b122da1704f985d3c47f01129f05abb6c5d3d"
    },
    "@std/encoding@1.0.5": {
      "integrity": "ecf363d4fc25bd85bd915ff6733a7e79b67e0e7806334af15f4645c569fefc04"
    },
    "@std/fmt@1.0.3": {
      "integrity": "97765c16aa32245ff4e2204ecf7d8562496a3cb8592340a80e7e554e0bb9149f"
    },
    "@std/fs@1.0.5": {
      "integrity": "41806ad6823d0b5f275f9849a2640d87e4ef67c51ee1b8fb02426f55e02fd44e",
      "dependencies": [
        "jsr:@std/path@^1.0.7"
      ]
    },
    "@std/http@1.0.9": {
      "integrity": "d409fc319a5e8d4a154e576c758752e9700282d74f31357a12fec6420f9ecb6c",
      "dependencies": [
        "jsr:@std/cli",
        "jsr:@std/encoding",
        "jsr:@std/fmt",
        "jsr:@std/media-types",
        "jsr:@std/net",
        "jsr:@std/path@^1.0.7",
        "jsr:@std/streams"
      ]
    },
    "@std/media-types@1.0.3": {
      "integrity": "b12d30a7852f7578f4d210622df713bbfd1cbdd9b4ec2eaf5c1845ab70bab159"
    },
    "@std/net@1.0.4": {
      "integrity": "2f403b455ebbccf83d8a027d29c5a9e3a2452fea39bb2da7f2c04af09c8bc852"
    },
    "@std/path@1.0.8": {
      "integrity": "548fa456bb6a04d3c1a1e7477986b6cffbce95102d0bb447c67c4ee70e0364be"
    },
    "@std/streams@1.0.8": {
      "integrity": "b41332d93d2cf6a82fe4ac2153b930adf1a859392931e2a19d9fabfb6f154fb3"
    }
  },
  "workspace": {
    "dependencies": [
      "jsr:@pomdtr/lastlogin@0.3",
      "jsr:@pomdtr/smallweb-codejar@~0.3.5",
      "jsr:@smallweb/ctx@~0.1.1"
    ]
  }
}
