{
  "version": "4",
  "specifiers": {
    "jsr:@deno/gfm@0.10": "0.10.0",
    "jsr:@denosaurs/emoji@0.3": "0.3.1",
    "jsr:@smallweb/file-server@0.8.1": "0.8.1",
    "jsr:@smallweb/file-server@0.8.2": "0.8.2",
    "jsr:@std/cli@^1.0.12": "1.0.14",
    "jsr:@std/cli@^1.0.6": "1.0.7",
    "jsr:@std/collections@^1.0.9": "1.0.10",
    "jsr:@std/encoding@1.0.8": "1.0.8",
    "jsr:@std/encoding@^1.0.5": "1.0.5",
    "jsr:@std/encoding@^1.0.7": "1.0.8",
    "jsr:@std/fmt@^1.0.3": "1.0.3",
    "jsr:@std/fmt@^1.0.5": "1.0.6",
    "jsr:@std/front-matter@^1.0.7": "1.0.8",
    "jsr:@std/fs@^1.0.13": "1.0.14",
    "jsr:@std/html@1.0.3": "1.0.3",
    "jsr:@std/html@^1.0.3": "1.0.3",
    "jsr:@std/http@1.0.11": "1.0.11",
    "jsr:@std/http@1.0.12": "1.0.12",
    "jsr:@std/http@^1.0.13": "1.0.13",
    "jsr:@std/media-types@^1.1.0": "1.1.0",
    "jsr:@std/net@^1.0.4": "1.0.4",
    "jsr:@std/path@^1.0.6": "1.0.8",
    "jsr:@std/path@^1.0.8": "1.0.8",
    "jsr:@std/streams@^1.0.8": "1.0.8",
    "jsr:@std/streams@^1.0.9": "1.0.9",
    "jsr:@std/toml@^1.0.2": "1.0.2",
    "jsr:@std/yaml@^1.0.5": "1.0.5",
    "npm:@types/node@^22.9.3": "22.9.3",
    "npm:github-slugger@2": "2.0.0",
    "npm:he@^1.2.0": "1.2.0",
    "npm:katex@0.16": "0.16.21",
    "npm:marked-alert@2": "2.1.2_marked@12.0.2",
    "npm:marked-footnote@^1.2.0": "1.2.4_marked@12.0.2",
    "npm:marked-gfm-heading-id@^3.1.0": "3.2.0_marked@12.0.2",
    "npm:marked@12": "12.0.2",
    "npm:netlify-redirect-parser@^14.4.0": "14.4.0",
    "npm:prismjs@^1.29.0": "1.29.0",
    "npm:sanitize-html@^2.13.0": "2.14.0",
    "npm:vitepress@1.5.0": "1.5.0_vite@5.4.11__@types+node@22.9.3_vue@3.5.13_focus-trap@7.6.2_@types+node@22.9.3",
    "npm:vitepress@^1.5.0": "1.5.0_vite@5.4.11__@types+node@22.9.3_vue@3.5.13_focus-trap@7.6.2_@types+node@22.9.3"
  },
  "jsr": {
    "@deno/gfm@0.10.0": {
      "integrity": "51708205e3559a4aeb6afb29d07c5bfafe7941f91bb360351ef6621de9a39527",
      "dependencies": [
        "jsr:@denosaurs/emoji",
        "npm:github-slugger",
        "npm:he",
        "npm:katex",
        "npm:marked",
        "npm:marked-alert",
        "npm:marked-footnote",
        "npm:marked-gfm-heading-id",
        "npm:prismjs",
        "npm:sanitize-html"
      ]
    },
    "@denosaurs/emoji@0.3.1": {
      "integrity": "b0aed5f55dec99e83da7c9637fe0a36d1d6252b7c99deaaa3fc5dea3fcf3da8b"
    },
    "@smallweb/file-server@0.8.1": {
      "integrity": "db7116f285114a6b56ae78026964cff0044d4a96843e050ed577a402abfb988b",
      "dependencies": [
        "jsr:@deno/gfm",
        "jsr:@std/front-matter",
        "jsr:@std/fs",
        "jsr:@std/html@^1.0.3",
        "jsr:@std/http@^1.0.13",
        "jsr:@std/path@^1.0.6",
        "npm:netlify-redirect-parser"
      ]
    },
    "@smallweb/file-server@0.8.2": {
      "integrity": "f6c94c369f6700f5700fc05361f3d0a4599b0d6e7be514dd3b9cab4940814c66",
      "dependencies": [
        "jsr:@deno/gfm",
        "jsr:@std/front-matter",
        "jsr:@std/fs",
        "jsr:@std/html@^1.0.3",
        "jsr:@std/http@^1.0.13",
        "jsr:@std/path@^1.0.6",
        "npm:netlify-redirect-parser"
      ]
    },
    "@std/cli@1.0.7": {
      "integrity": "98359df9df586a69015ba570305183b0cb9e7d53c05ea2016ef9a3e77e82c7cd"
    },
    "@std/cli@1.0.13": {
      "integrity": "5db2d95ab2dca3bca9fb6ad3c19908c314e93d6391c8b026725e4892d4615a69"
    },
    "@std/cli@1.0.14": {
      "integrity": "b09ee9921cd476c0e08185ed2bfce682d45ecf4654f26c31b4aa244a2c5c024e"
    },
    "@std/collections@1.0.10": {
      "integrity": "903af106a3d92970d74e20f7ebff77d9658af9bef4403f1dc42a7801c0575899"
    },
    "@std/encoding@1.0.5": {
      "integrity": "ecf363d4fc25bd85bd915ff6733a7e79b67e0e7806334af15f4645c569fefc04"
    },
    "@std/encoding@1.0.7": {
      "integrity": "f631247c1698fef289f2de9e2a33d571e46133b38d042905e3eac3715030a82d"
    },
    "@std/encoding@1.0.8": {
      "integrity": "a6c8f3f933ab1bed66244f435d1dc0fd23a888e07195532122ddc3d5f8f0e6b4"
    },
    "@std/fmt@1.0.3": {
      "integrity": "97765c16aa32245ff4e2204ecf7d8562496a3cb8592340a80e7e554e0bb9149f"
    },
    "@std/fmt@1.0.5": {
      "integrity": "0cfab43364bc36650d83c425cd6d99910fc20c4576631149f0f987eddede1a4d"
    },
    "@std/fmt@1.0.6": {
      "integrity": "a2c56a69a2369876ddb3ad6a500bb6501b5bad47bb3ea16bfb0c18974d2661fc"
    },
    "@std/front-matter@1.0.7": {
      "integrity": "a9e577403b3c0ef6a6836b54bd2034db49be765d99807dd629f2c4466d345c3e",
      "dependencies": [
        "jsr:@std/toml",
        "jsr:@std/yaml"
      ]
    },
    "@std/front-matter@1.0.8": {
      "integrity": "1bcb74b491642e84393bfdcefb8c3ed018bccf601a6ad4cbbe8f7e81f2cf94ed",
      "dependencies": [
        "jsr:@std/toml",
        "jsr:@std/yaml"
      ]
    },
    "@std/fs@1.0.13": {
      "integrity": "756d3ff0ade91c9e72b228e8012b6ff00c3d4a4ac9c642c4dac083536bf6c605",
      "dependencies": [
        "jsr:@std/path@^1.0.8"
      ]
    },
    "@std/fs@1.0.14": {
      "integrity": "1e84bf0b95fe08f41f1f4aea9717bbf29f45408a56ce073b0114474ce1c9fccf",
      "dependencies": [
        "jsr:@std/path@^1.0.8"
      ]
    },
    "@std/html@1.0.3": {
      "integrity": "7a0ac35e050431fb49d44e61c8b8aac1ebd55937e0dc9ec6409aa4bab39a7988"
    },
    "@std/http@1.0.11": {
      "integrity": "f1928e69e7dcf1664e22d153934cb866bf31e1bbe4bc59f8ac1b4d0e98cb7558",
      "dependencies": [
        "jsr:@std/cli@^1.0.6",
        "jsr:@std/encoding@^1.0.5",
        "jsr:@std/fmt@^1.0.3",
        "jsr:@std/html@^1.0.3",
        "jsr:@std/media-types",
        "jsr:@std/net",
        "jsr:@std/path@^1.0.8",
        "jsr:@std/streams@^1.0.8"
      ]
    },
    "@std/http@1.0.12": {
      "integrity": "85246d8bfe9c8e2538518725b158bdc31f616e0869255f4a8d9e3de919cab2aa"
    },
    "@std/http@1.0.13": {
      "integrity": "d29618b982f7ae44380111f7e5b43da59b15db64101198bb5f77100d44eb1e1e",
      "dependencies": [
        "jsr:@std/cli@^1.0.12",
        "jsr:@std/encoding@^1.0.7",
        "jsr:@std/fmt@^1.0.5",
        "jsr:@std/html@^1.0.3",
        "jsr:@std/media-types",
        "jsr:@std/net",
        "jsr:@std/path@^1.0.8",
        "jsr:@std/streams@^1.0.9"
      ]
    },
    "@std/media-types@1.1.0": {
      "integrity": "c9d093f0c05c3512932b330e3cc1fe1d627b301db33a4c2c2185c02471d6eaa4"
    },
    "@std/net@1.0.4": {
      "integrity": "2f403b455ebbccf83d8a027d29c5a9e3a2452fea39bb2da7f2c04af09c8bc852"
    },
    "@std/path@1.0.8": {
      "integrity": "548fa456bb6a04d3c1a1e7477986b6cffbce95102d0bb447c67c4ee70e0364be"
    },
    "@std/streams@1.0.8": {
      "integrity": "b41332d93d2cf6a82fe4ac2153b930adf1a859392931e2a19d9fabfb6f154fb3"
    },
    "@std/streams@1.0.9": {
      "integrity": "a9d26b1988cdd7aa7b1f4b51e1c36c1557f3f252880fa6cc5b9f37078b1a5035"
    },
    "@std/toml@1.0.2": {
      "integrity": "5892ba489c5b512265a384238a8fe8dddbbb9498b4b210ef1b9f0336a423a39b",
      "dependencies": [
        "jsr:@std/collections"
      ]
    },
    "@std/yaml@1.0.5": {
      "integrity": "71ba3d334305ee2149391931508b2c293a8490f94a337eef3a09cade1a2a2742"
    }
  },
  "npm": {
    "@algolia/autocomplete-core@1.17.7_algoliasearch@5.15.0": {
      "integrity": "sha512-BjiPOW6ks90UKl7TwMv7oNQMnzU+t/wk9mgIDi6b1tXpUek7MW0lbNOUHpvam9pe3lVCf4xPFT+lK7s+e+fs7Q==",
      "dependencies": [
        "@algolia/autocomplete-plugin-algolia-insights",
        "@algolia/autocomplete-shared"
      ]
    },
    "@algolia/autocomplete-plugin-algolia-insights@1.17.7_search-insights@2.17.3_algoliasearch@5.15.0": {
      "integrity": "sha512-Jca5Ude6yUOuyzjnz57og7Et3aXjbwCSDf/8onLHSQgw1qW3ALl9mrMWaXb5FmPVkV3EtkD2F/+NkT6VHyPu9A==",
      "dependencies": [
        "@algolia/autocomplete-shared",
        "search-insights"
      ]
    },
    "@algolia/autocomplete-preset-algolia@1.17.7_@algolia+client-search@5.15.0_algoliasearch@5.15.0": {
      "integrity": "sha512-ggOQ950+nwbWROq2MOCIL71RE0DdQZsceqrg32UqnhDz8FlO9rL8ONHNsI2R1MH0tkgVIDKI/D0sMiUchsFdWA==",
      "dependencies": [
        "@algolia/autocomplete-shared",
        "@algolia/client-search",
        "algoliasearch"
      ]
    },
    "@algolia/autocomplete-shared@1.17.7_@algolia+client-search@5.15.0_algoliasearch@5.15.0": {
      "integrity": "sha512-o/1Vurr42U/qskRSuhBH+VKxMvkkUVTLU6WZQr+L5lGZZLYWyhdzWjW0iGXY7EkwRTjBqvN2EsR81yCTGV/kmg==",
      "dependencies": [
        "@algolia/client-search",
        "algoliasearch"
      ]
    },
    "@algolia/client-abtesting@5.15.0": {
      "integrity": "sha512-FaEM40iuiv1mAipYyiptP4EyxkJ8qHfowCpEeusdHUC4C7spATJYArD2rX3AxkVeREkDIgYEOuXcwKUbDCr7Nw==",
      "dependencies": [
        "@algolia/client-common",
        "@algolia/requester-browser-xhr",
        "@algolia/requester-fetch",
        "@algolia/requester-node-http"
      ]
    },
    "@algolia/client-analytics@5.15.0": {
      "integrity": "sha512-lho0gTFsQDIdCwyUKTtMuf9nCLwq9jOGlLGIeQGKDxXF7HbiAysFIu5QW/iQr1LzMgDyM9NH7K98KY+BiIFriQ==",
      "dependencies": [
        "@algolia/client-common",
        "@algolia/requester-browser-xhr",
        "@algolia/requester-fetch",
        "@algolia/requester-node-http"
      ]
    },
    "@algolia/client-common@5.15.0": {
      "integrity": "sha512-IofrVh213VLsDkPoSKMeM9Dshrv28jhDlBDLRcVJQvlL8pzue7PEB1EZ4UoJFYS3NSn7JOcJ/V+olRQzXlJj1w=="
    },
    "@algolia/client-insights@5.15.0": {
      "integrity": "sha512-bDDEQGfFidDi0UQUCbxXOCdphbVAgbVmxvaV75cypBTQkJ+ABx/Npw7LkFGw1FsoVrttlrrQbwjvUB6mLVKs/w==",
      "dependencies": [
        "@algolia/client-common",
        "@algolia/requester-browser-xhr",
        "@algolia/requester-fetch",
        "@algolia/requester-node-http"
      ]
    },
    "@algolia/client-personalization@5.15.0": {
      "integrity": "sha512-LfaZqLUWxdYFq44QrasCDED5bSYOswpQjSiIL7Q5fYlefAAUO95PzBPKCfUhSwhb4rKxigHfDkd81AvEicIEoA==",
      "dependencies": [
        "@algolia/client-common",
        "@algolia/requester-browser-xhr",
        "@algolia/requester-fetch",
        "@algolia/requester-node-http"
      ]
    },
    "@algolia/client-query-suggestions@5.15.0": {
      "integrity": "sha512-wu8GVluiZ5+il8WIRsGKu8VxMK9dAlr225h878GGtpTL6VBvwyJvAyLdZsfFIpY0iN++jiNb31q2C1PlPL+n/A==",
      "dependencies": [
        "@algolia/client-common",
        "@algolia/requester-browser-xhr",
        "@algolia/requester-fetch",
        "@algolia/requester-node-http"
      ]
    },
    "@algolia/client-search@5.15.0": {
      "integrity": "sha512-Z32gEMrRRpEta5UqVQA612sLdoqY3AovvUPClDfMxYrbdDAebmGDVPtSogUba1FZ4pP5dx20D3OV3reogLKsRA==",
      "dependencies": [
        "@algolia/client-common",
        "@algolia/requester-browser-xhr",
        "@algolia/requester-fetch",
        "@algolia/requester-node-http"
      ]
    },
    "@algolia/ingestion@1.15.0": {
      "integrity": "sha512-MkqkAxBQxtQ5if/EX2IPqFA7LothghVyvPoRNA/meS2AW2qkHwcxjuiBxv4H6mnAVEPfJlhu9rkdVz9LgCBgJg==",
      "dependencies": [
        "@algolia/client-common",
        "@algolia/requester-browser-xhr",
        "@algolia/requester-fetch",
        "@algolia/requester-node-http"
      ]
    },
    "@algolia/monitoring@1.15.0": {
      "integrity": "sha512-QPrFnnGLMMdRa8t/4bs7XilPYnoUXDY8PMQJ1sf9ZFwhUysYYhQNX34/enoO0LBjpoOY6rLpha39YQEFbzgKyQ==",
      "dependencies": [
        "@algolia/client-common",
        "@algolia/requester-browser-xhr",
        "@algolia/requester-fetch",
        "@algolia/requester-node-http"
      ]
    },
    "@algolia/recommend@5.15.0": {
      "integrity": "sha512-5eupMwSqMLDObgSMF0XG958zR6GJP3f7jHDQ3/WlzCM9/YIJiWIUoJFGsko9GYsA5xbLDHE/PhWtq4chcCdaGQ==",
      "dependencies": [
        "@algolia/client-common",
        "@algolia/requester-browser-xhr",
        "@algolia/requester-fetch",
        "@algolia/requester-node-http"
      ]
    },
    "@algolia/requester-browser-xhr@5.15.0": {
      "integrity": "sha512-Po/GNib6QKruC3XE+WKP1HwVSfCDaZcXu48kD+gwmtDlqHWKc7Bq9lrS0sNZ456rfCKhXksOmMfUs4wRM/Y96w==",
      "dependencies": [
        "@algolia/client-common"
      ]
    },
    "@algolia/requester-fetch@5.15.0": {
      "integrity": "sha512-rOZ+c0P7ajmccAvpeeNrUmEKoliYFL8aOR5qGW5pFq3oj3Iept7Y5mEtEsOBYsRt6qLnaXn4zUKf+N8nvJpcIw==",
      "dependencies": [
        "@algolia/client-common"
      ]
    },
    "@algolia/requester-node-http@5.15.0": {
      "integrity": "sha512-b1jTpbFf9LnQHEJP5ddDJKE2sAlhYd7EVSOWgzo/27n/SfCoHfqD0VWntnWYD83PnOKvfe8auZ2+xCb0TXotrQ==",
      "dependencies": [
        "@algolia/client-common"
      ]
    },
    "@babel/helper-string-parser@7.25.9": {
      "integrity": "sha512-4A/SCr/2KLd5jrtOMFzaKjVtAei3+2r/NChoBNoZ3EyP/+GlhoaEGoWOZUmFmoITP7zOJyHIMm+DYRd8o3PvHA=="
    },
    "@babel/helper-validator-identifier@7.25.9": {
      "integrity": "sha512-Ed61U6XJc3CVRfkERJWDz4dJwKe7iLmmJsbOGu9wSloNSFttHV0I8g6UAgb7qnK5ly5bGLPd4oXZlxCdANBOWQ=="
    },
    "@babel/parser@7.26.2": {
      "integrity": "sha512-DWMCZH9WA4Maitz2q21SRKHo9QXZxkDsbNZoVD62gusNtNBBqDg9i7uOhASfTfIGNzW+O+r7+jAlM8dwphcJKQ==",
      "dependencies": [
        "@babel/types"
      ]
    },
    "@babel/types@7.26.0": {
      "integrity": "sha512-Z/yiTPj+lDVnF7lWeKCIJzaIkI0vYO87dMpZ4bg4TDrFe4XXLFWL1TbXU27gBP3QccxV9mZICCrnjnYlJjXHOA==",
      "dependencies": [
        "@babel/helper-string-parser",
        "@babel/helper-validator-identifier"
      ]
    },
    "@docsearch/css@3.8.0": {
      "integrity": "sha512-pieeipSOW4sQ0+bE5UFC51AOZp9NGxg89wAlZ1BAQFaiRAGK1IKUaPQ0UGZeNctJXyqZ1UvBtOQh2HH+U5GtmA=="
    },
    "@docsearch/js@3.8.0": {
      "integrity": "sha512-PVuV629f5UcYRtBWqK7ID6vNL5647+2ADJypwTjfeBIrJfwPuHtzLy39hMGMfFK+0xgRyhTR0FZ83EkdEraBlg==",
      "dependencies": [
        "@docsearch/react",
        "preact"
      ]
    },
    "@docsearch/react@3.8.0_algoliasearch@5.15.0": {
      "integrity": "sha512-WnFK720+iwTVt94CxY3u+FgX6exb3BfN5kE9xUY6uuAH/9W/UFboBZFLlrw/zxFRHoHZCOXRtOylsXF+6LHI+Q==",
      "dependencies": [
        "@algolia/autocomplete-core",
        "@algolia/autocomplete-preset-algolia",
        "@docsearch/css",
        "algoliasearch"
      ]
    },
    "@esbuild/aix-ppc64@0.21.5": {
      "integrity": "sha512-1SDgH6ZSPTlggy1yI6+Dbkiz8xzpHJEVAlF/AM1tHPLsf5STom9rwtjE4hKAF20FfXXNTFqEYXyJNWh1GiZedQ=="
    },
    "@esbuild/android-arm64@0.21.5": {
      "integrity": "sha512-c0uX9VAUBQ7dTDCjq+wdyGLowMdtR/GoC2U5IYk/7D1H1JYC0qseD7+11iMP2mRLN9RcCMRcjC4YMclCzGwS/A=="
    },
    "@esbuild/android-arm@0.21.5": {
      "integrity": "sha512-vCPvzSjpPHEi1siZdlvAlsPxXl7WbOVUBBAowWug4rJHb68Ox8KualB+1ocNvT5fjv6wpkX6o/iEpbDrf68zcg=="
    },
    "@esbuild/android-x64@0.21.5": {
      "integrity": "sha512-D7aPRUUNHRBwHxzxRvp856rjUHRFW1SdQATKXH2hqA0kAZb1hKmi02OpYRacl0TxIGz/ZmXWlbZgjwWYaCakTA=="
    },
    "@esbuild/darwin-arm64@0.21.5": {
      "integrity": "sha512-DwqXqZyuk5AiWWf3UfLiRDJ5EDd49zg6O9wclZ7kUMv2WRFr4HKjXp/5t8JZ11QbQfUS6/cRCKGwYhtNAY88kQ=="
    },
    "@esbuild/darwin-x64@0.21.5": {
      "integrity": "sha512-se/JjF8NlmKVG4kNIuyWMV/22ZaerB+qaSi5MdrXtd6R08kvs2qCN4C09miupktDitvh8jRFflwGFBQcxZRjbw=="
    },
    "@esbuild/freebsd-arm64@0.21.5": {
      "integrity": "sha512-5JcRxxRDUJLX8JXp/wcBCy3pENnCgBR9bN6JsY4OmhfUtIHe3ZW0mawA7+RDAcMLrMIZaf03NlQiX9DGyB8h4g=="
    },
    "@esbuild/freebsd-x64@0.21.5": {
      "integrity": "sha512-J95kNBj1zkbMXtHVH29bBriQygMXqoVQOQYA+ISs0/2l3T9/kj42ow2mpqerRBxDJnmkUDCaQT/dfNXWX/ZZCQ=="
    },
    "@esbuild/linux-arm64@0.21.5": {
      "integrity": "sha512-ibKvmyYzKsBeX8d8I7MH/TMfWDXBF3db4qM6sy+7re0YXya+K1cem3on9XgdT2EQGMu4hQyZhan7TeQ8XkGp4Q=="
    },
    "@esbuild/linux-arm@0.21.5": {
      "integrity": "sha512-bPb5AHZtbeNGjCKVZ9UGqGwo8EUu4cLq68E95A53KlxAPRmUyYv2D6F0uUI65XisGOL1hBP5mTronbgo+0bFcA=="
    },
    "@esbuild/linux-ia32@0.21.5": {
      "integrity": "sha512-YvjXDqLRqPDl2dvRODYmmhz4rPeVKYvppfGYKSNGdyZkA01046pLWyRKKI3ax8fbJoK5QbxblURkwK/MWY18Tg=="
    },
    "@esbuild/linux-loong64@0.21.5": {
      "integrity": "sha512-uHf1BmMG8qEvzdrzAqg2SIG/02+4/DHB6a9Kbya0XDvwDEKCoC8ZRWI5JJvNdUjtciBGFQ5PuBlpEOXQj+JQSg=="
    },
    "@esbuild/linux-mips64el@0.21.5": {
      "integrity": "sha512-IajOmO+KJK23bj52dFSNCMsz1QP1DqM6cwLUv3W1QwyxkyIWecfafnI555fvSGqEKwjMXVLokcV5ygHW5b3Jbg=="
    },
    "@esbuild/linux-ppc64@0.21.5": {
      "integrity": "sha512-1hHV/Z4OEfMwpLO8rp7CvlhBDnjsC3CttJXIhBi+5Aj5r+MBvy4egg7wCbe//hSsT+RvDAG7s81tAvpL2XAE4w=="
    },
    "@esbuild/linux-riscv64@0.21.5": {
      "integrity": "sha512-2HdXDMd9GMgTGrPWnJzP2ALSokE/0O5HhTUvWIbD3YdjME8JwvSCnNGBnTThKGEB91OZhzrJ4qIIxk/SBmyDDA=="
    },
    "@esbuild/linux-s390x@0.21.5": {
      "integrity": "sha512-zus5sxzqBJD3eXxwvjN1yQkRepANgxE9lgOW2qLnmr8ikMTphkjgXu1HR01K4FJg8h1kEEDAqDcZQtbrRnB41A=="
    },
    "@esbuild/linux-x64@0.21.5": {
      "integrity": "sha512-1rYdTpyv03iycF1+BhzrzQJCdOuAOtaqHTWJZCWvijKD2N5Xu0TtVC8/+1faWqcP9iBCWOmjmhoH94dH82BxPQ=="
    },
    "@esbuild/netbsd-x64@0.21.5": {
      "integrity": "sha512-Woi2MXzXjMULccIwMnLciyZH4nCIMpWQAs049KEeMvOcNADVxo0UBIQPfSmxB3CWKedngg7sWZdLvLczpe0tLg=="
    },
    "@esbuild/openbsd-x64@0.21.5": {
      "integrity": "sha512-HLNNw99xsvx12lFBUwoT8EVCsSvRNDVxNpjZ7bPn947b8gJPzeHWyNVhFsaerc0n3TsbOINvRP2byTZ5LKezow=="
    },
    "@esbuild/sunos-x64@0.21.5": {
      "integrity": "sha512-6+gjmFpfy0BHU5Tpptkuh8+uw3mnrvgs+dSPQXQOv3ekbordwnzTVEb4qnIvQcYXq6gzkyTnoZ9dZG+D4garKg=="
    },
    "@esbuild/win32-arm64@0.21.5": {
      "integrity": "sha512-Z0gOTd75VvXqyq7nsl93zwahcTROgqvuAcYDUr+vOv8uHhNSKROyU961kgtCD1e95IqPKSQKH7tBTslnS3tA8A=="
    },
    "@esbuild/win32-ia32@0.21.5": {
      "integrity": "sha512-SWXFF1CL2RVNMaVs+BBClwtfZSvDgtL//G/smwAc5oVK/UPu2Gu9tIaRgFmYFFKrmg3SyAjSrElf0TiJ1v8fYA=="
    },
    "@esbuild/win32-x64@0.21.5": {
      "integrity": "sha512-tQd/1efJuzPC6rCFwEvLtci/xNFcTZknmXs98FYDfGE4wP9ClFV98nyKrzJKVPMhdDnjzLhdUyMX4PsQAPjwIw=="
    },
    "@iarna/toml@2.2.5": {
      "integrity": "sha512-trnsAYxU3xnS1gPHPyU961coFyLkh4gAD/0zQ5mymY4yOZ+CYvsPqUbOFSw0aDM4y0tV7tiFxL/1XfXPNC6IPg=="
    },
    "@iconify-json/simple-icons@1.2.13": {
      "integrity": "sha512-rRQjMoIt/kPfaD+fnBC9YZQpso3hkn8xPeadl+YWhscJ5SVUCdB9oTeR9VIpt+/5Yi8vEkh2UOWFPq4lz3ee2A==",
      "dependencies": [
        "@iconify/types"
      ]
    },
    "@iconify/types@2.0.0": {
      "integrity": "sha512-+wluvCrRhXrhyOmRDJ3q8mux9JkKy5SJ/v8ol2tu4FVjyYvtEzkc/3pK15ET6RKg4b4w4BmTk1+gsCUhf21Ykg=="
    },
    "@jridgewell/sourcemap-codec@1.5.0": {
      "integrity": "sha512-gv3ZRaISU3fjPAgNsriBRqGWQL6quFx04YMPW/zD8XMLsU32mhCCbfbO6KZFLjvYpCZ8zyDEgqsgf+PwPaM7GQ=="
    },
    "@rollup/rollup-android-arm-eabi@4.27.4": {
      "integrity": "sha512-2Y3JT6f5MrQkICUyRVCw4oa0sutfAsgaSsb0Lmmy1Wi2y7X5vT9Euqw4gOsCyy0YfKURBg35nhUKZS4mDcfULw=="
    },
    "@rollup/rollup-android-arm64@4.27.4": {
      "integrity": "sha512-wzKRQXISyi9UdCVRqEd0H4cMpzvHYt1f/C3CoIjES6cG++RHKhrBj2+29nPF0IB5kpy9MS71vs07fvrNGAl/iA=="
    },
    "@rollup/rollup-darwin-arm64@4.27.4": {
      "integrity": "sha512-PlNiRQapift4LNS8DPUHuDX/IdXiLjf8mc5vdEmUR0fF/pyy2qWwzdLjB+iZquGr8LuN4LnUoSEvKRwjSVYz3Q=="
    },
    "@rollup/rollup-darwin-x64@4.27.4": {
      "integrity": "sha512-o9bH2dbdgBDJaXWJCDTNDYa171ACUdzpxSZt+u/AAeQ20Nk5x+IhA+zsGmrQtpkLiumRJEYef68gcpn2ooXhSQ=="
    },
    "@rollup/rollup-freebsd-arm64@4.27.4": {
      "integrity": "sha512-NBI2/i2hT9Q+HySSHTBh52da7isru4aAAo6qC3I7QFVsuhxi2gM8t/EI9EVcILiHLj1vfi+VGGPaLOUENn7pmw=="
    },
    "@rollup/rollup-freebsd-x64@4.27.4": {
      "integrity": "sha512-wYcC5ycW2zvqtDYrE7deary2P2UFmSh85PUpAx+dwTCO9uw3sgzD6Gv9n5X4vLaQKsrfTSZZ7Z7uynQozPVvWA=="
    },
    "@rollup/rollup-linux-arm-gnueabihf@4.27.4": {
      "integrity": "sha512-9OwUnK/xKw6DyRlgx8UizeqRFOfi9mf5TYCw1uolDaJSbUmBxP85DE6T4ouCMoN6pXw8ZoTeZCSEfSaYo+/s1w=="
    },
    "@rollup/rollup-linux-arm-musleabihf@4.27.4": {
      "integrity": "sha512-Vgdo4fpuphS9V24WOV+KwkCVJ72u7idTgQaBoLRD0UxBAWTF9GWurJO9YD9yh00BzbkhpeXtm6na+MvJU7Z73A=="
    },
    "@rollup/rollup-linux-arm64-gnu@4.27.4": {
      "integrity": "sha512-pleyNgyd1kkBkw2kOqlBx+0atfIIkkExOTiifoODo6qKDSpnc6WzUY5RhHdmTdIJXBdSnh6JknnYTtmQyobrVg=="
    },
    "@rollup/rollup-linux-arm64-musl@4.27.4": {
      "integrity": "sha512-caluiUXvUuVyCHr5DxL8ohaaFFzPGmgmMvwmqAITMpV/Q+tPoaHZ/PWa3t8B2WyoRcIIuu1hkaW5KkeTDNSnMA=="
    },
    "@rollup/rollup-linux-powerpc64le-gnu@4.27.4": {
      "integrity": "sha512-FScrpHrO60hARyHh7s1zHE97u0KlT/RECzCKAdmI+LEoC1eDh/RDji9JgFqyO+wPDb86Oa/sXkily1+oi4FzJQ=="
    },
    "@rollup/rollup-linux-riscv64-gnu@4.27.4": {
      "integrity": "sha512-qyyprhyGb7+RBfMPeww9FlHwKkCXdKHeGgSqmIXw9VSUtvyFZ6WZRtnxgbuz76FK7LyoN8t/eINRbPUcvXB5fw=="
    },
    "@rollup/rollup-linux-s390x-gnu@4.27.4": {
      "integrity": "sha512-PFz+y2kb6tbh7m3A7nA9++eInGcDVZUACulf/KzDtovvdTizHpZaJty7Gp0lFwSQcrnebHOqxF1MaKZd7psVRg=="
    },
    "@rollup/rollup-linux-x64-gnu@4.27.4": {
      "integrity": "sha512-Ni8mMtfo+o/G7DVtweXXV/Ol2TFf63KYjTtoZ5f078AUgJTmaIJnj4JFU7TK/9SVWTaSJGxPi5zMDgK4w+Ez7Q=="
    },
    "@rollup/rollup-linux-x64-musl@4.27.4": {
      "integrity": "sha512-5AeeAF1PB9TUzD+3cROzFTnAJAcVUGLuR8ng0E0WXGkYhp6RD6L+6szYVX+64Rs0r72019KHZS1ka1q+zU/wUw=="
    },
    "@rollup/rollup-win32-arm64-msvc@4.27.4": {
      "integrity": "sha512-yOpVsA4K5qVwu2CaS3hHxluWIK5HQTjNV4tWjQXluMiiiu4pJj4BN98CvxohNCpcjMeTXk/ZMJBRbgRg8HBB6A=="
    },
    "@rollup/rollup-win32-ia32-msvc@4.27.4": {
      "integrity": "sha512-KtwEJOaHAVJlxV92rNYiG9JQwQAdhBlrjNRp7P9L8Cb4Rer3in+0A+IPhJC9y68WAi9H0sX4AiG2NTsVlmqJeQ=="
    },
    "@rollup/rollup-win32-x64-msvc@4.27.4": {
      "integrity": "sha512-3j4jx1TppORdTAoBJRd+/wJRGCPC0ETWkXOecJ6PPZLj6SptXkrXcNqdj0oclbKML6FkQltdz7bBA3rUSirZug=="
    },
    "@shikijs/core@1.23.1": {
      "integrity": "sha512-NuOVgwcHgVC6jBVH5V7iblziw6iQbWWHrj5IlZI3Fqu2yx9awH7OIQkXIcsHsUmY19ckwSgUMgrqExEyP5A0TA==",
      "dependencies": [
        "@shikijs/engine-javascript",
        "@shikijs/engine-oniguruma",
        "@shikijs/types",
        "@shikijs/vscode-textmate",
        "@types/hast",
        "hast-util-to-html"
      ]
    },
    "@shikijs/engine-javascript@1.23.1": {
      "integrity": "sha512-i/LdEwT5k3FVu07SiApRFwRcSJs5QM9+tod5vYCPig1Ywi8GR30zcujbxGQFJHwYD7A5BUqagi8o5KS+LEVgBg==",
      "dependencies": [
        "@shikijs/types",
        "@shikijs/vscode-textmate",
        "oniguruma-to-es"
      ]
    },
    "@shikijs/engine-oniguruma@1.23.1": {
      "integrity": "sha512-KQ+lgeJJ5m2ISbUZudLR1qHeH3MnSs2mjFg7bnencgs5jDVPeJ2NVDJ3N5ZHbcTsOIh0qIueyAJnwg7lg7kwXQ==",
      "dependencies": [
        "@shikijs/types",
        "@shikijs/vscode-textmate"
      ]
    },
    "@shikijs/transformers@1.23.1": {
      "integrity": "sha512-yQ2Cn0M9i46p30KwbyIzLvKDk+dQNU+lj88RGO0XEj54Hn4Cof1bZoDb9xBRWxFE4R8nmK63w7oHnJwvOtt0NQ==",
      "dependencies": [
        "shiki"
      ]
    },
    "@shikijs/types@1.23.1": {
      "integrity": "sha512-98A5hGyEhzzAgQh2dAeHKrWW4HfCMeoFER2z16p5eJ+vmPeF6lZ/elEne6/UCU551F/WqkopqRsr1l2Yu6+A0g==",
      "dependencies": [
        "@shikijs/vscode-textmate",
        "@types/hast"
      ]
    },
    "@shikijs/vscode-textmate@9.3.0": {
      "integrity": "sha512-jn7/7ky30idSkd/O5yDBfAnVt+JJpepofP/POZ1iMOxK59cOfqIgg/Dj0eFsjOTMw+4ycJN0uhZH/Eb0bs/EUA=="
    },
    "@types/estree@1.0.6": {
      "integrity": "sha512-AYnb1nQyY49te+VRAVgmzfcgjYS91mY5P0TKUDCLEM+gNnA+3T6rWITXRLYCpahpqSQbN5cE+gHpnPyXjHWxcw=="
    },
    "@types/hast@3.0.4": {
      "integrity": "sha512-WPs+bbQw5aCj+x6laNGWLH3wviHtoCv/P3+otBhbOhJgG8qtpdAMlTCxLtsTWA7LH1Oh/bFCHsBn0TPS5m30EQ==",
      "dependencies": [
        "@types/unist"
      ]
    },
    "@types/linkify-it@5.0.0": {
      "integrity": "sha512-sVDA58zAw4eWAffKOaQH5/5j3XeayukzDk+ewSsnv3p4yJEZHCCzMDiZM8e0OUrRvmpGZ85jf4yDHkHsgBNr9Q=="
    },
    "@types/markdown-it@14.1.2": {
      "integrity": "sha512-promo4eFwuiW+TfGxhi+0x3czqTYJkG8qB17ZUJiVF10Xm7NLVRSLUsfRTU/6h1e24VvRnXCx+hG7li58lkzog==",
      "dependencies": [
        "@types/linkify-it",
        "@types/mdurl"
      ]
    },
    "@types/mdast@4.0.4": {
      "integrity": "sha512-kGaNbPh1k7AFzgpud/gMdvIm5xuECykRR+JnWKQno9TAXVa6WIVCGTPvYGekIDL4uwCZQSYbUxNBSb1aUo79oA==",
      "dependencies": [
        "@types/unist"
      ]
    },
    "@types/mdurl@2.0.0": {
      "integrity": "sha512-RGdgjQUZba5p6QEFAVx2OGb8rQDL/cPRG7GiedRzMcJ1tYnUANBncjbSB1NRGwbvjcPeikRABz2nshyPk1bhWg=="
    },
    "@types/node@22.9.3": {
      "integrity": "sha512-F3u1fs/fce3FFk+DAxbxc78DF8x0cY09RRL8GnXLmkJ1jvx3TtPdWoTT5/NiYfI5ASqXBmfqJi9dZ3gxMx4lzw==",
      "dependencies": [
        "undici-types"
      ]
    },
    "@types/unist@3.0.3": {
      "integrity": "sha512-ko/gIFJRv177XgZsZcBwnqJN5x/Gien8qNOn0D5bQU/zAzVf9Zt3BlcUiLqhV9y4ARk0GbT3tnUiPNgnTXzc/Q=="
    },
    "@types/web-bluetooth@0.0.20": {
      "integrity": "sha512-g9gZnnXVq7gM7v3tJCWV/qw7w+KeOlSHAhgF9RytFyifW6AF61hdT2ucrYhPq9hLs5JIryeupHV3qGk95dH9ow=="
    },
    "@ungap/structured-clone@1.2.0": {
      "integrity": "sha512-zuVdFrMJiuCDQUMCzQaD6KL28MjnqqN8XnAqiEq9PNm/hCPTSGfrXCOfwj1ow4LFb/tNymJPwsNbVePc1xFqrQ=="
    },
    "@vitejs/plugin-vue@5.2.0_vite@5.4.11__@types+node@22.9.3_vue@3.5.13_@types+node@22.9.3": {
      "integrity": "sha512-7n7KdUEtx/7Yl7I/WVAMZ1bEb0eVvXF3ummWTeLcs/9gvo9pJhuLdouSXGjdZ/MKD1acf1I272+X0RMua4/R3g==",
      "dependencies": [
        "vite",
        "vue"
      ]
    },
    "@vue/compiler-core@3.5.13": {
      "integrity": "sha512-oOdAkwqUfW1WqpwSYJce06wvt6HljgY3fGeM9NcVA1HaYOij3mZG9Rkysn0OHuyUAGMbEbARIpsG+LPVlBJ5/Q==",
      "dependencies": [
        "@babel/parser",
        "@vue/shared",
        "entities",
        "estree-walker",
        "source-map-js"
      ]
    },
    "@vue/compiler-dom@3.5.13": {
      "integrity": "sha512-ZOJ46sMOKUjO3e94wPdCzQ6P1Lx/vhp2RSvfaab88Ajexs0AHeV0uasYhi99WPaogmBlRHNRuly8xV75cNTMDA==",
      "dependencies": [
        "@vue/compiler-core",
        "@vue/shared"
      ]
    },
    "@vue/compiler-sfc@3.5.13": {
      "integrity": "sha512-6VdaljMpD82w6c2749Zhf5T9u5uLBWKnVue6XWxprDobftnletJ8+oel7sexFfM3qIxNmVE7LSFGTpv6obNyaQ==",
      "dependencies": [
        "@babel/parser",
        "@vue/compiler-core",
        "@vue/compiler-dom",
        "@vue/compiler-ssr",
        "@vue/shared",
        "estree-walker",
        "magic-string",
        "postcss",
        "source-map-js"
      ]
    },
    "@vue/compiler-ssr@3.5.13": {
      "integrity": "sha512-wMH6vrYHxQl/IybKJagqbquvxpWCuVYpoUJfCqFZwa/JY1GdATAQ+TgVtgrwwMZ0D07QhA99rs/EAAWfvG6KpA==",
      "dependencies": [
        "@vue/compiler-dom",
        "@vue/shared"
      ]
    },
    "@vue/devtools-api@7.6.4": {
      "integrity": "sha512-5AaJ5ELBIuevmFMZYYLuOO9HUuY/6OlkOELHE7oeDhy4XD/hSODIzktlsvBOsn+bto3aD0psj36LGzwVu5Ip8w==",
      "dependencies": [
        "@vue/devtools-kit"
      ]
    },
    "@vue/devtools-kit@7.6.4": {
      "integrity": "sha512-Zs86qIXXM9icU0PiGY09PQCle4TI750IPLmAJzW5Kf9n9t5HzSYf6Rz6fyzSwmfMPiR51SUKJh9sXVZu78h2QA==",
      "dependencies": [
        "@vue/devtools-shared",
        "birpc",
        "hookable",
        "mitt",
        "perfect-debounce",
        "speakingurl",
        "superjson"
      ]
    },
    "@vue/devtools-shared@7.6.4": {
      "integrity": "sha512-nD6CUvBEel+y7zpyorjiUocy0nh77DThZJ0k1GRnJeOmY3ATq2fWijEp7wk37gb023Cb0R396uYh5qMSBQ5WFg==",
      "dependencies": [
        "rfdc"
      ]
    },
    "@vue/reactivity@3.5.13": {
      "integrity": "sha512-NaCwtw8o48B9I6L1zl2p41OHo/2Z4wqYGGIK1Khu5T7yxrn+ATOixn/Udn2m+6kZKB/J7cuT9DbWWhRxqixACg==",
      "dependencies": [
        "@vue/shared"
      ]
    },
    "@vue/runtime-core@3.5.13": {
      "integrity": "sha512-Fj4YRQ3Az0WTZw1sFe+QDb0aXCerigEpw418pw1HBUKFtnQHWzwojaukAs2X/c9DQz4MQ4bsXTGlcpGxU/RCIw==",
      "dependencies": [
        "@vue/reactivity",
        "@vue/shared"
      ]
    },
    "@vue/runtime-dom@3.5.13": {
      "integrity": "sha512-dLaj94s93NYLqjLiyFzVs9X6dWhTdAlEAciC3Moq7gzAc13VJUdCnjjRurNM6uTLFATRHexHCTu/Xp3eW6yoog==",
      "dependencies": [
        "@vue/reactivity",
        "@vue/runtime-core",
        "@vue/shared",
        "csstype"
      ]
    },
    "@vue/server-renderer@3.5.13_vue@3.5.13": {
      "integrity": "sha512-wAi4IRJV/2SAW3htkTlB+dHeRmpTiVIK1OGLWV1yeStVSebSQQOwGwIq0D3ZIoBj2C2qpgz5+vX9iEBkTdk5YA==",
      "dependencies": [
        "@vue/compiler-ssr",
        "@vue/shared",
        "vue"
      ]
    },
    "@vue/shared@3.5.13": {
      "integrity": "sha512-/hnE/qP5ZoGpol0a5mDi45bOd7t3tjYJBjsgCsivow7D48cJeV5l05RD82lPqi7gRiphZM37rnhW1l6ZoCNNnQ=="
    },
    "@vueuse/core@11.3.0_vue@3.5.13": {
      "integrity": "sha512-7OC4Rl1f9G8IT6rUfi9JrKiXy4bfmHhZ5x2Ceojy0jnd3mHNEvV4JaRygH362ror6/NZ+Nl+n13LPzGiPN8cKA==",
      "dependencies": [
        "@types/web-bluetooth",
        "@vueuse/metadata",
        "@vueuse/shared",
        "vue-demi"
      ]
    },
    "@vueuse/integrations@11.3.0_focus-trap@7.6.2_vue@3.5.13": {
      "integrity": "sha512-5fzRl0apQWrDezmobchoiGTkGw238VWESxZHazfhP3RM7pDSiyXy18QbfYkILoYNTd23HPAfQTJpkUc5QbkwTw==",
      "dependencies": [
        "@vueuse/core",
        "@vueuse/shared",
        "focus-trap",
        "vue-demi"
      ]
    },
    "@vueuse/metadata@11.3.0": {
      "integrity": "sha512-pwDnDspTqtTo2HwfLw4Rp6yywuuBdYnPYDq+mO38ZYKGebCUQC/nVj/PXSiK9HX5otxLz8Fn7ECPbjiRz2CC3g=="
    },
    "@vueuse/shared@11.3.0_vue@3.5.13": {
      "integrity": "sha512-P8gSSWQeucH5821ek2mn/ciCk+MS/zoRKqdQIM3bHq6p7GXDAJLmnRRKmF5F65sAVJIfzQlwR3aDzwCn10s8hA==",
      "dependencies": [
        "vue-demi"
      ]
    },
    "algoliasearch@5.15.0": {
      "integrity": "sha512-Yf3Swz1s63hjvBVZ/9f2P1Uu48GjmjCN+Esxb6MAONMGtZB1fRX8/S1AhUTtsuTlcGovbYLxpHgc7wEzstDZBw==",
      "dependencies": [
        "@algolia/client-abtesting",
        "@algolia/client-analytics",
        "@algolia/client-common",
        "@algolia/client-insights",
        "@algolia/client-personalization",
        "@algolia/client-query-suggestions",
        "@algolia/client-search",
        "@algolia/ingestion",
        "@algolia/monitoring",
        "@algolia/recommend",
        "@algolia/requester-browser-xhr",
        "@algolia/requester-fetch",
        "@algolia/requester-node-http"
      ]
    },
    "birpc@0.2.19": {
      "integrity": "sha512-5WeXXAvTmitV1RqJFppT5QtUiz2p1mRSYU000Jkft5ZUCLJIk4uQriYNO50HknxKwM6jd8utNc66K1qGIwwWBQ=="
    },
    "ccount@2.0.1": {
      "integrity": "sha512-eyrF0jiFpY+3drT6383f1qhkbGsLSifNAjA61IUjZjmLCWjItY6LB9ft9YhoDgwfmclB2zhu51Lc7+95b8NRAg=="
    },
    "character-entities-html4@2.1.0": {
      "integrity": "sha512-1v7fgQRj6hnSwFpq1Eu0ynr/CDEw0rXo2B61qXrLNdHZmPKgb7fqS1a2JwF0rISo9q77jDI8VMEHoApn8qDoZA=="
    },
    "character-entities-legacy@3.0.0": {
      "integrity": "sha512-RpPp0asT/6ufRm//AJVwpViZbGM/MkjQFxJccQRHmISF/22NBtsHqAWmL+/pmkPWoIUJdWyeVleTl1wydHATVQ=="
    },
    "comma-separated-tokens@2.0.3": {
      "integrity": "sha512-Fu4hJdvzeylCfQPp9SGWidpzrMs7tTrlu6Vb8XGaRGck8QSNZJJp538Wrb60Lax4fPwR64ViY468OIUTbRlGZg=="
    },
    "commander@8.3.0": {
      "integrity": "sha512-OkTL9umf+He2DZkUq8f8J9of7yL6RJKI24dVITBmNfZBmri9zYZQrKkuXiKhyfPSu8tUhnVBB1iKXevvnlR4Ww=="
    },
    "copy-anything@3.0.5": {
      "integrity": "sha512-yCEafptTtb4bk7GLEQoM8KVJpxAfdBJYaXyzQEgQQQgYrZiDp8SJmGKlYza6CYjEDNstAdNdKA3UuoULlEbS6w==",
      "dependencies": [
        "is-what"
      ]
    },
    "csstype@3.1.3": {
      "integrity": "sha512-M1uQkMl8rQK/szD0LNhtqxIPLpimGm8sOBwU7lLnCpSbTyY3yeU1Vc7l4KT5zT4s/yOxHH5O7tIuuLOCnLADRw=="
    },
    "deepmerge@4.3.1": {
      "integrity": "sha512-3sUqbMEc77XqpdNO7FRyRog+eW3ph+GYCbj+rK+uYyRMuwsVy0rMiVtPn+QJlKFvWP/1PYpapqYn0Me2knFn+A=="
    },
    "dequal@2.0.3": {
      "integrity": "sha512-0je+qPKHEMohvfRTCEo3CrPG6cAzAYgmzKyxRiYSSDkS6eGJdyVJm7WaYA5ECaAD9wLB2T4EEeymA5aFVcYXCA=="
    },
    "devlop@1.1.0": {
      "integrity": "sha512-RWmIqhcFf1lRYBvNmr7qTNuyCt/7/ns2jbpp1+PalgE/rDQcBT0fioSMUpJ93irlUhC5hrg4cYqe6U+0ImW0rA==",
      "dependencies": [
        "dequal"
      ]
    },
    "dom-serializer@2.0.0": {
      "integrity": "sha512-wIkAryiqt/nV5EQKqQpo3SToSOV9J0DnbJqwK7Wv/Trc92zIAYZ4FlMu+JPFW1DfGFt81ZTCGgDEabffXeLyJg==",
      "dependencies": [
        "domelementtype",
        "domhandler",
        "entities"
      ]
    },
    "domelementtype@2.3.0": {
      "integrity": "sha512-OLETBj6w0OsagBwdXnPdN0cnMfF9opN69co+7ZrbfPGrdpPVNBUj02spi6B1N7wChLQiPn4CSH/zJvXw56gmHw=="
    },
    "domhandler@5.0.3": {
      "integrity": "sha512-cgwlv/1iFQiFnU96XXgROh8xTeetsnJiDsTc7TYCLFd9+/WNkIqPTxiM/8pSd8VIrhXGTf1Ny1q1hquVqDJB5w==",
      "dependencies": [
        "domelementtype"
      ]
    },
    "domutils@3.2.2": {
      "integrity": "sha512-6kZKyUajlDuqlHKVX1w7gyslj9MPIXzIFiz/rGu35uC1wMi+kMhQwGhl4lt9unC9Vb9INnY9Z3/ZA3+FhASLaw==",
      "dependencies": [
        "dom-serializer",
        "domelementtype",
        "domhandler"
      ]
    },
    "emoji-regex-xs@1.0.0": {
      "integrity": "sha512-LRlerrMYoIDrT6jgpeZ2YYl/L8EulRTt5hQcYjy5AInh7HWXKimpqx68aknBFpGL2+/IcogTcaydJEgaTmOpDg=="
    },
    "entities@4.5.0": {
      "integrity": "sha512-V0hjH4dGPh9Ao5p0MoRY6BVqtwCjhz6vI5LT8AJ55H+4g9/4vbHx1I54fS0XuclLhDHArPQCiMjDxjaL8fPxhw=="
    },
    "esbuild@0.21.5": {
      "integrity": "sha512-mg3OPMV4hXywwpoDxu3Qda5xCKQi+vCTZq8S9J/EpkhB2HzKXq4SNFZE3+NK93JYxc8VMSep+lOUSC/RVKaBqw==",
      "dependencies": [
        "@esbuild/aix-ppc64",
        "@esbuild/android-arm",
        "@esbuild/android-arm64",
        "@esbuild/android-x64",
        "@esbuild/darwin-arm64",
        "@esbuild/darwin-x64",
        "@esbuild/freebsd-arm64",
        "@esbuild/freebsd-x64",
        "@esbuild/linux-arm",
        "@esbuild/linux-arm64",
        "@esbuild/linux-ia32",
        "@esbuild/linux-loong64",
        "@esbuild/linux-mips64el",
        "@esbuild/linux-ppc64",
        "@esbuild/linux-riscv64",
        "@esbuild/linux-s390x",
        "@esbuild/linux-x64",
        "@esbuild/netbsd-x64",
        "@esbuild/openbsd-x64",
        "@esbuild/sunos-x64",
        "@esbuild/win32-arm64",
        "@esbuild/win32-ia32",
        "@esbuild/win32-x64"
      ]
    },
    "escape-string-regexp@4.0.0": {
      "integrity": "sha512-TtpcNJ3XAzx3Gq8sWRzJaVajRs0uVxA2YAkdb1jm2YkPz4G6egUFAyA3n5vtEIZefPk5Wa4UXbKuS5fKkJWdgA=="
    },
    "estree-walker@2.0.2": {
      "integrity": "sha512-Rfkk/Mp/DL7JVje3u18FxFujQlTNR2q6QfMSMB7AvCBx91NGj/ba3kCfza0f6dVDbw7YlRf/nDrn7pQrCCyQ/w=="
    },
    "fast-safe-stringify@2.1.1": {
      "integrity": "sha512-W+KJc2dmILlPplD/H4K9l9LcAHAfPtP6BY84uVLXQ6Evcz9Lcg33Y2z1IVblT6xdY54PXYVHEv+0Wpq8Io6zkA=="
    },
    "filter-obj@5.1.0": {
      "integrity": "sha512-qWeTREPoT7I0bifpPUXtxkZJ1XJzxWtfoWWkdVGqa+eCr3SHW/Ocp89o8vLvbUuQnadybJpjOKu4V+RwO6sGng=="
    },
    "focus-trap@7.6.2": {
      "integrity": "sha512-9FhUxK1hVju2+AiQIDJ5Dd//9R2n2RAfJ0qfhF4IHGHgcoEUTMpbTeG/zbEuwaiYXfuAH6XE0/aCyxDdRM+W5w==",
      "dependencies": [
        "tabbable"
      ]
    },
    "fsevents@2.3.3": {
      "integrity": "sha512-5xoDfX+fL7faATnagmWPpbFtwh/R77WmMMqqHGS65C3vvB0YHrgF+B1YmZ3441tMj5n63k0212XNoJwzlhffQw=="
    },
    "github-slugger@2.0.0": {
      "integrity": "sha512-IaOQ9puYtjrkq7Y0Ygl9KDZnrf/aiUJYUpVf89y8kyaxbRG7Y1SrX/jaumrv81vc61+kiMempujsM3Yw7w5qcw=="
    },
    "hast-util-to-html@9.0.3": {
      "integrity": "sha512-M17uBDzMJ9RPCqLMO92gNNUDuBSq10a25SDBI08iCCxmorf4Yy6sYHK57n9WAbRAAaU+DuR4W6GN9K4DFZesYg==",
      "dependencies": [
        "@types/hast",
        "@types/unist",
        "ccount",
        "comma-separated-tokens",
        "hast-util-whitespace",
        "html-void-elements",
        "mdast-util-to-hast",
        "property-information",
        "space-separated-tokens",
        "stringify-entities",
        "zwitch"
      ]
    },
    "hast-util-whitespace@3.0.0": {
      "integrity": "sha512-88JUN06ipLwsnv+dVn+OIYOvAuvBMy/Qoi6O7mQHxdPXpjy+Cd6xRkWwux7DKO+4sYILtLBRIKgsdpS2gQc7qw==",
      "dependencies": [
        "@types/hast"
      ]
    },
    "he@1.2.0": {
      "integrity": "sha512-F/1DnUGPopORZi0ni+CvrCgHQ5FyEAHRLSApuYWMmrbSwoN2Mn/7k+Gl38gJnR7yyDZk6WLXwiGod1JOWNDKGw=="
    },
    "hookable@5.5.3": {
      "integrity": "sha512-Yc+BQe8SvoXH1643Qez1zqLRmbA5rCL+sSmk6TVos0LWVfNIB7PGncdlId77WzLGSIB5KaWgTaNTs2lNVEI6VQ=="
    },
    "html-void-elements@3.0.0": {
      "integrity": "sha512-bEqo66MRXsUGxWHV5IP0PUiAWwoEjba4VCzg0LjFJBpchPaTfyfCKTG6bc5F8ucKec3q5y6qOdGyYTSBEvhCrg=="
    },
    "htmlparser2@8.0.2": {
      "integrity": "sha512-GYdjWKDkbRLkZ5geuHs5NY1puJ+PXwP7+fHPRz06Eirsb9ugf6d8kkXav6ADhcODhFFPMIXyxkxSuMf3D6NCFA==",
      "dependencies": [
        "domelementtype",
        "domhandler",
        "domutils",
        "entities"
      ]
    },
    "is-plain-obj@4.1.0": {
      "integrity": "sha512-+Pgi+vMuUNkJyExiMBt5IlFoMyKnr5zhJ4Uspz58WOhBF5QoIZkFyNHIbBAtHwzVAgk5RtndVNsDRN61/mmDqg=="
    },
    "is-plain-object@5.0.0": {
      "integrity": "sha512-VRSzKkbMm5jMDoKLbltAkFQ5Qr7VDiTFGXxYFXXowVj387GeGNOCsOH6Msy00SGZ3Fp84b1Naa1psqgcCIEP5Q=="
    },
    "is-what@4.1.16": {
      "integrity": "sha512-ZhMwEosbFJkA0YhFnNDgTM4ZxDRsS6HqTo7qsZM08fehyRYIYa0yHu5R6mgo1n/8MgaPBXiPimPD77baVFYg+A=="
    },
    "katex@0.16.21": {
      "integrity": "sha512-XvqR7FgOHtWupfMiigNzmh+MgUVmDGU2kXZm899ZkPfcuoPuFxyHmXsgATDpFZDAXCI8tvinaVcDo8PIIJSo4A==",
      "dependencies": [
        "commander"
      ]
    },
    "magic-string@0.30.13": {
      "integrity": "sha512-8rYBO+MsWkgjDSOvLomYnzhdwEG51olQ4zL5KXnNJWV5MNmrb4rTZdrtkhxjnD/QyZUqR/Z/XDsUs/4ej2nx0g==",
      "dependencies": [
        "@jridgewell/sourcemap-codec"
      ]
    },
    "mark.js@8.11.1": {
      "integrity": "sha512-1I+1qpDt4idfgLQG+BNWmrqku+7/2bi5nLf4YwF8y8zXvmfiTBY3PV3ZibfrjBueCByROpuBjLLFCajqkgYoLQ=="
    },
    "marked-alert@2.1.2_marked@12.0.2": {
      "integrity": "sha512-EFNRZ08d8L/iEIPLTlQMDjvwIsj03gxWCczYTht6DCiHJIZhMk4NK5gtPY9UqAYb09eV5VGT+jD4lp396E0I+w==",
      "dependencies": [
        "marked"
      ]
    },
    "marked-footnote@1.2.4_marked@12.0.2": {
      "integrity": "sha512-DB2Kl+wFh6YwZd70qABMY6WUkG1UuyqoNTFoDfGyG79Pz24neYtLBkB+45a7o72V7gkfvbC3CGzIYFobxfMT1Q==",
      "dependencies": [
        "marked"
      ]
    },
    "marked-gfm-heading-id@3.2.0_marked@12.0.2": {
      "integrity": "sha512-Xfxpr5lXLDLY10XqzSCA9l2dDaiabQUgtYM9hw8yunyVsB/xYBRpiic6BOiY/EAJw1ik1eWr1ET1HKOAPZBhXg==",
      "dependencies": [
        "github-slugger",
        "marked"
      ]
    },
    "marked@12.0.2": {
      "integrity": "sha512-qXUm7e/YKFoqFPYPa3Ukg9xlI5cyAtGmyEIzMfW//m6kXwCy2Ps9DYf5ioijFKQ8qyuscrHoY04iJGctu2Kg0Q=="
    },
    "mdast-util-to-hast@13.2.0": {
      "integrity": "sha512-QGYKEuUsYT9ykKBCMOEDLsU5JRObWQusAolFMeko/tYPufNkRffBAQjIE+99jbA87xv6FgmjLtwjh9wBWajwAA==",
      "dependencies": [
        "@types/hast",
        "@types/mdast",
        "@ungap/structured-clone",
        "devlop",
        "micromark-util-sanitize-uri",
        "trim-lines",
        "unist-util-position",
        "unist-util-visit",
        "vfile"
      ]
    },
    "micromark-util-character@2.1.1": {
      "integrity": "sha512-wv8tdUTJ3thSFFFJKtpYKOYiGP2+v96Hvk4Tu8KpCAsTMs6yi+nVmGh1syvSCsaxz45J6Jbw+9DD6g97+NV67Q==",
      "dependencies": [
        "micromark-util-symbol",
        "micromark-util-types"
      ]
    },
    "micromark-util-encode@2.0.1": {
      "integrity": "sha512-c3cVx2y4KqUnwopcO9b/SCdo2O67LwJJ/UyqGfbigahfegL9myoEFoDYZgkT7f36T0bLrM9hZTAaAyH+PCAXjw=="
    },
    "micromark-util-sanitize-uri@2.0.1": {
      "integrity": "sha512-9N9IomZ/YuGGZZmQec1MbgxtlgougxTodVwDzzEouPKo3qFWvymFHWcnDi2vzV1ff6kas9ucW+o3yzJK9YB1AQ==",
      "dependencies": [
        "micromark-util-character",
        "micromark-util-encode",
        "micromark-util-symbol"
      ]
    },
    "micromark-util-symbol@2.0.1": {
      "integrity": "sha512-vs5t8Apaud9N28kgCrRUdEed4UJ+wWNvicHLPxCa9ENlYuAY31M0ETy5y1vA33YoNPDFTghEbnh6efaE8h4x0Q=="
    },
    "micromark-util-types@2.0.1": {
      "integrity": "sha512-534m2WhVTddrcKVepwmVEVnUAmtrx9bfIjNoQHRqfnvdaHQiFytEhJoTgpWJvDEXCO5gLTQh3wYC1PgOJA4NSQ=="
    },
    "minisearch@7.1.1": {
      "integrity": "sha512-b3YZEYCEH4EdCAtYP7OlDyx7FdPwNzuNwLQ34SfJpM9dlbBZzeXndGavTrC+VCiRWomL21SWfMc6SCKO/U2ZNw=="
    },
    "mitt@3.0.1": {
      "integrity": "sha512-vKivATfr97l2/QBCYAkXYDbrIWPM2IIKEl7YPhjCvKlG3kE2gm+uBo6nEXK3M5/Ffh/FLpKExzOQ3JJoJGFKBw=="
    },
    "nanoid@3.3.7": {
      "integrity": "sha512-eSRppjcPIatRIMC1U6UngP8XFcz8MQWGQdt1MTBQ7NaAmvXDfvNxbvWV3x2y6CdEUciCSsDHDQZbhYaB8QEo2g=="
    },
    "netlify-redirect-parser@14.4.0": {
      "integrity": "sha512-fFS8fJwYfALCjyVdPxYC7v+/Eb4XjwQK8kJn6ZXYHxMY7VK+dQUZ1+CppiUaJjlrfnixiZPfi8bzPW6rE7MnFQ==",
      "dependencies": [
        "@iarna/toml",
        "fast-safe-stringify",
        "filter-obj",
        "is-plain-obj",
        "path-exists"
      ]
    },
    "oniguruma-to-es@0.4.1": {
      "integrity": "sha512-rNcEohFz095QKGRovP/yqPIKc+nP+Sjs4YTHMv33nMePGKrq/r2eu9Yh4646M5XluGJsUnmwoXuiXE69KDs+fQ==",
      "dependencies": [
        "emoji-regex-xs",
        "regex",
        "regex-recursion"
      ]
    },
    "parse-srcset@1.0.2": {
      "integrity": "sha512-/2qh0lav6CmI15FzA3i/2Bzk2zCgQhGMkvhOhKNcBVQ1ldgpbfiNTVslmooUmWJcADi1f1kIeynbDRVzNlfR6Q=="
    },
    "path-exists@5.0.0": {
      "integrity": "sha512-RjhtfwJOxzcFmNOi6ltcbcu4Iu+FL3zEj83dk4kAS+fVpTxXLO1b38RvJgT/0QwvV/L3aY9TAnyv0EOqW4GoMQ=="
    },
    "perfect-debounce@1.0.0": {
      "integrity": "sha512-xCy9V055GLEqoFaHoC1SoLIaLmWctgCUaBaWxDZ7/Zx4CTyX7cJQLJOok/orfjZAh9kEYpjJa4d0KcJmCbctZA=="
    },
    "picocolors@1.1.1": {
      "integrity": "sha512-xceH2snhtb5M9liqDsmEw56le376mTZkEX/jEb/RxNFyegNul7eNslCXP9FDj/Lcu0X8KEyMceP2ntpaHrDEVA=="
    },
    "postcss@8.4.49": {
      "integrity": "sha512-OCVPnIObs4N29kxTjzLfUryOkvZEq+pf8jTF0lg8E7uETuWHA+v7j3c/xJmiqpX450191LlmZfUKkXxkTry7nA==",
      "dependencies": [
        "nanoid",
        "picocolors",
        "source-map-js"
      ]
    },
    "preact@10.25.0": {
      "integrity": "sha512-6bYnzlLxXV3OSpUxLdaxBmE7PMOu0aR3pG6lryK/0jmvcDFPlcXGQAt5DpK3RITWiDrfYZRI0druyaK/S9kYLg=="
    },
    "prismjs@1.29.0": {
      "integrity": "sha512-Kx/1w86q/epKcmte75LNrEoT+lX8pBpavuAbvJWRXar7Hz8jrtF+e3vY751p0R8H9HdArwaCTNDDzHg/ScJK1Q=="
    },
    "property-information@6.5.0": {
      "integrity": "sha512-PgTgs/BlvHxOu8QuEN7wi5A0OmXaBcHpmCSTehcs6Uuu9IkDIEo13Hy7n898RHfrQ49vKCoGeWZSaAK01nwVig=="
    },
    "regex-recursion@4.2.1": {
      "integrity": "sha512-QHNZyZAeKdndD1G3bKAbBEKOSSK4KOHQrAJ01N1LJeb0SoH4DJIeFhp0uUpETgONifS4+P3sOgoA1dhzgrQvhA==",
      "dependencies": [
        "regex-utilities"
      ]
    },
    "regex-utilities@2.3.0": {
      "integrity": "sha512-8VhliFJAWRaUiVvREIiW2NXXTmHs4vMNnSzuJVhscgmGav3g9VDxLrQndI3dZZVVdp0ZO/5v0xmX516/7M9cng=="
    },
    "regex@5.0.2": {
      "integrity": "sha512-/pczGbKIQgfTMRV0XjABvc5RzLqQmwqxLHdQao2RTXPk+pmTXB2P0IaUHYdYyk412YLwUIkaeMd5T+RzVgTqnQ==",
      "dependencies": [
        "regex-utilities"
      ]
    },
    "rfdc@1.4.1": {
      "integrity": "sha512-q1b3N5QkRUWUl7iyylaaj3kOpIT0N2i9MqIEQXP73GVsN9cw3fdx8X63cEmWhJGi2PPCF23Ijp7ktmd39rawIA=="
    },
    "rollup@4.27.4": {
      "integrity": "sha512-RLKxqHEMjh/RGLsDxAEsaLO3mWgyoU6x9w6n1ikAzet4B3gI2/3yP6PWY2p9QzRTh6MfEIXB3MwsOY0Iv3vNrw==",
      "dependencies": [
        "@rollup/rollup-android-arm-eabi",
        "@rollup/rollup-android-arm64",
        "@rollup/rollup-darwin-arm64",
        "@rollup/rollup-darwin-x64",
        "@rollup/rollup-freebsd-arm64",
        "@rollup/rollup-freebsd-x64",
        "@rollup/rollup-linux-arm-gnueabihf",
        "@rollup/rollup-linux-arm-musleabihf",
        "@rollup/rollup-linux-arm64-gnu",
        "@rollup/rollup-linux-arm64-musl",
        "@rollup/rollup-linux-powerpc64le-gnu",
        "@rollup/rollup-linux-riscv64-gnu",
        "@rollup/rollup-linux-s390x-gnu",
        "@rollup/rollup-linux-x64-gnu",
        "@rollup/rollup-linux-x64-musl",
        "@rollup/rollup-win32-arm64-msvc",
        "@rollup/rollup-win32-ia32-msvc",
        "@rollup/rollup-win32-x64-msvc",
        "@types/estree",
        "fsevents"
      ]
    },
    "sanitize-html@2.14.0": {
      "integrity": "sha512-CafX+IUPxZshXqqRaG9ZClSlfPVjSxI0td7n07hk8QO2oO+9JDnlcL8iM8TWeOXOIBFgIOx6zioTzM53AOMn3g==",
      "dependencies": [
        "deepmerge",
        "escape-string-regexp",
        "htmlparser2",
        "is-plain-object",
        "parse-srcset",
        "postcss"
      ]
    },
    "search-insights@2.17.3": {
      "integrity": "sha512-RQPdCYTa8A68uM2jwxoY842xDhvx3E5LFL1LxvxCNMev4o5mLuokczhzjAgGwUZBAmOKZknArSxLKmXtIi2AxQ=="
    },
    "shiki@1.23.1": {
      "integrity": "sha512-8kxV9TH4pXgdKGxNOkrSMydn1Xf6It8lsle0fiqxf7a1149K1WGtdOu3Zb91T5r1JpvRPxqxU3C2XdZZXQnrig==",
      "dependencies": [
        "@shikijs/core",
        "@shikijs/engine-javascript",
        "@shikijs/engine-oniguruma",
        "@shikijs/types",
        "@shikijs/vscode-textmate",
        "@types/hast"
      ]
    },
    "source-map-js@1.2.1": {
      "integrity": "sha512-UXWMKhLOwVKb728IUtQPXxfYU+usdybtUrK/8uGE8CQMvrhOpwvzDBwj0QhSL7MQc7vIsISBG8VQ8+IDQxpfQA=="
    },
    "space-separated-tokens@2.0.2": {
      "integrity": "sha512-PEGlAwrG8yXGXRjW32fGbg66JAlOAwbObuqVoJpv/mRgoWDQfgH1wDPvtzWyUSNAXBGSk8h755YDbbcEy3SH2Q=="
    },
    "speakingurl@14.0.1": {
      "integrity": "sha512-1POYv7uv2gXoyGFpBCmpDVSNV74IfsWlDW216UPjbWufNf+bSU6GdbDsxdcxtfwb4xlI3yxzOTKClUosxARYrQ=="
    },
    "stringify-entities@4.0.4": {
      "integrity": "sha512-IwfBptatlO+QCJUo19AqvrPNqlVMpW9YEL2LIVY+Rpv2qsjCGxaDLNRgeGsQWJhfItebuJhsGSLjaBbNSQ+ieg==",
      "dependencies": [
        "character-entities-html4",
        "character-entities-legacy"
      ]
    },
    "superjson@2.2.1": {
      "integrity": "sha512-8iGv75BYOa0xRJHK5vRLEjE2H/i4lulTjzpUXic3Eg8akftYjkmQDa8JARQ42rlczXyFR3IeRoeFCc7RxHsYZA==",
      "dependencies": [
        "copy-anything"
      ]
    },
    "tabbable@6.2.0": {
      "integrity": "sha512-Cat63mxsVJlzYvN51JmVXIgNoUokrIaT2zLclCXjRd8boZ0004U4KCs/sToJ75C6sdlByWxpYnb5Boif1VSFew=="
    },
    "trim-lines@3.0.1": {
      "integrity": "sha512-kRj8B+YHZCc9kQYdWfJB2/oUl9rA99qbowYYBtr4ui4mZyAQ2JpvVBd/6U2YloATfqBhBTSMhTpgBHtU0Mf3Rg=="
    },
    "undici-types@6.19.8": {
      "integrity": "sha512-ve2KP6f/JnbPBFyobGHuerC9g1FYGn/F8n1LWTwNxCEzd6IfqTwUQcNXgEtmmQ6DlRrC1hrSrBnCZPokRrDHjw=="
    },
    "unist-util-is@6.0.0": {
      "integrity": "sha512-2qCTHimwdxLfz+YzdGfkqNlH0tLi9xjTnHddPmJwtIG9MGsdbutfTc4P+haPD7l7Cjxf/WZj+we5qfVPvvxfYw==",
      "dependencies": [
        "@types/unist"
      ]
    },
    "unist-util-position@5.0.0": {
      "integrity": "sha512-fucsC7HjXvkB5R3kTCO7kUjRdrS0BJt3M/FPxmHMBOm8JQi2BsHAHFsy27E0EolP8rp0NzXsJ+jNPyDWvOJZPA==",
      "dependencies": [
        "@types/unist"
      ]
    },
    "unist-util-stringify-position@4.0.0": {
      "integrity": "sha512-0ASV06AAoKCDkS2+xw5RXJywruurpbC4JZSm7nr7MOt1ojAzvyyaO+UxZf18j8FCF6kmzCZKcAgN/yu2gm2XgQ==",
      "dependencies": [
        "@types/unist"
      ]
    },
    "unist-util-visit-parents@6.0.1": {
      "integrity": "sha512-L/PqWzfTP9lzzEa6CKs0k2nARxTdZduw3zyh8d2NVBnsyvHjSX4TWse388YrrQKbvI8w20fGjGlhgT96WwKykw==",
      "dependencies": [
        "@types/unist",
        "unist-util-is"
      ]
    },
    "unist-util-visit@5.0.0": {
      "integrity": "sha512-MR04uvD+07cwl/yhVuVWAtw+3GOR/knlL55Nd/wAdblk27GCVt3lqpTivy/tkJcZoNPzTwS1Y+KMojlLDhoTzg==",
      "dependencies": [
        "@types/unist",
        "unist-util-is",
        "unist-util-visit-parents"
      ]
    },
    "vfile-message@4.0.2": {
      "integrity": "sha512-jRDZ1IMLttGj41KcZvlrYAaI3CfqpLpfpf+Mfig13viT6NKvRzWZ+lXz0Y5D60w6uJIBAOGq9mSHf0gktF0duw==",
      "dependencies": [
        "@types/unist",
        "unist-util-stringify-position"
      ]
    },
    "vfile@6.0.3": {
      "integrity": "sha512-KzIbH/9tXat2u30jf+smMwFCsno4wHVdNmzFyL+T/L3UGqqk6JKfVqOFOZEpZSHADH1k40ab6NUIXZq422ov3Q==",
      "dependencies": [
        "@types/unist",
        "vfile-message"
      ]
    },
    "vite@5.4.11_@types+node@22.9.3": {
      "integrity": "sha512-c7jFQRklXua0mTzneGW9QVyxFjUgwcihC4bXEtujIo2ouWCe1Ajt/amn2PCxYnhYfd5k09JX3SB7OYWFKYqj8Q==",
      "dependencies": [
        "@types/node",
        "esbuild",
        "fsevents",
        "postcss",
        "rollup"
      ]
    },
    "vitepress@1.5.0_vite@5.4.11__@types+node@22.9.3_vue@3.5.13_focus-trap@7.6.2_@types+node@22.9.3": {
      "integrity": "sha512-q4Q/G2zjvynvizdB3/bupdYkCJe2umSAMv9Ju4d92E6/NXJ59z70xB0q5p/4lpRyAwflDsbwy1mLV9Q5+nlB+g==",
      "dependencies": [
        "@docsearch/css",
        "@docsearch/js",
        "@iconify-json/simple-icons",
        "@shikijs/core",
        "@shikijs/transformers",
        "@shikijs/types",
        "@types/markdown-it",
        "@vitejs/plugin-vue",
        "@vue/devtools-api",
        "@vue/shared",
        "@vueuse/core",
        "@vueuse/integrations",
        "focus-trap",
        "mark.js",
        "minisearch",
        "shiki",
        "vite",
        "vue"
      ]
    },
    "vue-demi@0.14.10_vue@3.5.13": {
      "integrity": "sha512-nMZBOwuzabUO0nLgIcc6rycZEebF6eeUfaiQx9+WSk8e29IbLvPU9feI6tqW4kTo3hvoYAJkMh8n8D0fuISphg==",
      "dependencies": [
        "vue"
      ]
    },
    "vue@3.5.13": {
      "integrity": "sha512-wmeiSMxkZCSc+PM2w2VRsOYAZC8GdipNFRTsLSfodVqI9mbejKeXEGr8SckuLnrQPGe3oJN5c3K0vpoU9q/wCQ==",
      "dependencies": [
        "@vue/compiler-dom",
        "@vue/compiler-sfc",
        "@vue/runtime-dom",
        "@vue/server-renderer",
        "@vue/shared"
      ]
    },
    "zwitch@2.0.4": {
      "integrity": "sha512-bXE4cR/kVZhKZX/RjPEflHaKVhUVl85noU3v6b8apfQEc1x4A+zBxjZ4lN8LqGd6WZ3dl98pY4o717VFmoPp+A=="
    }
  },
  "workspace": {
    "packageJson": {
      "dependencies": [
        "npm:vitepress@^1.5.0"
      ]
    }
  }
}
