{
  "version": "4",
  "specifiers": {
    "jsr:@std/bytes@^1.0.3": "1.0.4",
    "jsr:@std/streams@^1.0.8": "1.0.8"
  },
  "jsr": {
    "@std/bytes@1.0.4": {
      "integrity": "11a0debe522707c95c7b7ef89b478c13fb1583a7cfb9a85674cd2cc2e3a28abc"
    },
    "@std/streams@1.0.8": {
      "integrity": "b41332d93d2cf6a82fe4ac2153b930adf1a859392931e2a19d9fabfb6f154fb3",
      "dependencies": [
        "jsr:@std/bytes"
      ]
    }
  },
  "workspace": {
    "dependencies": [
      "jsr:@std/streams@^1.0.8"
    ]
  }
}
