{
  "version": "3",
  "packages": {
    "specifiers": {
      "jsr:@deno/gfm": "jsr:@deno/gfm@0.9.0",
      "jsr:@denosaurs/emoji@0.3": "jsr:@denosaurs/emoji@0.3.1",
      "jsr:@std/cli@^1.0.5": "jsr:@std/cli@1.0.5",
      "jsr:@std/encoding@^1.0.4": "jsr:@std/encoding@1.0.4",
      "jsr:@std/fmt@^1.0.2": "jsr:@std/fmt@1.0.2",
      "jsr:@std/http@^1.0.5": "jsr:@std/http@1.0.5",
      "jsr:@std/media-types@^1.0.3": "jsr:@std/media-types@1.0.3",
      "jsr:@std/net@^1.0.2": "jsr:@std/net@1.0.2",
      "jsr:@std/path@^1.0.4": "jsr:@std/path@1.0.4",
      "jsr:@std/streams@^1.0.4": "jsr:@std/streams@1.0.4",
      "npm:github-slugger@^2.0": "npm:github-slugger@2.0.0",
      "npm:he@^1.2": "npm:he@1.2.0",
      "npm:katex@^0.16": "npm:katex@0.16.11",
      "npm:marked-alert@^2.0": "npm:marked-alert@2.0.2_marked@12.0.2",
      "npm:marked-footnote@^1.2": "npm:marked-footnote@1.2.4_marked@12.0.2",
      "npm:marked-gfm-heading-id@^3.1": "npm:marked-gfm-heading-id@3.2.0_marked@12.0.2",
      "npm:marked@^12": "npm:marked@12.0.2",
      "npm:prismjs@1.29.0": "npm:prismjs@1.29.0",
      "npm:prismjs@^1.29": "npm:prismjs@1.29.0",
      "npm:sanitize-html@^2.11": "npm:sanitize-html@2.13.0"
    },
    "jsr": {
      "@deno/gfm@0.9.0": {
        "integrity": "9002dbdb6e382e247509edfeae3afdb9232f5ca98a8210ef186d42084e9ded30",
        "dependencies": [
          "jsr:@denosaurs/emoji@0.3",
          "npm:github-slugger@^2.0",
          "npm:he@^1.2",
          "npm:katex@^0.16",
          "npm:marked-alert@^2.0",
          "npm:marked-footnote@^1.2",
          "npm:marked-gfm-heading-id@^3.1",
          "npm:marked@^12",
          "npm:prismjs@^1.29",
          "npm:sanitize-html@^2.11"
        ]
      },
      "@denosaurs/emoji@0.3.1": {
        "integrity": "b0aed5f55dec99e83da7c9637fe0a36d1d6252b7c99deaaa3fc5dea3fcf3da8b"
      },
      "@std/cli@1.0.5": {
        "integrity": "c93cce26ffd26f617c15a12874e1bfeabc90b1eee86017c9639093734c2bf587"
      },
      "@std/encoding@1.0.4": {
        "integrity": "2266cd516b32369e3dc5695717c96bf88343a1f761d6e6187a02a2bbe2af86ae"
      },
      "@std/fmt@1.0.2": {
        "integrity": "87e9dfcdd3ca7c066e0c3c657c1f987c82888eb8103a3a3baa62684ffeb0f7a7"
      },
      "@std/http@1.0.5": {
        "integrity": "afa1cf4f0c19e224534df3288a84de4fdfffe8a26308dfe3794166e4fafe0f3d",
        "dependencies": [
          "jsr:@std/cli@^1.0.5",
          "jsr:@std/encoding@^1.0.4",
          "jsr:@std/fmt@^1.0.2",
          "jsr:@std/media-types@^1.0.3",
          "jsr:@std/net@^1.0.2",
          "jsr:@std/path@^1.0.4",
          "jsr:@std/streams@^1.0.4"
        ]
      },
      "@std/media-types@1.0.3": {
        "integrity": "b12d30a7852f7578f4d210622df713bbfd1cbdd9b4ec2eaf5c1845ab70bab159"
      },
      "@std/net@1.0.2": {
        "integrity": "520c18ddb7f67d3830a1adfef03a155d496fe9683a9cb63bb823b5afb86484dc"
      },
      "@std/path@1.0.4": {
        "integrity": "48dd5d8389bcfcd619338a01bdf862cb7799933390146a54ae59356a0acc7105"
      },
      "@std/streams@1.0.4": {
        "integrity": "a1a5b01c74ca1d2dcaacfe1d4bbb91392e765946d82a3471bd95539adc6da83a"
      }
    },
    "npm": {
      "commander@8.3.0": {
        "integrity": "sha512-OkTL9umf+He2DZkUq8f8J9of7yL6RJKI24dVITBmNfZBmri9zYZQrKkuXiKhyfPSu8tUhnVBB1iKXevvnlR4Ww==",
        "dependencies": {}
      },
      "deepmerge@4.3.1": {
        "integrity": "sha512-3sUqbMEc77XqpdNO7FRyRog+eW3ph+GYCbj+rK+uYyRMuwsVy0rMiVtPn+QJlKFvWP/1PYpapqYn0Me2knFn+A==",
        "dependencies": {}
      },
      "dom-serializer@2.0.0": {
        "integrity": "sha512-wIkAryiqt/nV5EQKqQpo3SToSOV9J0DnbJqwK7Wv/Trc92zIAYZ4FlMu+JPFW1DfGFt81ZTCGgDEabffXeLyJg==",
        "dependencies": {
          "domelementtype": "domelementtype@2.3.0",
          "domhandler": "domhandler@5.0.3",
          "entities": "entities@4.5.0"
        }
      },
      "domelementtype@2.3.0": {
        "integrity": "sha512-OLETBj6w0OsagBwdXnPdN0cnMfF9opN69co+7ZrbfPGrdpPVNBUj02spi6B1N7wChLQiPn4CSH/zJvXw56gmHw==",
        "dependencies": {}
      },
      "domhandler@5.0.3": {
        "integrity": "sha512-cgwlv/1iFQiFnU96XXgROh8xTeetsnJiDsTc7TYCLFd9+/WNkIqPTxiM/8pSd8VIrhXGTf1Ny1q1hquVqDJB5w==",
        "dependencies": {
          "domelementtype": "domelementtype@2.3.0"
        }
      },
      "domutils@3.1.0": {
        "integrity": "sha512-H78uMmQtI2AhgDJjWeQmHwJJ2bLPD3GMmO7Zja/ZZh84wkm+4ut+IUnUdRa8uCGX88DiVx1j6FRe1XfxEgjEZA==",
        "dependencies": {
          "dom-serializer": "dom-serializer@2.0.0",
          "domelementtype": "domelementtype@2.3.0",
          "domhandler": "domhandler@5.0.3"
        }
      },
      "entities@4.5.0": {
        "integrity": "sha512-V0hjH4dGPh9Ao5p0MoRY6BVqtwCjhz6vI5LT8AJ55H+4g9/4vbHx1I54fS0XuclLhDHArPQCiMjDxjaL8fPxhw==",
        "dependencies": {}
      },
      "escape-string-regexp@4.0.0": {
        "integrity": "sha512-TtpcNJ3XAzx3Gq8sWRzJaVajRs0uVxA2YAkdb1jm2YkPz4G6egUFAyA3n5vtEIZefPk5Wa4UXbKuS5fKkJWdgA==",
        "dependencies": {}
      },
      "github-slugger@2.0.0": {
        "integrity": "sha512-IaOQ9puYtjrkq7Y0Ygl9KDZnrf/aiUJYUpVf89y8kyaxbRG7Y1SrX/jaumrv81vc61+kiMempujsM3Yw7w5qcw==",
        "dependencies": {}
      },
      "he@1.2.0": {
        "integrity": "sha512-F/1DnUGPopORZi0ni+CvrCgHQ5FyEAHRLSApuYWMmrbSwoN2Mn/7k+Gl38gJnR7yyDZk6WLXwiGod1JOWNDKGw==",
        "dependencies": {}
      },
      "htmlparser2@8.0.2": {
        "integrity": "sha512-GYdjWKDkbRLkZ5geuHs5NY1puJ+PXwP7+fHPRz06Eirsb9ugf6d8kkXav6ADhcODhFFPMIXyxkxSuMf3D6NCFA==",
        "dependencies": {
          "domelementtype": "domelementtype@2.3.0",
          "domhandler": "domhandler@5.0.3",
          "domutils": "domutils@3.1.0",
          "entities": "entities@4.5.0"
        }
      },
      "is-plain-object@5.0.0": {
        "integrity": "sha512-VRSzKkbMm5jMDoKLbltAkFQ5Qr7VDiTFGXxYFXXowVj387GeGNOCsOH6Msy00SGZ3Fp84b1Naa1psqgcCIEP5Q==",
        "dependencies": {}
      },
      "katex@0.16.11": {
        "integrity": "sha512-RQrI8rlHY92OLf3rho/Ts8i/XvjgguEjOkO1BEXcU3N8BqPpSzBNwV/G0Ukr+P/l3ivvJUE/Fa/CwbS6HesGNQ==",
        "dependencies": {
          "commander": "commander@8.3.0"
        }
      },
      "marked-alert@2.0.2_marked@12.0.2": {
        "integrity": "sha512-noyAFamoS2+/pI1wU3FgQyZTqtSoHgfeHLAl4jplTlX2x5hx9LeerApKUGxgtlbI7RyuANX/HT6TMPQJ6AzYaA==",
        "dependencies": {
          "marked": "marked@12.0.2"
        }
      },
      "marked-footnote@1.2.4_marked@12.0.2": {
        "integrity": "sha512-DB2Kl+wFh6YwZd70qABMY6WUkG1UuyqoNTFoDfGyG79Pz24neYtLBkB+45a7o72V7gkfvbC3CGzIYFobxfMT1Q==",
        "dependencies": {
          "marked": "marked@12.0.2"
        }
      },
      "marked-gfm-heading-id@3.2.0_marked@12.0.2": {
        "integrity": "sha512-Xfxpr5lXLDLY10XqzSCA9l2dDaiabQUgtYM9hw8yunyVsB/xYBRpiic6BOiY/EAJw1ik1eWr1ET1HKOAPZBhXg==",
        "dependencies": {
          "github-slugger": "github-slugger@2.0.0",
          "marked": "marked@12.0.2"
        }
      },
      "marked@12.0.2": {
        "integrity": "sha512-qXUm7e/YKFoqFPYPa3Ukg9xlI5cyAtGmyEIzMfW//m6kXwCy2Ps9DYf5ioijFKQ8qyuscrHoY04iJGctu2Kg0Q==",
        "dependencies": {}
      },
      "nanoid@3.3.7": {
        "integrity": "sha512-eSRppjcPIatRIMC1U6UngP8XFcz8MQWGQdt1MTBQ7NaAmvXDfvNxbvWV3x2y6CdEUciCSsDHDQZbhYaB8QEo2g==",
        "dependencies": {}
      },
      "parse-srcset@1.0.2": {
        "integrity": "sha512-/2qh0lav6CmI15FzA3i/2Bzk2zCgQhGMkvhOhKNcBVQ1ldgpbfiNTVslmooUmWJcADi1f1kIeynbDRVzNlfR6Q==",
        "dependencies": {}
      },
      "picocolors@1.1.0": {
        "integrity": "sha512-TQ92mBOW0l3LeMeyLV6mzy/kWr8lkd/hp3mTg7wYK7zJhuBStmGMBG0BdeDZS/dZx1IukaX6Bk11zcln25o1Aw==",
        "dependencies": {}
      },
      "postcss@8.4.45": {
        "integrity": "sha512-7KTLTdzdZZYscUc65XmjFiB73vBhBfbPztCYdUNvlaso9PrzjzcmjqBPR0lNGkcVlcO4BjiO5rK/qNz+XAen1Q==",
        "dependencies": {
          "nanoid": "nanoid@3.3.7",
          "picocolors": "picocolors@1.1.0",
          "source-map-js": "source-map-js@1.2.0"
        }
      },
      "prismjs@1.29.0": {
        "integrity": "sha512-Kx/1w86q/epKcmte75LNrEoT+lX8pBpavuAbvJWRXar7Hz8jrtF+e3vY751p0R8H9HdArwaCTNDDzHg/ScJK1Q==",
        "dependencies": {}
      },
      "sanitize-html@2.13.0": {
        "integrity": "sha512-Xff91Z+4Mz5QiNSLdLWwjgBDm5b1RU6xBT0+12rapjiaR7SwfRdjw8f+6Rir2MXKLrDicRFHdb51hGOAxmsUIA==",
        "dependencies": {
          "deepmerge": "deepmerge@4.3.1",
          "escape-string-regexp": "escape-string-regexp@4.0.0",
          "htmlparser2": "htmlparser2@8.0.2",
          "is-plain-object": "is-plain-object@5.0.0",
          "parse-srcset": "parse-srcset@1.0.2",
          "postcss": "postcss@8.4.45"
        }
      },
      "source-map-js@1.2.0": {
        "integrity": "sha512-itJW8lvSA0TXEphiRoawsCksnlf8SyvmFzIhltqAHluXd88pkCd+cXJVHTDwdCr0IzwptSm035IHQktUu1QUMg==",
        "dependencies": {}
      }
    }
  },
  "remote": {},
  "workspace": {
    "dependencies": [
      "jsr:@std/http@^1.0.5"
    ]
  }
}
