{
  "version": "4",
  "specifiers": {
    "jsr:@david/which@~0.4.1": "0.4.1",
    "jsr:@smallweb/ctx@*": "0.1.1",
    "jsr:@std/encoding@^1.0.5": "1.0.5",
    "jsr:@std/fs@^1.0.5": "1.0.5",
    "jsr:@std/path@^1.0.7": "1.0.8",
    "jsr:@std/path@^1.0.8": "1.0.8"
  },
  "jsr": {
    "@david/which@0.4.1": {
      "integrity": "896a682b111f92ab866cc70c5b4afab2f5899d2f9bde31ed00203b9c250f225e"
    },
    "@smallweb/ctx@0.1.1": {
      "integrity": "3776a680756a4f18fc5c0afa43c2b2461b0ac512b9dbdf5f6b62d33747c34b04"
    },
    "@std/encoding@1.0.5": {
      "integrity": "ecf363d4fc25bd85bd915ff6733a7e79b67e0e7806334af15f4645c569fefc04"
    },
    "@std/fs@1.0.5": {
      "integrity": "41806ad6823d0b5f275f9849a2640d87e4ef67c51ee1b8fb02426f55e02fd44e",
      "dependencies": [
        "jsr:@std/path@^1.0.7"
      ]
    },
    "@std/path@1.0.8": {
      "integrity": "548fa456bb6a04d3c1a1e7477986b6cffbce95102d0bb447c67c4ee70e0364be"
    }
  },
  "workspace": {
    "dependencies": [
      "jsr:@david/which@~0.4.1",
      "jsr:@std/encoding@^1.0.5",
      "jsr:@std/fs@^1.0.5",
      "jsr:@std/path@^1.0.8"
    ]
  }
}
