{
  "version": "4",
  "specifiers": {
    "jsr:@std/encoding@1.0.8": "1.0.8",
    "jsr:@std/fs@^1.0.17": "1.0.17",
    "jsr:@std/html@1.0.3": "1.0.3",
    "jsr:@std/http@1.0.12": "1.0.12",
    "jsr:@std/json@^1.0.2": "1.0.2",
    "jsr:@std/jsonc@^1.0.2": "1.0.2",
    "jsr:@std/path@^1.0.9": "1.0.9",
    "npm:hono@4.7.8": "4.7.8"
  },
  "jsr": {
    "@std/encoding@1.0.8": {
      "integrity": "a6c8f3f933ab1bed66244f435d1dc0fd23a888e07195532122ddc3d5f8f0e6b4"
    },
    "@std/fs@1.0.17": {
      "integrity": "1c00c632677c1158988ef7a004cb16137f870aafdb8163b9dce86ec652f3952b",
      "dependencies": [
        "jsr:@std/path"
      ]
    },
    "@std/html@1.0.3": {
      "integrity": "7a0ac35e050431fb49d44e61c8b8aac1ebd55937e0dc9ec6409aa4bab39a7988"
    },
    "@std/http@1.0.12": {
      "integrity": "85246d8bfe9c8e2538518725b158bdc31f616e0869255f4a8d9e3de919cab2aa"
    },
    "@std/json@1.0.2": {
      "integrity": "d9e5497801c15fb679f55a2c01c7794ad7a5dfda4dd1bebab5e409cb5e0d34d4"
    },
    "@std/jsonc@1.0.2": {
      "integrity": "909605dae3af22bd75b1cbda8d64a32cf1fd2cf6efa3f9e224aba6d22c0f44c7",
      "dependencies": [
        "jsr:@std/json"
      ]
    },
    "@std/path@1.0.9": {
      "integrity": "260a49f11edd3db93dd38350bf9cd1b4d1366afa98e81b86167b4e3dd750129e"
    }
  },
  "npm": {
    "hono@4.7.8": {
      "integrity": "sha512-PCibtFdxa7/Ldud9yddl1G81GjYaeMYYTq4ywSaNsYbB1Lug4mwtOMJf2WXykL0pntYwmpRJeOI3NmoDgD+Jxw=="
    }
  },
  "workspace": {
    "dependencies": [
      "jsr:@std/fs@^1.0.17",
      "jsr:@std/jsonc@^1.0.2",
      "jsr:@std/path@^1.0.9"
    ]
  }
}
