{
  "version": "4",
  "specifiers": {
    "jsr:@davidbonnet/astring@1.8.6": "1.8.6",
    "jsr:@std/cli@^1.0.8": "1.0.8",
    "jsr:@std/encoding@^1.0.5": "1.0.5",
    "jsr:@std/fmt@^1.0.3": "1.0.3",
    "jsr:@std/fs@^1.0.7": "1.0.7",
    "jsr:@std/html@1.0.3": "1.0.3",
    "jsr:@std/html@^1.0.3": "1.0.3",
    "jsr:@std/http@1.0.12": "1.0.12",
    "jsr:@std/http@^1.0.12": "1.0.12",
    "jsr:@std/media-types@^1.1.0": "1.1.0",
    "jsr:@std/net@^1.0.4": "1.0.4",
    "jsr:@std/path@1.0.8": "1.0.8",
    "jsr:@std/path@^1.0.8": "1.0.8",
    "jsr:@std/streams@^1.0.8": "1.0.8",
    "jsr:@vento/vento@^1.12.13": "1.12.13",
    "npm:estree-walker@3.0.3": "3.0.3",
    "npm:meriyah@6.0.3": "6.0.3"
  },
  "jsr": {
    "@davidbonnet/astring@1.8.6": {
      "integrity": "98b4914c8863cdf8c0ff83bb5c528caa67a8dca6020ad6234113499f00583e3a"
    },
    "@std/cli@1.0.8": {
      "integrity": "3762d8dc9a373715c08d871c38d45e637b25266f013a1d0bbe560bca409de94e"
    },
    "@std/encoding@1.0.5": {
      "integrity": "ecf363d4fc25bd85bd915ff6733a7e79b67e0e7806334af15f4645c569fefc04"
    },
    "@std/fmt@1.0.3": {
      "integrity": "97765c16aa32245ff4e2204ecf7d8562496a3cb8592340a80e7e554e0bb9149f"
    },
    "@std/fs@1.0.7": {
      "integrity": "95ac7326e0e59089c979706e17bb28db03b5fb41c5a37c9c556788198b0662d6",
      "dependencies": [
        "jsr:@std/path@^1.0.8"
      ]
    },
    "@std/html@1.0.3": {
      "integrity": "7a0ac35e050431fb49d44e61c8b8aac1ebd55937e0dc9ec6409aa4bab39a7988"
    },
    "@std/http@1.0.12": {
      "integrity": "85246d8bfe9c8e2538518725b158bdc31f616e0869255f4a8d9e3de919cab2aa",
      "dependencies": [
        "jsr:@std/cli",
        "jsr:@std/encoding",
        "jsr:@std/fmt",
        "jsr:@std/html@^1.0.3",
        "jsr:@std/media-types",
        "jsr:@std/net",
        "jsr:@std/path@^1.0.8",
        "jsr:@std/streams"
      ]
    },
    "@std/media-types@1.1.0": {
      "integrity": "c9d093f0c05c3512932b330e3cc1fe1d627b301db33a4c2c2185c02471d6eaa4"
    },
    "@std/net@1.0.4": {
      "integrity": "2f403b455ebbccf83d8a027d29c5a9e3a2452fea39bb2da7f2c04af09c8bc852"
    },
    "@std/path@1.0.8": {
      "integrity": "548fa456bb6a04d3c1a1e7477986b6cffbce95102d0bb447c67c4ee70e0364be"
    },
    "@std/streams@1.0.8": {
      "integrity": "b41332d93d2cf6a82fe4ac2153b930adf1a859392931e2a19d9fabfb6f154fb3"
    },
    "@vento/vento@1.12.13": {
      "integrity": "8d81fcf4579859fd94e41133fc438ef7c7242be706715ff81cf4053616ccf971",
      "dependencies": [
        "jsr:@davidbonnet/astring",
        "jsr:@std/html@1.0.3",
        "jsr:@std/path@1.0.8",
        "npm:estree-walker",
        "npm:meriyah"
      ]
    }
  },
  "npm": {
    "@types/estree@1.0.6": {
      "integrity": "sha512-AYnb1nQyY49te+VRAVgmzfcgjYS91mY5P0TKUDCLEM+gNnA+3T6rWITXRLYCpahpqSQbN5cE+gHpnPyXjHWxcw=="
    },
    "estree-walker@3.0.3": {
      "integrity": "sha512-7RUKfXgSMMkzt6ZuXmqapOurLGPPfgj6l9uRZ7lRGolvk0y2yocc35LdcxKC5PQZdn2DMqioAQ2NoWcrTKmm6g==",
      "dependencies": [
        "@types/estree"
      ]
    },
    "meriyah@6.0.3": {
      "integrity": "sha512-NqUbuQIjIH8dxUBPTMHS1kwIHd6n6nF3F7oeLXGWqBkpVP2lZxVHdab5JxbFBisIB4axZ9b/lT4HLJfZxmFK7Q=="
    }
  },
  "workspace": {
    "dependencies": [
      "jsr:@std/fs@^1.0.7",
      "jsr:@std/http@^1.0.12",
      "jsr:@vento/vento@^1.12.13"
    ]
  }
}
