{
  "version": "4",
  "specifiers": {
    "jsr:@pomdtr/lastlogin@0.2.0": "0.2.0",
    "jsr:@std/http@^1.0.9": "1.0.9",
    "jsr:@std/path@^1.0.8": "1.0.8",
    "npm:hono-zod-openapi@~0.4.1": "0.4.1_hono@4.6.8_zod@3.23.8",
    "npm:hono@^4.6.8": "4.6.8",
    "npm:lowdb@^7.0.1": "7.0.1",
    "npm:zod@^3.23.8": "3.23.8"
  },
  "jsr": {
    "@pomdtr/lastlogin@0.2.0": {
      "integrity": "fdb6e7bd78213cd3bdf4d2c6da2a30f3942aa43e5b1dcf8159790a518e60b54d",
      "dependencies": [
        "jsr:@std/http",
        "npm:lowdb"
      ]
    },
    "@std/http@1.0.9": {
      "integrity": "d409fc319a5e8d4a154e576c758752e9700282d74f31357a12fec6420f9ecb6c"
    },
    "@std/path@1.0.8": {
      "integrity": "548fa456bb6a04d3c1a1e7477986b6cffbce95102d0bb447c67c4ee70e0364be"
    }
  },
  "npm": {
    "@hono/zod-validator@0.4.1_hono@4.6.8_zod@3.23.8": {
      "integrity": "sha512-I8LyfeJfvVmC5hPjZ2Iij7RjexlgSBT7QJudZ4JvNPLxn0JQ3sqclz2zydlwISAnw21D2n4LQ0nfZdoiv9fQQA==",
      "dependencies": [
        "hono",
        "zod"
      ]
    },
    "hono-zod-openapi@0.4.1_hono@4.6.8_zod@3.23.8": {
      "integrity": "sha512-XhF+HL4lI4Z0SkiynXEfpKVhv6hUQYdTgvvFmLNsbMEshQMfjWMX8sKyYTrW0OQmiQatpBZaenKUYfnuSdkjyw==",
      "dependencies": [
        "@hono/zod-validator",
        "hono",
        "zod",
        "zod-openapi"
      ]
    },
    "hono@4.6.8": {
      "integrity": "sha512-f+2Ec9JAzabT61pglDiLJcF/DjiSefZkjCn9bzm1cYLGkD5ExJ3Jnv93ax9h0bn7UPLHF81KktoyjdQfWI2n1Q=="
    },
    "lowdb@7.0.1": {
      "integrity": "sha512-neJAj8GwF0e8EpycYIDFqEPcx9Qz4GUho20jWFR7YiFeXzF1YMLdxB36PypcTSPMA+4+LvgyMacYhlr18Zlymw==",
      "dependencies": [
        "steno"
      ]
    },
    "steno@4.0.2": {
      "integrity": "sha512-yhPIQXjrlt1xv7dyPQg2P17URmXbuM5pdGkpiMB3RenprfiBlvK415Lctfe0eshk90oA7/tNq7WEiMK8RSP39A=="
    },
    "zod-openapi@3.3.0_zod@3.23.8": {
      "integrity": "sha512-9CouRzPrmKU4Rggb8dPgVrNq6SZTUjdMO+6TvpE2ylkDYlap/Agjce2LZwG4ZwEVEVyZ1s5KnkiL4hn//G3gIA==",
      "dependencies": [
        "zod"
      ]
    },
    "zod@3.23.8": {
      "integrity": "sha512-XBx9AXhXktjUqnepgTiE5flcKIYWi/rme0Eaj+5Y0lftuGBq+jyRu/md4WnuxqgP1ubdpNCsYEYPxrzVHD8d6g=="
    }
  },
  "workspace": {
    "dependencies": [
      "jsr:@std/path@^1.0.8",
      "npm:hono-zod-openapi@~0.4.1",
      "npm:hono@^4.6.8",
      "npm:zod@^3.23.8"
    ]
  }
}
