{
  "version": "4",
  "specifiers": {
    "jsr:@cliffy/command@1.0.0-rc.7": "1.0.0-rc.7",
    "jsr:@cliffy/flags@1.0.0-rc.7": "1.0.0-rc.7",
    "jsr:@cliffy/internal@1.0.0-rc.7": "1.0.0-rc.7",
    "jsr:@cliffy/table@1.0.0-rc.7": "1.0.0-rc.7",
    "jsr:@pomdtr/bearer-auth@0.1.0": "0.1.0",
    "jsr:@pomdtr/lastlogin@0.2.0": "0.2.0",
    "jsr:@std/fmt@~1.0.2": "1.0.3",
    "jsr:@std/http@^1.0.9": "1.0.9",
    "jsr:@std/path@^1.0.8": "1.0.8",
    "jsr:@std/text@~1.0.7": "1.0.8",
    "npm:hono-zod-openapi@~0.4.1": "0.4.1_hono@4.6.8_zod@3.23.8",
    "npm:hono@^4.6.8": "4.6.8",
    "npm:lowdb@^7.0.1": "7.0.1",
    "npm:zod-openapi@4": "4.0.0_zod@3.23.8",
    "npm:zod@^3.23.8": "3.23.8"
  },
  "jsr": {
    "@cliffy/command@1.0.0-rc.7": {
      "integrity": "1288808d7a3cd18b86c24c2f920e47a6d954b7e23cadc35c8cbd78f8be41f0cd",
      "dependencies": [
        "jsr:@cliffy/flags",
        "jsr:@cliffy/internal",
        "jsr:@cliffy/table",
        "jsr:@std/fmt",
        "jsr:@std/text"
      ]
    },
    "@cliffy/flags@1.0.0-rc.7": {
      "integrity": "318d9be98f6a6417b108e03dec427dea96cdd41a15beb21d2554ae6da450a781",
      "dependencies": [
        "jsr:@std/text"
      ]
    },
    "@cliffy/internal@1.0.0-rc.7": {
      "integrity": "10412636ab3e67517d448be9eaab1b70c88eba9be22617b5d146257a11cc9b17"
    },
    "@cliffy/table@1.0.0-rc.7": {
      "integrity": "9fdd9776eda28a0b397981c400eeb1aa36da2371b43eefe12e6ff555290e3180",
      "dependencies": [
        "jsr:@std/fmt"
      ]
    },
    "@pomdtr/bearer-auth@0.1.0": {
      "integrity": "eacd5b9f7b653689d1382de7ee6bbdc569439a1b6950e38d2432e6cebe37756d"
    },
    "@pomdtr/lastlogin@0.2.0": {
      "integrity": "fdb6e7bd78213cd3bdf4d2c6da2a30f3942aa43e5b1dcf8159790a518e60b54d",
      "dependencies": [
        "jsr:@std/http",
        "npm:lowdb"
      ]
    },
    "@std/fmt@1.0.3": {
      "integrity": "97765c16aa32245ff4e2204ecf7d8562496a3cb8592340a80e7e554e0bb9149f"
    },
    "@std/http@1.0.9": {
      "integrity": "d409fc319a5e8d4a154e576c758752e9700282d74f31357a12fec6420f9ecb6c"
    },
    "@std/path@1.0.8": {
      "integrity": "548fa456bb6a04d3c1a1e7477986b6cffbce95102d0bb447c67c4ee70e0364be"
    },
    "@std/text@1.0.8": {
      "integrity": "40ba34caa095f393e78796e5eda37b8b4e2cc6cfd6f51f34658ad7487b1451e4"
    }
  },
  "npm": {
    "@hono/zod-validator@0.4.1_hono@4.6.8_zod@3.23.8": {
      "integrity": "sha512-I8LyfeJfvVmC5hPjZ2Iij7RjexlgSBT7QJudZ4JvNPLxn0JQ3sqclz2zydlwISAnw21D2n4LQ0nfZdoiv9fQQA==",
      "dependencies": [
        "hono",
        "zod"
      ]
    },
    "hono-zod-openapi@0.4.1_hono@4.6.8_zod@3.23.8": {
      "integrity": "sha512-XhF+HL4lI4Z0SkiynXEfpKVhv6hUQYdTgvvFmLNsbMEshQMfjWMX8sKyYTrW0OQmiQatpBZaenKUYfnuSdkjyw==",
      "dependencies": [
        "@hono/zod-validator",
        "hono",
        "zod",
        "zod-openapi@3.3.0_zod@3.23.8"
      ]
    },
    "hono@4.6.8": {
      "integrity": "sha512-f+2Ec9JAzabT61pglDiLJcF/DjiSefZkjCn9bzm1cYLGkD5ExJ3Jnv93ax9h0bn7UPLHF81KktoyjdQfWI2n1Q=="
    },
    "lowdb@7.0.1": {
      "integrity": "sha512-neJAj8GwF0e8EpycYIDFqEPcx9Qz4GUho20jWFR7YiFeXzF1YMLdxB36PypcTSPMA+4+LvgyMacYhlr18Zlymw==",
      "dependencies": [
        "steno"
      ]
    },
    "steno@4.0.2": {
      "integrity": "sha512-yhPIQXjrlt1xv7dyPQg2P17URmXbuM5pdGkpiMB3RenprfiBlvK415Lctfe0eshk90oA7/tNq7WEiMK8RSP39A=="
    },
    "zod-openapi@3.3.0_zod@3.23.8": {
      "integrity": "sha512-9CouRzPrmKU4Rggb8dPgVrNq6SZTUjdMO+6TvpE2ylkDYlap/Agjce2LZwG4ZwEVEVyZ1s5KnkiL4hn//G3gIA==",
      "dependencies": [
        "zod"
      ]
    },
    "zod-openapi@4.0.0_zod@3.23.8": {
      "integrity": "sha512-X/YT3VTYMon10rdTGApBIMPpSm17l/sxyVz3cao9M6ynv348ctYi62TDwdnDO+Po1YxA0KiguIW1gIGVRRGqvA==",
      "dependencies": [
        "zod"
      ]
    },
    "zod@3.23.8": {
      "integrity": "sha512-XBx9AXhXktjUqnepgTiE5flcKIYWi/rme0Eaj+5Y0lftuGBq+jyRu/md4WnuxqgP1ubdpNCsYEYPxrzVHD8d6g=="
    }
  },
  "workspace": {
    "dependencies": [
      "jsr:@cliffy/command@1.0.0-rc.7",
      "jsr:@std/path@^1.0.8",
      "npm:hono-zod-openapi@~0.4.1",
      "npm:hono@^4.6.8",
      "npm:zod-openapi@4",
      "npm:zod@^3.23.8"
    ]
  }
}
